// !$*UTF8*$!
{
	archiveVersion = 1;
	classes = {
	};
	objectVersion = 45;
	objects = {

/* Begin PBXBuildFile section */
		1D3623260D0F684500981E51 /* ganeshAppDelegate.m in Sources */ = {isa = PBXBuildFile; fileRef = 1D3623250D0F684500981E51 /* ganeshAppDelegate.m */; };
		1D60589B0D05DD56006BFB54 /* main.m in Sources */ = {isa = PBXBuildFile; fileRef = 29B97316FDCFA39411CA2CEA /* main.m */; };
		1D60589F0D05DD5A006BFB54 /* Foundation.framework in Frameworks */ = {isa = PBXBuildFile; fileRef = 1D30AB110D05D00D00671497 /* Foundation.framework */; };
		1DF5F4E00D08C38300B7A737 /* UIKit.framework in Frameworks */ = {isa = PBXBuildFile; fileRef = 1DF5F4DF0D08C38300B7A737 /* UIKit.framework */; };
		288765FD0DF74451002DB57D /* CoreGraphics.framework in Frameworks */ = {isa = PBXBuildFile; fileRef = 288765FC0DF74451002DB57D /* CoreGraphics.framework */; };
		4D3F51341205D92800CE67DA /* QuartzCore.framework in Frameworks */ = {isa = PBXBuildFile; fileRef = 4D3F51331205D92800CE67DA /* QuartzCore.framework */; };
		4D3F513C1205D94300CE67DA /* ProtonetDataSource.m in Sources */ = {isa = PBXBuildFile; fileRef = 4D3F513A1205D94300CE67DA /* ProtonetDataSource.m */; };
		4D3F51591205DBE600CE67DA /* ChannelsController.m in Sources */ = {isa = PBXBuildFile; fileRef = 4D3F51581205DBE600CE67DA /* ChannelsController.m */; };
		4D3F516C1205E03C00CE67DA /* Messages.m in Sources */ = {isa = PBXBuildFile; fileRef = 4D3F516B1205E03C00CE67DA /* Messages.m */; };
		4D3F51781205E0C400CE67DA /* Tweet.m in Sources */ = {isa = PBXBuildFile; fileRef = 4D3F51771205E0C400CE67DA /* Tweet.m */; };
		4D3F51811205E12E00CE67DA /* GTMNSString+HTML.m in Sources */ = {isa = PBXBuildFile; fileRef = 4D3F51801205E12E00CE67DA /* GTMNSString+HTML.m */; };
		4D3F51921205E1B900CE67DA /* NSObject+SBJSON.m in Sources */ = {isa = PBXBuildFile; fileRef = 4D3F51871205E1B900CE67DA /* NSObject+SBJSON.m */; };
		4D3F51931205E1B900CE67DA /* NSString+SBJSON.m in Sources */ = {isa = PBXBuildFile; fileRef = 4D3F51891205E1B900CE67DA /* NSString+SBJSON.m */; };
		4D3F51941205E1B900CE67DA /* SBJSON.m in Sources */ = {isa = PBXBuildFile; fileRef = 4D3F518B1205E1B900CE67DA /* SBJSON.m */; };
		4D3F51951205E1B900CE67DA /* SBJsonBase.m in Sources */ = {isa = PBXBuildFile; fileRef = 4D3F518D1205E1B900CE67DA /* SBJsonBase.m */; };
		4D3F51961205E1B900CE67DA /* SBJsonParser.m in Sources */ = {isa = PBXBuildFile; fileRef = 4D3F518F1205E1B900CE67DA /* SBJsonParser.m */; };
		4D3F51971205E1B900CE67DA /* SBJsonWriter.m in Sources */ = {isa = PBXBuildFile; fileRef = 4D3F51911205E1B900CE67DA /* SBJsonWriter.m */; };
		4D3F51BB1205E41200CE67DA /* Socket.m in Sources */ = {isa = PBXBuildFile; fileRef = 4D3F51BA1205E41200CE67DA /* Socket.m */; };
		4D3F51C11205E42F00CE67DA /* Reachability.m in Sources */ = {isa = PBXBuildFile; fileRef = 4D3F51C01205E42E00CE67DA /* Reachability.m */; };
		4D3F51C71205E44100CE67DA /* M3EncapsulatedURLConnection.m in Sources */ = {isa = PBXBuildFile; fileRef = 4D3F51C61205E44100CE67DA /* M3EncapsulatedURLConnection.m */; };
		4D3F51D71205E4EB00CE67DA /* NSString_urlEncode.m in Sources */ = {isa = PBXBuildFile; fileRef = 4D3F51D61205E4EB00CE67DA /* NSString_urlEncode.m */; };
		4D3F51DE1205E53900CE67DA /* AsyncSocket.m in Sources */ = {isa = PBXBuildFile; fileRef = 4D3F51DD1205E53900CE67DA /* AsyncSocket.m */; };
		4D3F51E61205E5B500CE67DA /* SystemConfiguration.framework in Frameworks */ = {isa = PBXBuildFile; fileRef = 4D3F51E51205E5B500CE67DA /* SystemConfiguration.framework */; };
		4D3F51EA1205E5CC00CE67DA /* CFNetwork.framework in Frameworks */ = {isa = PBXBuildFile; fileRef = 4D3F51E91205E5CC00CE67DA /* CFNetwork.framework */; };
		4D63D04E120710BB00EE317C /* Settings.bundle in Resources */ = {isa = PBXBuildFile; fileRef = 4D63D04D120710BB00EE317C /* Settings.bundle */; };
		4D63D1CB12081BDE00EE317C /* Three20.bundle in Resources */ = {isa = PBXBuildFile; fileRef = 4D63D1CA12081BDE00EE317C /* Three20.bundle */; };
		4D957D7512083D9000731343 /* AudioToolbox.framework in Frameworks */ = {isa = PBXBuildFile; fileRef = 4D957D7412083D9000731343 /* AudioToolbox.framework */; };
		4DA6FF8711FF4BDA0095C41E /* GaneshFeedViewController.m in Sources */ = {isa = PBXBuildFile; fileRef = 4DA6FF8611FF4BDA0095C41E /* GaneshFeedViewController.m */; };
		4DA6FFA011FF4CEA0095C41E /* Atlas.m in Sources */ = {isa = PBXBuildFile; fileRef = 4DA6FF9F11FF4CEA0095C41E /* Atlas.m */; };
		4DA6FFA511FF4D130095C41E /* libThree20.a in Frameworks */ = {isa = PBXBuildFile; fileRef = 4DA6FEB011FF46880095C41E /* libThree20.a */; };
/* End PBXBuildFile section */

/* Begin PBXContainerItemProxy section */
		4DA6FEAF11FF46880095C41E /* PBXContainerItemProxy */ = {
			isa = PBXContainerItemProxy;
			containerPortal = 4DA6FEA711FF46880095C41E /* Three20.xcodeproj */;
			proxyType = 2;
			remoteGlobalIDString = BEF31F3A0F352DF5000DE5D2;
			remoteInfo = Three20;
		};
		4DA6FEB111FF46880095C41E /* PBXContainerItemProxy */ = {
			isa = PBXContainerItemProxy;
			containerPortal = 4DA6FEA711FF46880095C41E /* Three20.xcodeproj */;
			proxyType = 2;
			remoteGlobalIDString = EB9E6C6210B6A8F800DE563C;
			remoteInfo = UnitTests;
		};
		4DA6FEB611FF469A0095C41E /* PBXContainerItemProxy */ = {
			isa = PBXContainerItemProxy;
			containerPortal = 4DA6FEA711FF46880095C41E /* Three20.xcodeproj */;
			proxyType = 1;
			remoteGlobalIDString = BEF31F390F352DF5000DE5D2;
			remoteInfo = Three20;
		};
/* End PBXContainerItemProxy section */

/* Begin PBXFileReference section */
		1D30AB110D05D00D00671497 /* Foundation.framework */ = {isa = PBXFileReference; lastKnownFileType = wrapper.framework; name = Foundation.framework; path = System/Library/Frameworks/Foundation.framework; sourceTree = SDKROOT; };
		1D3623240D0F684500981E51 /* ganeshAppDelegate.h */ = {isa = PBXFileReference; fileEncoding = 4; lastKnownFileType = sourcecode.c.h; path = ganeshAppDelegate.h; sourceTree = "<group>"; };
		1D3623250D0F684500981E51 /* ganeshAppDelegate.m */ = {isa = PBXFileReference; fileEncoding = 4; lastKnownFileType = sourcecode.c.objc; path = ganeshAppDelegate.m; sourceTree = "<group>"; };
		1D6058910D05DD3D006BFB54 /* ganesh.app */ = {isa = PBXFileReference; explicitFileType = wrapper.application; includeInIndex = 0; path = ganesh.app; sourceTree = BUILT_PRODUCTS_DIR; };
		1DF5F4DF0D08C38300B7A737 /* UIKit.framework */ = {isa = PBXFileReference; lastKnownFileType = wrapper.framework; name = UIKit.framework; path = System/Library/Frameworks/UIKit.framework; sourceTree = SDKROOT; };
		288765FC0DF74451002DB57D /* CoreGraphics.framework */ = {isa = PBXFileReference; lastKnownFileType = wrapper.framework; name = CoreGraphics.framework; path = System/Library/Frameworks/CoreGraphics.framework; sourceTree = SDKROOT; };
		29B97316FDCFA39411CA2CEA /* main.m */ = {isa = PBXFileReference; fileEncoding = 4; lastKnownFileType = sourcecode.c.objc; path = main.m; sourceTree = "<group>"; };
		32CA4F630368D1EE00C91783 /* ganesh_Prefix.pch */ = {isa = PBXFileReference; fileEncoding = 4; lastKnownFileType = sourcecode.c.h; path = ganesh_Prefix.pch; sourceTree = "<group>"; };
		4D3F51331205D92800CE67DA /* QuartzCore.framework */ = {isa = PBXFileReference; lastKnownFileType = wrapper.framework; name = QuartzCore.framework; path = System/Library/Frameworks/QuartzCore.framework; sourceTree = SDKROOT; };
		4D3F51391205D94300CE67DA /* ProtonetDataSource.h */ = {isa = PBXFileReference; fileEncoding = 4; lastKnownFileType = sourcecode.c.h; path = ProtonetDataSource.h; sourceTree = "<group>"; };
		4D3F513A1205D94300CE67DA /* ProtonetDataSource.m */ = {isa = PBXFileReference; fileEncoding = 4; lastKnownFileType = sourcecode.c.objc; path = ProtonetDataSource.m; sourceTree = "<group>"; };
		4D3F51571205DBE600CE67DA /* ChannelsController.h */ = {isa = PBXFileReference; fileEncoding = 4; lastKnownFileType = sourcecode.c.h; path = ChannelsController.h; sourceTree = "<group>"; };
		4D3F51581205DBE600CE67DA /* ChannelsController.m */ = {isa = PBXFileReference; fileEncoding = 4; lastKnownFileType = sourcecode.c.objc; path = ChannelsController.m; sourceTree = "<group>"; };
		4D3F516A1205E03C00CE67DA /* Messages.h */ = {isa = PBXFileReference; fileEncoding = 4; lastKnownFileType = sourcecode.c.h; path = Messages.h; sourceTree = "<group>"; };
		4D3F516B1205E03C00CE67DA /* Messages.m */ = {isa = PBXFileReference; fileEncoding = 4; lastKnownFileType = sourcecode.c.objc; path = Messages.m; sourceTree = "<group>"; };
		4D3F51761205E0C400CE67DA /* Tweet.h */ = {isa = PBXFileReference; fileEncoding = 4; lastKnownFileType = sourcecode.c.h; path = Tweet.h; sourceTree = "<group>"; };
		4D3F51771205E0C400CE67DA /* Tweet.m */ = {isa = PBXFileReference; fileEncoding = 4; lastKnownFileType = sourcecode.c.objc; path = Tweet.m; sourceTree = "<group>"; };
		4D3F517E1205E12E00CE67DA /* GTMDefines.h */ = {isa = PBXFileReference; fileEncoding = 4; lastKnownFileType = sourcecode.c.h; path = GTMDefines.h; sourceTree = "<group>"; };
		4D3F517F1205E12E00CE67DA /* GTMNSString+HTML.h */ = {isa = PBXFileReference; fileEncoding = 4; lastKnownFileType = sourcecode.c.h; path = "GTMNSString+HTML.h"; sourceTree = "<group>"; };
		4D3F51801205E12E00CE67DA /* GTMNSString+HTML.m */ = {isa = PBXFileReference; fileEncoding = 4; lastKnownFileType = sourcecode.c.objc; path = "GTMNSString+HTML.m"; sourceTree = "<group>"; };
		4D3F51851205E1B900CE67DA /* JSON.h */ = {isa = PBXFileReference; fileEncoding = 4; lastKnownFileType = sourcecode.c.h; path = JSON.h; sourceTree = "<group>"; };
		4D3F51861205E1B900CE67DA /* NSObject+SBJSON.h */ = {isa = PBXFileReference; fileEncoding = 4; lastKnownFileType = sourcecode.c.h; path = "NSObject+SBJSON.h"; sourceTree = "<group>"; };
		4D3F51871205E1B900CE67DA /* NSObject+SBJSON.m */ = {isa = PBXFileReference; fileEncoding = 4; lastKnownFileType = sourcecode.c.objc; path = "NSObject+SBJSON.m"; sourceTree = "<group>"; };
		4D3F51881205E1B900CE67DA /* NSString+SBJSON.h */ = {isa = PBXFileReference; fileEncoding = 4; lastKnownFileType = sourcecode.c.h; path = "NSString+SBJSON.h"; sourceTree = "<group>"; };
		4D3F51891205E1B900CE67DA /* NSString+SBJSON.m */ = {isa = PBXFileReference; fileEncoding = 4; lastKnownFileType = sourcecode.c.objc; path = "NSString+SBJSON.m"; sourceTree = "<group>"; };
		4D3F518A1205E1B900CE67DA /* SBJSON.h */ = {isa = PBXFileReference; fileEncoding = 4; lastKnownFileType = sourcecode.c.h; path = SBJSON.h; sourceTree = "<group>"; };
		4D3F518B1205E1B900CE67DA /* SBJSON.m */ = {isa = PBXFileReference; fileEncoding = 4; lastKnownFileType = sourcecode.c.objc; path = SBJSON.m; sourceTree = "<group>"; };
		4D3F518C1205E1B900CE67DA /* SBJsonBase.h */ = {isa = PBXFileReference; fileEncoding = 4; lastKnownFileType = sourcecode.c.h; path = SBJsonBase.h; sourceTree = "<group>"; };
		4D3F518D1205E1B900CE67DA /* SBJsonBase.m */ = {isa = PBXFileReference; fileEncoding = 4; lastKnownFileType = sourcecode.c.objc; path = SBJsonBase.m; sourceTree = "<group>"; };
		4D3F518E1205E1B900CE67DA /* SBJsonParser.h */ = {isa = PBXFileReference; fileEncoding = 4; lastKnownFileType = sourcecode.c.h; path = SBJsonParser.h; sourceTree = "<group>"; };
		4D3F518F1205E1B900CE67DA /* SBJsonParser.m */ = {isa = PBXFileReference; fileEncoding = 4; lastKnownFileType = sourcecode.c.objc; path = SBJsonParser.m; sourceTree = "<group>"; };
		4D3F51901205E1B900CE67DA /* SBJsonWriter.h */ = {isa = PBXFileReference; fileEncoding = 4; lastKnownFileType = sourcecode.c.h; path = SBJsonWriter.h; sourceTree = "<group>"; };
		4D3F51911205E1B900CE67DA /* SBJsonWriter.m */ = {isa = PBXFileReference; fileEncoding = 4; lastKnownFileType = sourcecode.c.objc; path = SBJsonWriter.m; sourceTree = "<group>"; };
		4D3F519A1205E1D400CE67DA /* Debug.h */ = {isa = PBXFileReference; fileEncoding = 4; lastKnownFileType = sourcecode.c.h; name = Debug.h; path = ../Debug.h; sourceTree = SOURCE_ROOT; };
		4D3F51B91205E41200CE67DA /* Socket.h */ = {isa = PBXFileReference; fileEncoding = 4; lastKnownFileType = sourcecode.c.h; path = Socket.h; sourceTree = "<group>"; };
		4D3F51BA1205E41200CE67DA /* Socket.m */ = {isa = PBXFileReference; fileEncoding = 4; lastKnownFileType = sourcecode.c.objc; path = Socket.m; sourceTree = "<group>"; };
		4D3F51BF1205E42E00CE67DA /* Reachability.h */ = {isa = PBXFileReference; fileEncoding = 4; lastKnownFileType = sourcecode.c.h; path = Reachability.h; sourceTree = "<group>"; };
		4D3F51C01205E42E00CE67DA /* Reachability.m */ = {isa = PBXFileReference; fileEncoding = 4; lastKnownFileType = sourcecode.c.objc; path = Reachability.m; sourceTree = "<group>"; };
		4D3F51C51205E44100CE67DA /* M3EncapsulatedURLConnection.h */ = {isa = PBXFileReference; fileEncoding = 4; lastKnownFileType = sourcecode.c.h; path = M3EncapsulatedURLConnection.h; sourceTree = "<group>"; };
		4D3F51C61205E44100CE67DA /* M3EncapsulatedURLConnection.m */ = {isa = PBXFileReference; fileEncoding = 4; lastKnownFileType = sourcecode.c.objc; path = M3EncapsulatedURLConnection.m; sourceTree = "<group>"; };
		4D3F51D51205E4EB00CE67DA /* NSString_urlEncode.h */ = {isa = PBXFileReference; fileEncoding = 4; lastKnownFileType = sourcecode.c.h; path = NSString_urlEncode.h; sourceTree = "<group>"; };
		4D3F51D61205E4EB00CE67DA /* NSString_urlEncode.m */ = {isa = PBXFileReference; fileEncoding = 4; lastKnownFileType = sourcecode.c.objc; path = NSString_urlEncode.m; sourceTree = "<group>"; };
		4D3F51DC1205E53900CE67DA /* AsyncSocket.h */ = {isa = PBXFileReference; fileEncoding = 4; lastKnownFileType = sourcecode.c.h; name = AsyncSocket.h; path = ../External/cocoaasyncsocket/AsyncSocket.h; sourceTree = SOURCE_ROOT; };
		4D3F51DD1205E53900CE67DA /* AsyncSocket.m */ = {isa = PBXFileReference; fileEncoding = 4; lastKnownFileType = sourcecode.c.objc; name = AsyncSocket.m; path = ../External/cocoaasyncsocket/AsyncSocket.m; sourceTree = SOURCE_ROOT; };
		4D3F51E51205E5B500CE67DA /* SystemConfiguration.framework */ = {isa = PBXFileReference; lastKnownFileType = wrapper.framework; name = SystemConfiguration.framework; path = System/Library/Frameworks/SystemConfiguration.framework; sourceTree = SDKROOT; };
		4D3F51E91205E5CC00CE67DA /* CFNetwork.framework */ = {isa = PBXFileReference; lastKnownFileType = wrapper.framework; name = CFNetwork.framework; path = System/Library/Frameworks/CFNetwork.framework; sourceTree = SDKROOT; };
		4D63D04D120710BB00EE317C /* Settings.bundle */ = {isa = PBXFileReference; lastKnownFileType = "wrapper.plug-in"; path = Settings.bundle; sourceTree = "<group>"; };
		4D63D1CA12081BDE00EE317C /* Three20.bundle */ = {isa = PBXFileReference; lastKnownFileType = "wrapper.plug-in"; name = Three20.bundle; path = ../External/three20/src/Three20.bundle; sourceTree = SOURCE_ROOT; };
		4D957D7412083D9000731343 /* AudioToolbox.framework */ = {isa = PBXFileReference; lastKnownFileType = wrapper.framework; name = AudioToolbox.framework; path = System/Library/Frameworks/AudioToolbox.framework; sourceTree = SDKROOT; };
		4DA6FEA711FF46880095C41E /* Three20.xcodeproj */ = {isa = PBXFileReference; lastKnownFileType = "wrapper.pb-project"; name = Three20.xcodeproj; path = ../External/three20/src/Three20.xcodeproj; sourceTree = SOURCE_ROOT; };
		4DA6FF8511FF4BDA0095C41E /* GaneshFeedViewController.h */ = {isa = PBXFileReference; fileEncoding = 4; lastKnownFileType = sourcecode.c.h; path = GaneshFeedViewController.h; sourceTree = "<group>"; };
		4DA6FF8611FF4BDA0095C41E /* GaneshFeedViewController.m */ = {isa = PBXFileReference; fileEncoding = 4; lastKnownFileType = sourcecode.c.objc; path = GaneshFeedViewController.m; sourceTree = "<group>"; };
		4DA6FF9E11FF4CEA0095C41E /* Atlas.h */ = {isa = PBXFileReference; fileEncoding = 4; lastKnownFileType = sourcecode.c.h; path = Atlas.h; sourceTree = "<group>"; };
		4DA6FF9F11FF4CEA0095C41E /* Atlas.m */ = {isa = PBXFileReference; fileEncoding = 4; lastKnownFileType = sourcecode.c.objc; path = Atlas.m; sourceTree = "<group>"; };
		8D1107310486CEB800E47090 /* ganesh-Info.plist */ = {isa = PBXFileReference; fileEncoding = 4; lastKnownFileType = text.plist.xml; path = "ganesh-Info.plist"; plistStructureDefinitionIdentifier = "com.apple.xcode.plist.structure-definition.iphone.info-plist"; sourceTree = "<group>"; };
/* End PBXFileReference section */

/* Begin PBXFrameworksBuildPhase section */
		1D60588F0D05DD3D006BFB54 /* Frameworks */ = {
			isa = PBXFrameworksBuildPhase;
			buildActionMask = 2147483647;
			files = (
				4DA6FFA511FF4D130095C41E /* libThree20.a in Frameworks */,
				1D60589F0D05DD5A006BFB54 /* Foundation.framework in Frameworks */,
				1DF5F4E00D08C38300B7A737 /* UIKit.framework in Frameworks */,
				288765FD0DF74451002DB57D /* CoreGraphics.framework in Frameworks */,
				4D3F51341205D92800CE67DA /* QuartzCore.framework in Frameworks */,
				4D3F51E61205E5B500CE67DA /* SystemConfiguration.framework in Frameworks */,
				4D3F51EA1205E5CC00CE67DA /* CFNetwork.framework in Frameworks */,
				4D957D7512083D9000731343 /* AudioToolbox.framework in Frameworks */,
			);
			runOnlyForDeploymentPostprocessing = 0;
		};
/* End PBXFrameworksBuildPhase section */

/* Begin PBXGroup section */
		080E96DDFE201D6D7F000001 /* Classes */ = {
			isa = PBXGroup;
			children = (
				4D3F51571205DBE600CE67DA /* ChannelsController.h */,
				4D3F51581205DBE600CE67DA /* ChannelsController.m */,
				4D3F51391205D94300CE67DA /* ProtonetDataSource.h */,
				4D3F513A1205D94300CE67DA /* ProtonetDataSource.m */,
				4DA6FF9E11FF4CEA0095C41E /* Atlas.h */,
				4DA6FF9F11FF4CEA0095C41E /* Atlas.m */,
				1D3623240D0F684500981E51 /* ganeshAppDelegate.h */,
				1D3623250D0F684500981E51 /* ganeshAppDelegate.m */,
				4DA6FF8511FF4BDA0095C41E /* GaneshFeedViewController.h */,
				4DA6FF8611FF4BDA0095C41E /* GaneshFeedViewController.m */,
			);
			path = Classes;
			sourceTree = "<group>";
		};
		19C28FACFE9D520D11CA2CBB /* Products */ = {
			isa = PBXGroup;
			children = (
				1D6058910D05DD3D006BFB54 /* ganesh.app */,
			);
			name = Products;
			sourceTree = "<group>";
		};
		29B97314FDCFA39411CA2CEA /* CustomTemplate */ = {
			isa = PBXGroup;
			children = (
				4D3F519A1205E1D400CE67DA /* Debug.h */,
				4D3F51DC1205E53900CE67DA /* AsyncSocket.h */,
				4D3F51DD1205E53900CE67DA /* AsyncSocket.m */,
				4D3F51671205DF9F00CE67DA /* Classes */,
				080E96DDFE201D6D7F000001 /* Classes */,
				29B97315FDCFA39411CA2CEA /* Other Sources */,
				29B97317FDCFA39411CA2CEA /* Resources */,
				29B97323FDCFA39411CA2CEA /* Frameworks */,
				19C28FACFE9D520D11CA2CBB /* Products */,
			);
			name = CustomTemplate;
			sourceTree = "<group>";
		};
		29B97315FDCFA39411CA2CEA /* Other Sources */ = {
			isa = PBXGroup;
			children = (
				32CA4F630368D1EE00C91783 /* ganesh_Prefix.pch */,
				29B97316FDCFA39411CA2CEA /* main.m */,
			);
			name = "Other Sources";
			sourceTree = "<group>";
		};
		29B97317FDCFA39411CA2CEA /* Resources */ = {
			isa = PBXGroup;
			children = (
				4D63D1CA12081BDE00EE317C /* Three20.bundle */,
				8D1107310486CEB800E47090 /* ganesh-Info.plist */,
				4D63D04D120710BB00EE317C /* Settings.bundle */,
			);
			name = Resources;
			sourceTree = "<group>";
		};
		29B97323FDCFA39411CA2CEA /* Frameworks */ = {
			isa = PBXGroup;
			children = (
				4D3F51E51205E5B500CE67DA /* SystemConfiguration.framework */,
				4DA6FEA711FF46880095C41E /* Three20.xcodeproj */,
				1DF5F4DF0D08C38300B7A737 /* UIKit.framework */,
				1D30AB110D05D00D00671497 /* Foundation.framework */,
				288765FC0DF74451002DB57D /* CoreGraphics.framework */,
				4D3F51331205D92800CE67DA /* QuartzCore.framework */,
				4D3F51E91205E5CC00CE67DA /* CFNetwork.framework */,
				4D957D7412083D9000731343 /* AudioToolbox.framework */,
			);
			name = Frameworks;
			sourceTree = "<group>";
		};
		4D3F51671205DF9F00CE67DA /* Classes */ = {
			isa = PBXGroup;
			children = (
				4D3F51D51205E4EB00CE67DA /* NSString_urlEncode.h */,
				4D3F51D61205E4EB00CE67DA /* NSString_urlEncode.m */,
				4D3F51C41205E44100CE67DA /* M3 */,
				4D3F51BE1205E42E00CE67DA /* Reachability */,
				4D3F51B81205E41200CE67DA /* Socket */,
				4D3F51841205E1B900CE67DA /* JSON */,
				4D3F517D1205E12E00CE67DA /* GoogleToolbox */,
				4D3F516F1205E07900CE67DA /* Tweet */,
				4D3F516A1205E03C00CE67DA /* Messages.h */,
				4D3F516B1205E03C00CE67DA /* Messages.m */,
			);
			name = Classes;
			path = ../Classes;
			sourceTree = "<group>";
		};
		4D3F516F1205E07900CE67DA /* Tweet */ = {
			isa = PBXGroup;
			children = (
				4D3F51761205E0C400CE67DA /* Tweet.h */,
				4D3F51771205E0C400CE67DA /* Tweet.m */,
			);
			path = Tweet;
			sourceTree = "<group>";
		};
		4D3F517D1205E12E00CE67DA /* GoogleToolbox */ = {
			isa = PBXGroup;
			children = (
				4D3F517E1205E12E00CE67DA /* GTMDefines.h */,
				4D3F517F1205E12E00CE67DA /* GTMNSString+HTML.h */,
				4D3F51801205E12E00CE67DA /* GTMNSString+HTML.m */,
			);
			path = GoogleToolbox;
			sourceTree = "<group>";
		};
		4D3F51841205E1B900CE67DA /* JSON */ = {
			isa = PBXGroup;
			children = (
				4D3F51851205E1B900CE67DA /* JSON.h */,
				4D3F51861205E1B900CE67DA /* NSObject+SBJSON.h */,
				4D3F51871205E1B900CE67DA /* NSObject+SBJSON.m */,
				4D3F51881205E1B900CE67DA /* NSString+SBJSON.h */,
				4D3F51891205E1B900CE67DA /* NSString+SBJSON.m */,
				4D3F518A1205E1B900CE67DA /* SBJSON.h */,
				4D3F518B1205E1B900CE67DA /* SBJSON.m */,
				4D3F518C1205E1B900CE67DA /* SBJsonBase.h */,
				4D3F518D1205E1B900CE67DA /* SBJsonBase.m */,
				4D3F518E1205E1B900CE67DA /* SBJsonParser.h */,
				4D3F518F1205E1B900CE67DA /* SBJsonParser.m */,
				4D3F51901205E1B900CE67DA /* SBJsonWriter.h */,
				4D3F51911205E1B900CE67DA /* SBJsonWriter.m */,
			);
			name = JSON;
			path = ../JSON;
			sourceTree = SOURCE_ROOT;
		};
		4D3F51B81205E41200CE67DA /* Socket */ = {
			isa = PBXGroup;
			children = (
				4D3F51B91205E41200CE67DA /* Socket.h */,
				4D3F51BA1205E41200CE67DA /* Socket.m */,
			);
			path = Socket;
			sourceTree = "<group>";
		};
		4D3F51BE1205E42E00CE67DA /* Reachability */ = {
			isa = PBXGroup;
			children = (
				4D3F51BF1205E42E00CE67DA /* Reachability.h */,
				4D3F51C01205E42E00CE67DA /* Reachability.m */,
			);
			path = Reachability;
			sourceTree = "<group>";
		};
		4D3F51C41205E44100CE67DA /* M3 */ = {
			isa = PBXGroup;
			children = (
				4D3F51C51205E44100CE67DA /* M3EncapsulatedURLConnection.h */,
				4D3F51C61205E44100CE67DA /* M3EncapsulatedURLConnection.m */,
			);
			path = M3;
			sourceTree = "<group>";
		};
		4DA6FEA811FF46880095C41E /* Products */ = {
			isa = PBXGroup;
			children = (
				4DA6FEB011FF46880095C41E /* libThree20.a */,
				4DA6FEB211FF46880095C41E /* UnitTests.octest */,
			);
			name = Products;
			sourceTree = "<group>";
		};
/* End PBXGroup section */

/* Begin PBXNativeTarget section */
		1D6058900D05DD3D006BFB54 /* ganesh */ = {
			isa = PBXNativeTarget;
			buildConfigurationList = 1D6058960D05DD3E006BFB54 /* Build configuration list for PBXNativeTarget "ganesh" */;
			buildPhases = (
				1D60588D0D05DD3D006BFB54 /* Resources */,
				1D60588E0D05DD3D006BFB54 /* Sources */,
				1D60588F0D05DD3D006BFB54 /* Frameworks */,
			);
			buildRules = (
			);
			dependencies = (
				4DA6FEB711FF469A0095C41E /* PBXTargetDependency */,
			);
			name = ganesh;
			productName = ganesh;
			productReference = 1D6058910D05DD3D006BFB54 /* ganesh.app */;
			productType = "com.apple.product-type.application";
		};
/* End PBXNativeTarget section */

/* Begin PBXProject section */
		29B97313FDCFA39411CA2CEA /* Project object */ = {
			isa = PBXProject;
			buildConfigurationList = C01FCF4E08A954540054247B /* Build configuration list for PBXProject "ganesh" */;
			compatibilityVersion = "Xcode 3.1";
			hasScannedForEncodings = 1;
			mainGroup = 29B97314FDCFA39411CA2CEA /* CustomTemplate */;
			projectDirPath = "";
			projectReferences = (
				{
					ProductGroup = 4DA6FEA811FF46880095C41E /* Products */;
					ProjectRef = 4DA6FEA711FF46880095C41E /* Three20.xcodeproj */;
				},
			);
			projectRoot = "";
			targets = (
				1D6058900D05DD3D006BFB54 /* ganesh */,
			);
		};
/* End PBXProject section */

/* Begin PBXReferenceProxy section */
		4DA6FEB011FF46880095C41E /* libThree20.a */ = {
			isa = PBXReferenceProxy;
			fileType = archive.ar;
			path = libThree20.a;
			remoteRef = 4DA6FEAF11FF46880095C41E /* PBXContainerItemProxy */;
			sourceTree = BUILT_PRODUCTS_DIR;
		};
		4DA6FEB211FF46880095C41E /* UnitTests.octest */ = {
			isa = PBXReferenceProxy;
			fileType = wrapper.cfbundle;
			path = UnitTests.octest;
			remoteRef = 4DA6FEB111FF46880095C41E /* PBXContainerItemProxy */;
			sourceTree = BUILT_PRODUCTS_DIR;
		};
/* End PBXReferenceProxy section */

/* Begin PBXResourcesBuildPhase section */
		1D60588D0D05DD3D006BFB54 /* Resources */ = {
			isa = PBXResourcesBuildPhase;
			buildActionMask = 2147483647;
			files = (
				4D63D04E120710BB00EE317C /* Settings.bundle in Resources */,
				4D63D1CB12081BDE00EE317C /* Three20.bundle in Resources */,
			);
			runOnlyForDeploymentPostprocessing = 0;
		};
/* End PBXResourcesBuildPhase section */

/* Begin PBXSourcesBuildPhase section */
		1D60588E0D05DD3D006BFB54 /* Sources */ = {
			isa = PBXSourcesBuildPhase;
			buildActionMask = 2147483647;
			files = (
				1D60589B0D05DD56006BFB54 /* main.m in Sources */,
				1D3623260D0F684500981E51 /* ganeshAppDelegate.m in Sources */,
				4DA6FF8711FF4BDA0095C41E /* GaneshFeedViewController.m in Sources */,
				4DA6FFA011FF4CEA0095C41E /* Atlas.m in Sources */,
				4D3F513C1205D94300CE67DA /* ProtonetDataSource.m in Sources */,
				4D3F51591205DBE600CE67DA /* ChannelsController.m in Sources */,
				4D3F516C1205E03C00CE67DA /* Messages.m in Sources */,
				4D3F51781205E0C400CE67DA /* Tweet.m in Sources */,
				4D3F51811205E12E00CE67DA /* GTMNSString+HTML.m in Sources */,
				4D3F51921205E1B900CE67DA /* NSObject+SBJSON.m in Sources */,
				4D3F51931205E1B900CE67DA /* NSString+SBJSON.m in Sources */,
				4D3F51941205E1B900CE67DA /* SBJSON.m in Sources */,
				4D3F51951205E1B900CE67DA /* SBJsonBase.m in Sources */,
				4D3F51961205E1B900CE67DA /* SBJsonParser.m in Sources */,
				4D3F51971205E1B900CE67DA /* SBJsonWriter.m in Sources */,
				4D3F51BB1205E41200CE67DA /* Socket.m in Sources */,
				4D3F51C11205E42F00CE67DA /* Reachability.m in Sources */,
				4D3F51C71205E44100CE67DA /* M3EncapsulatedURLConnection.m in Sources */,
				4D3F51D71205E4EB00CE67DA /* NSString_urlEncode.m in Sources */,
				4D3F51DE1205E53900CE67DA /* AsyncSocket.m in Sources */,
			);
			runOnlyForDeploymentPostprocessing = 0;
		};
/* End PBXSourcesBuildPhase section */

/* Begin PBXTargetDependency section */
		4DA6FEB711FF469A0095C41E /* PBXTargetDependency */ = {
			isa = PBXTargetDependency;
			name = Three20;
			targetProxy = 4DA6FEB611FF469A0095C41E /* PBXContainerItemProxy */;
		};
/* End PBXTargetDependency section */

/* Begin XCBuildConfiguration section */
		1D6058940D05DD3E006BFB54 /* Debug */ = {
			isa = XCBuildConfiguration;
			buildSettings = {
				ALWAYS_SEARCH_USER_PATHS = NO;
				COPY_PHASE_STRIP = NO;
				GCC_DYNAMIC_NO_PIC = NO;
				GCC_OPTIMIZATION_LEVEL = 0;
				GCC_PRECOMPILE_PREFIX_HEADER = YES;
				GCC_PREFIX_HEADER = ganesh_Prefix.pch;
				INFOPLIST_FILE = "ganesh-Info.plist";
				PRODUCT_NAME = ganesh;
			};
			name = Debug;
		};
		1D6058950D05DD3E006BFB54 /* Release */ = {
			isa = XCBuildConfiguration;
			buildSettings = {
				ALWAYS_SEARCH_USER_PATHS = NO;
				COPY_PHASE_STRIP = YES;
				GCC_PRECOMPILE_PREFIX_HEADER = YES;
				GCC_PREFIX_HEADER = ganesh_Prefix.pch;
				INFOPLIST_FILE = "ganesh-Info.plist";
				PRODUCT_NAME = ganesh;
			};
			name = Release;
		};
		C01FCF4F08A954540054247B /* Debug */ = {
			isa = XCBuildConfiguration;
			buildSettings = {
				ARCHS = "$(ARCHS_STANDARD_32_BIT)";
				"CODE_SIGN_IDENTITY[sdk=iphoneos*]" = "iPhone Developer";
				GCC_C_LANGUAGE_STANDARD = c99;
				GCC_WARN_ABOUT_RETURN_TYPE = YES;
				GCC_WARN_UNUSED_VARIABLE = YES;
				HEADER_SEARCH_PATHS = "../External/three20/**";
				OTHER_CFLAGS = "-DDEBUG=1";
				OTHER_LDFLAGS = (
					"-all_load",
					"-ObjC",
				);
				PREBINDING = NO;
				SDKROOT = iphoneos3.1.2;
			};
			name = Debug;
		};
		C01FCF5008A954540054247B /* Release */ = {
			isa = XCBuildConfiguration;
			buildSettings = {
				ARCHS = "$(ARCHS_STANDARD_32_BIT)";
				"CODE_SIGN_IDENTITY[sdk=iphoneos*]" = "iPhone Developer";
				GCC_C_LANGUAGE_STANDARD = c99;
				GCC_WARN_ABOUT_RETURN_TYPE = YES;
				GCC_WARN_UNUSED_VARIABLE = YES;
				HEADER_SEARCH_PATHS = "../External/three20/**";
				OTHER_LDFLAGS = (
					"-all_load",
					"-ObjC",
				);
				PREBINDING = NO;
				SDKROOT = iphoneos3.1.2;
			};
			name = Release;
		};
/* End XCBuildConfiguration section */

/* Begin XCConfigurationList section */
		1D6058960D05DD3E006BFB54 /* Build configuration list for PBXNativeTarget "ganesh" */ = {
			isa = XCConfigurationList;
			buildConfigurations = (
				1D6058940D05DD3E006BFB54 /* Debug */,
				1D6058950D05DD3E006BFB54 /* Release */,
			);
			defaultConfigurationIsVisible = 0;
			defaultConfigurationName = Release;
		};
		C01FCF4E08A954540054247B /* Build configuration list for PBXProject "ganesh" */ = {
			isa = XCConfigurationList;
			buildConfigurations = (
				C01FCF4F08A954540054247B /* Debug */,
				C01FCF5008A954540054247B /* Release */,
			);
			defaultConfigurationIsVisible = 0;
			defaultConfigurationName = Release;
		};
/* End XCConfigurationList section */
	};
	rootObject = 29B97313FDCFA39411CA2CEA /* Project object */;
}
