// !$*UTF8*$!
{
	archiveVersion = 1;
	classes = {
	};
	objectVersion = 45;
	objects = {

/* Begin PBXAggregateTarget section */
		4DC5B9D5112964D900871FCE /* Distribution */ = {
			isa = PBXAggregateTarget;
			buildConfigurationList = 4DC5B9D8112964F800871FCE /* Build configuration list for PBXAggregateTarget "Distribution" */;
			buildPhases = (
				4DC5B9D4112964D900871FCE /* ShellScript */,
			);
			comments = "sign executable and put it inside the appcast";
			dependencies = (
				4DE5EF5E1142F52F00277CE6 /* PBXTargetDependency */,
			);
			name = Distribution;
			productName = Distribution;
		};
/* End PBXAggregateTarget section */

/* Begin PBXBuildFile section */
		1DDD58160DA1D0A300B32029 /* MainMenu.xib in Resources */ = {isa = PBXBuildFile; fileRef = 1DDD58140DA1D0A300B32029 /* MainMenu.xib */; };
		2708D0B30FDF14BE00E45182 /* n2n.app in Resources */ = {isa = PBXBuildFile; fileRef = 2708D0B20FDF14AF00E45182 /* n2n.app */; };
		2708D2CD0FDF1F9900E45182 /* Security.framework in Frameworks */ = {isa = PBXBuildFile; fileRef = 2708D1010FDF18E200E45182 /* Security.framework */; };
		2740EE3510A38F0800E11BDD /* Preferences.xib in Resources */ = {isa = PBXBuildFile; fileRef = 2740EE3310A38F0800E11BDD /* Preferences.xib */; };
		2740EE4910A38FB800E11BDD /* PrefsController.m in Sources */ = {isa = PBXBuildFile; fileRef = 2740EE4810A38FB800E11BDD /* PrefsController.m */; };
		274622201145DCE900ACC69E /* WebKit.framework in Frameworks */ = {isa = PBXBuildFile; fileRef = 2746221F1145DCE900ACC69E /* WebKit.framework */; };
		274622F91146615D00ACC69E /* GaneshStatusView.m in Sources */ = {isa = PBXBuildFile; fileRef = 274622F81146615D00ACC69E /* GaneshStatusView.m */; };
		27474C1211469316009DA65B /* avatar.png in CopyFiles */ = {isa = PBXBuildFile; fileRef = 27474BF3114692EA009DA65B /* avatar.png */; };
		27474C1311469316009DA65B /* button_dm.png in CopyFiles */ = {isa = PBXBuildFile; fileRef = 27474BF4114692EA009DA65B /* button_dm.png */; };
		27474C1411469316009DA65B /* button_favorite.png in CopyFiles */ = {isa = PBXBuildFile; fileRef = 27474BF5114692EA009DA65B /* button_favorite.png */; };
		27474C1511469316009DA65B /* button_isFavorite.png in CopyFiles */ = {isa = PBXBuildFile; fileRef = 27474BF6114692EA009DA65B /* button_isFavorite.png */; };
		27474C1611469316009DA65B /* button_retweet.png in CopyFiles */ = {isa = PBXBuildFile; fileRef = 27474BF7114692EA009DA65B /* button_retweet.png */; };
		27474C1711469316009DA65B /* Info.plist in CopyFiles */ = {isa = PBXBuildFile; fileRef = 27474BF8114692EA009DA65B /* Info.plist */; };
		27474C1811469316009DA65B /* light.js in CopyFiles */ = {isa = PBXBuildFile; fileRef = 27474BF9114692EA009DA65B /* light.js */; };
		27474C1911469316009DA65B /* mask_avatar.png in CopyFiles */ = {isa = PBXBuildFile; fileRef = 27474BFA114692EA009DA65B /* mask_avatar.png */; };
		27474C1A11469316009DA65B /* mask_reflection.png in CopyFiles */ = {isa = PBXBuildFile; fileRef = 27474BFB114692EA009DA65B /* mask_reflection.png */; };
		27474C1B11469316009DA65B /* relativeTime.js in CopyFiles */ = {isa = PBXBuildFile; fileRef = 27474BFC114692EA009DA65B /* relativeTime.js */; };
		27474C1C11469316009DA65B /* spacer.png in CopyFiles */ = {isa = PBXBuildFile; fileRef = 27474BFD114692EA009DA65B /* spacer.png */; };
		27474C1D11469316009DA65B /* style.css in CopyFiles */ = {isa = PBXBuildFile; fileRef = 27474BFE114692EA009DA65B /* style.css */; };
		27474C1E11469316009DA65B /* template.html in CopyFiles */ = {isa = PBXBuildFile; fileRef = 27474BFF114692EA009DA65B /* template.html */; };
		27474C1F11469316009DA65B /* theme.html in CopyFiles */ = {isa = PBXBuildFile; fileRef = 27474C00114692EA009DA65B /* theme.html */; };
		27474C2011469316009DA65B /* tweet.html in CopyFiles */ = {isa = PBXBuildFile; fileRef = 27474C01114692EA009DA65B /* tweet.html */; };
		27474C2111469316009DA65B /* twitpic_sample.jpg in CopyFiles */ = {isa = PBXBuildFile; fileRef = 27474C02114692EA009DA65B /* twitpic_sample.jpg */; };
		27474C2211469316009DA65B /* urlHandler.js in CopyFiles */ = {isa = PBXBuildFile; fileRef = 27474C03114692EA009DA65B /* urlHandler.js */; };
		27474C2311469316009DA65B /* youtube_sample.jpg in CopyFiles */ = {isa = PBXBuildFile; fileRef = 27474C04114692EA009DA65B /* youtube_sample.jpg */; };
		275E419B1151510A004B02D5 /* GTMNSString+HTML.m in Sources */ = {isa = PBXBuildFile; fileRef = 275E419A1151510A004B02D5 /* GTMNSString+HTML.m */; };
		278030D60FD6CAED00D57E59 /* AppController.m in Sources */ = {isa = PBXBuildFile; fileRef = 278030D50FD6CAED00D57E59 /* AppController.m */; };
		2780362F0FD71D7200D57E59 /* ptn_icon_active.png in Resources */ = {isa = PBXBuildFile; fileRef = 2780362D0FD71D7200D57E59 /* ptn_icon_active.png */; };
		27931890108BC93E00C7975F /* BWToolkitFramework.framework in Frameworks */ = {isa = PBXBuildFile; fileRef = 2793188F108BC93E00C7975F /* BWToolkitFramework.framework */; };
		279318D2108BC96900C7975F /* BWToolkitFramework.framework in CopyFiles */ = {isa = PBXBuildFile; fileRef = 2793188F108BC93E00C7975F /* BWToolkitFramework.framework */; };
		27B17F6E114A765200D523DD /* Defaults.plist in Resources */ = {isa = PBXBuildFile; fileRef = 27B17F6D114A765200D523DD /* Defaults.plist */; };
		27D1DD5C1147DA8700965893 /* NSString_urlEncode.m in Sources */ = {isa = PBXBuildFile; fileRef = 27D1DD5B1147DA8700965893 /* NSString_urlEncode.m */; };
		27F29F5110C5B3EF0056C09C /* tap.kext in CopyFiles */ = {isa = PBXBuildFile; fileRef = 27F29F3E10C5B3E20056C09C /* tap.kext */; };
		27F29F5210C5B3EF0056C09C /* tun.kext in CopyFiles */ = {isa = PBXBuildFile; fileRef = 27F29F3F10C5B3E20056C09C /* tun.kext */; };
		4D190C4211264B0500BA1A75 /* Messages.m in Sources */ = {isa = PBXBuildFile; fileRef = 4D190C4111264B0500BA1A75 /* Messages.m */; };
		4D190E9C1127037500BA1A75 /* ptn_icon_inactive_message.png in Resources */ = {isa = PBXBuildFile; fileRef = 4D190E9A1127037500BA1A75 /* ptn_icon_inactive_message.png */; };
		4D190E9D1127037500BA1A75 /* ptn_icon_inactive.png in Resources */ = {isa = PBXBuildFile; fileRef = 4D190E9B1127037500BA1A75 /* ptn_icon_inactive.png */; };
		4D190EA51127038B00BA1A75 /* ptn_icon_active_message.png in Resources */ = {isa = PBXBuildFile; fileRef = 4D190EA41127038B00BA1A75 /* ptn_icon_active_message.png */; };
		4D190FBB1128380100BA1A75 /* Sparkle.framework in Frameworks */ = {isa = PBXBuildFile; fileRef = 4D190FBA1128380100BA1A75 /* Sparkle.framework */; };
		4D190FBE1128380F00BA1A75 /* Sparkle.framework in CopyFiles */ = {isa = PBXBuildFile; fileRef = 4D190FBA1128380100BA1A75 /* Sparkle.framework */; };
		4D190FF6112845F200BA1A75 /* Growl.framework in Frameworks */ = {isa = PBXBuildFile; fileRef = 4D190FF5112845F200BA1A75 /* Growl.framework */; };
		4D1910071128489100BA1A75 /* Growl.framework in CopyFiles */ = {isa = PBXBuildFile; fileRef = 4D190FF5112845F200BA1A75 /* Growl.framework */; };
		4D19101C11284D0D00BA1A75 /* dsa_pub.pem in Resources */ = {isa = PBXBuildFile; fileRef = 4D19101B11284D0D00BA1A75 /* dsa_pub.pem */; };
		4D191023112852C300BA1A75 /* GrowlNotifier.m in Sources */ = {isa = PBXBuildFile; fileRef = 4D191022112852C200BA1A75 /* GrowlNotifier.m */; };
		4D490C66113030F50044C86E /* N2NUserDefaultsController.m in Sources */ = {isa = PBXBuildFile; fileRef = 4D490C65113030F50044C86E /* N2NUserDefaultsController.m */; };
		4D490CF711303E5B0044C86E /* N2NPreferencesDictionary.m in Sources */ = {isa = PBXBuildFile; fileRef = 4D490CF611303E5B0044C86E /* N2NPreferencesDictionary.m */; };
		4D65A17D1145C85200F8E737 /* MGTemplateEngine.m in Sources */ = {isa = PBXBuildFile; fileRef = 4D65A1671145C85200F8E737 /* MGTemplateEngine.m */; };
		4D65A17E1145C85200F8E737 /* MGTemplateStandardMarkers.m in Sources */ = {isa = PBXBuildFile; fileRef = 4D65A16B1145C85200F8E737 /* MGTemplateStandardMarkers.m */; };
		4D65A17F1145C85200F8E737 /* MGTemplateStandardFilters.m in Sources */ = {isa = PBXBuildFile; fileRef = 4D65A16D1145C85200F8E737 /* MGTemplateStandardFilters.m */; };
		4D65A1801145C85200F8E737 /* ICUTemplateMatcher.m in Sources */ = {isa = PBXBuildFile; fileRef = 4D65A1711145C85200F8E737 /* ICUTemplateMatcher.m */; };
		4D65A1811145C85200F8E737 /* RegexKitLite.m in Sources */ = {isa = PBXBuildFile; fileRef = 4D65A1731145C85200F8E737 /* RegexKitLite.m */; };
		4D65A1831145C85200F8E737 /* NSArray_DeepMutableCopy.m in Sources */ = {isa = PBXBuildFile; fileRef = 4D65A17A1145C85200F8E737 /* NSArray_DeepMutableCopy.m */; };
		4D65A1841145C85200F8E737 /* NSDictionary_DeepMutableCopy.m in Sources */ = {isa = PBXBuildFile; fileRef = 4D65A17C1145C85200F8E737 /* NSDictionary_DeepMutableCopy.m */; };
		4D65A1961145C8FF00F8E737 /* libicucore.dylib in Frameworks */ = {isa = PBXBuildFile; fileRef = 4D65A1951145C8FF00F8E737 /* libicucore.dylib */; };
		4D65A2D11146F77500F8E737 /* scrollbar.png in CopyFiles */ = {isa = PBXBuildFile; fileRef = 4D65A2CD1146F75F00F8E737 /* scrollbar.png */; };
		4D6650C8112D984A0011DA0E /* IPFormatter.m in Sources */ = {isa = PBXBuildFile; fileRef = 4D6650C7112D984A0011DA0E /* IPFormatter.m */; };
		4D7105F610EECB050066AC0C /* NSObject+SBJSON.m in Sources */ = {isa = PBXBuildFile; fileRef = 4D7105DE10EECB050066AC0C /* NSObject+SBJSON.m */; };
		4D7105F710EECB050066AC0C /* NSString+SBJSON.m in Sources */ = {isa = PBXBuildFile; fileRef = 4D7105E010EECB050066AC0C /* NSString+SBJSON.m */; };
		4D7105F810EECB050066AC0C /* SBJSON.m in Sources */ = {isa = PBXBuildFile; fileRef = 4D7105E210EECB050066AC0C /* SBJSON.m */; };
		4D7105F910EECB050066AC0C /* SBJsonBase.m in Sources */ = {isa = PBXBuildFile; fileRef = 4D7105E410EECB050066AC0C /* SBJsonBase.m */; };
		4D7105FA10EECB050066AC0C /* SBJsonParser.m in Sources */ = {isa = PBXBuildFile; fileRef = 4D7105E610EECB050066AC0C /* SBJsonParser.m */; };
		4D7105FB10EECB050066AC0C /* SBJsonWriter.m in Sources */ = {isa = PBXBuildFile; fileRef = 4D7105E810EECB050066AC0C /* SBJsonWriter.m */; };
		4D7105FD10EECB050066AC0C /* Tweet.m in Sources */ = {isa = PBXBuildFile; fileRef = 4D7105ED10EECB050066AC0C /* Tweet.m */; };
		4D7105FF10EECB050066AC0C /* Socket.m in Sources */ = {isa = PBXBuildFile; fileRef = 4D7105F210EECB050066AC0C /* Socket.m */; };
		4D906D51114E6C0100A6B353 /* Carbon.framework in Frameworks */ = {isa = PBXBuildFile; fileRef = 4D906D50114E6C0100A6B353 /* Carbon.framework */; };
		4DA5887E114813C1005DAEB4 /* TimelineWindow.m in Sources */ = {isa = PBXBuildFile; fileRef = 4DA5887D114813C1005DAEB4 /* TimelineWindow.m */; };
		4DA5897F1148FC7C005DAEB4 /* EMKeychainItem.m in Sources */ = {isa = PBXBuildFile; fileRef = 4DA5897E1148FC7C005DAEB4 /* EMKeychainItem.m */; };
		4DA58AC811495816005DAEB4 /* bullet_key.png in Resources */ = {isa = PBXBuildFile; fileRef = 4DA58AC711495816005DAEB4 /* bullet_key.png */; };
		4DA9E814114E587800EDE9A9 /* ShortcutRecorder.framework in CopyFiles */ = {isa = PBXBuildFile; fileRef = 4DA9E7EE114E57F900EDE9A9 /* ShortcutRecorder.framework */; };
		4DA9E834114E595000EDE9A9 /* ShortcutRecorder.framework in Frameworks */ = {isa = PBXBuildFile; fileRef = 4DA9E7EE114E57F900EDE9A9 /* ShortcutRecorder.framework */; };
		4DE5EE491142816600277CE6 /* PreferenceWindow.m in Sources */ = {isa = PBXBuildFile; fileRef = 4DE5EE481142816600277CE6 /* PreferenceWindow.m */; };
		8D11072B0486CEB800E47090 /* InfoPlist.strings in Resources */ = {isa = PBXBuildFile; fileRef = 089C165CFE840E0CC02AAC07 /* InfoPlist.strings */; };
		8D11072D0486CEB800E47090 /* main.m in Sources */ = {isa = PBXBuildFile; fileRef = 29B97316FDCFA39411CA2CEA /* main.m */; settings = {ATTRIBUTES = (); }; };
		8D11072F0486CEB800E47090 /* Cocoa.framework in Frameworks */ = {isa = PBXBuildFile; fileRef = 1058C7A1FEA54F0111CA2CBB /* Cocoa.framework */; };
/* End PBXBuildFile section */

/* Begin PBXContainerItemProxy section */
		2708D0B10FDF14AF00E45182 /* PBXContainerItemProxy */ = {
			isa = PBXContainerItemProxy;
			containerPortal = 2708D0A50FDF14AF00E45182 /* n2n.xcodeproj */;
			proxyType = 2;
			remoteGlobalIDString = 8D1107320486CEB800E47090;
			remoteInfo = n2n;
		};
		274DEE1710849039009F29D4 /* PBXContainerItemProxy */ = {
			isa = PBXContainerItemProxy;
			containerPortal = 2708D0A50FDF14AF00E45182 /* n2n.xcodeproj */;
			proxyType = 2;
			remoteGlobalIDString = 27D1886D107C9870001F2B3F;
			remoteInfo = TunHelper;
		};
		27FE863D108499C9007D8121 /* PBXContainerItemProxy */ = {
			isa = PBXContainerItemProxy;
			containerPortal = 2708D0A50FDF14AF00E45182 /* n2n.xcodeproj */;
			proxyType = 1;
			remoteGlobalIDString = 8D1107260486CEB800E47090;
			remoteInfo = n2n;
		};
		27FE866B10849C26007D8121 /* PBXContainerItemProxy */ = {
			isa = PBXContainerItemProxy;
			containerPortal = 2708D0A50FDF14AF00E45182 /* n2n.xcodeproj */;
			proxyType = 1;
			remoteGlobalIDString = 27D1886C107C9870001F2B3F;
			remoteInfo = TunHelper;
		};
		4DA9E7E5114E57F900EDE9A9 /* PBXContainerItemProxy */ = {
			isa = PBXContainerItemProxy;
			containerPortal = 4DA9E7D9114E57F800EDE9A9 /* ShortcutRecorder.xcodeproj */;
			proxyType = 2;
			remoteGlobalIDString = 939837800DA42965007F53F3;
			remoteInfo = "ShortcutRecorder.framework - with embedded ibplugin";
		};
		4DA9E7E7114E57F900EDE9A9 /* PBXContainerItemProxy */ = {
			isa = PBXContainerItemProxy;
			containerPortal = 4DA9E7D9114E57F800EDE9A9 /* ShortcutRecorder.xcodeproj */;
			proxyType = 2;
			remoteGlobalIDString = 939838A50DA4300F007F53F3;
			remoteInfo = "ShortcutRecorder.ibplugin - for embedding in framework";
		};
		4DA9E7E9114E57F900EDE9A9 /* PBXContainerItemProxy */ = {
			isa = PBXContainerItemProxy;
			containerPortal = 4DA9E7D9114E57F800EDE9A9 /* ShortcutRecorder.xcodeproj */;
			proxyType = 2;
			remoteGlobalIDString = 93983B220DA43C4E007F53F3;
			remoteInfo = ShortcutRecorderFramework_Tester;
		};
		4DA9E7EB114E57F900EDE9A9 /* PBXContainerItemProxy */ = {
			isa = PBXContainerItemProxy;
			containerPortal = 4DA9E7D9114E57F800EDE9A9 /* ShortcutRecorder.xcodeproj */;
			proxyType = 2;
			remoteGlobalIDString = 342E00CF109CCBF5009AD8CA;
			remoteInfo = "ShortcutRecorder.ibplugin - standalone";
		};
		4DA9E7ED114E57F900EDE9A9 /* PBXContainerItemProxy */ = {
			isa = PBXContainerItemProxy;
			containerPortal = 4DA9E7D9114E57F800EDE9A9 /* ShortcutRecorder.xcodeproj */;
			proxyType = 2;
			remoteGlobalIDString = 342E0104109CCC36009AD8CA;
			remoteInfo = "ShortcutRecorder.framework - for embedding in ibplugin";
		};
		4DA9E815114E588400EDE9A9 /* PBXContainerItemProxy */ = {
			isa = PBXContainerItemProxy;
			containerPortal = 4DA9E7D9114E57F800EDE9A9 /* ShortcutRecorder.xcodeproj */;
			proxyType = 1;
			remoteGlobalIDString = 342E00EB109CCC36009AD8CA;
			remoteInfo = "ShortcutRecorder.framework - for embedding in ibplugin";
		};
		4DE5EF5D1142F52F00277CE6 /* PBXContainerItemProxy */ = {
			isa = PBXContainerItemProxy;
			containerPortal = 29B97313FDCFA39411CA2CEA /* Project object */;
			proxyType = 1;
			remoteGlobalIDString = 8D1107260486CEB800E47090;
			remoteInfo = ganesh;
		};
/* End PBXContainerItemProxy section */

/* Begin PBXCopyFilesBuildPhase section */
		274621331145D4BA00ACC69E /* CopyFiles */ = {
			isa = PBXCopyFilesBuildPhase;
			buildActionMask = 2147483647;
			dstPath = Light.bbtheme;
			dstSubfolderSpec = 7;
			files = (
				4D65A2D11146F77500F8E737 /* scrollbar.png in CopyFiles */,
				27474C1211469316009DA65B /* avatar.png in CopyFiles */,
				27474C1311469316009DA65B /* button_dm.png in CopyFiles */,
				27474C1411469316009DA65B /* button_favorite.png in CopyFiles */,
				27474C1511469316009DA65B /* button_isFavorite.png in CopyFiles */,
				27474C1611469316009DA65B /* button_retweet.png in CopyFiles */,
				27474C1711469316009DA65B /* Info.plist in CopyFiles */,
				27474C1811469316009DA65B /* light.js in CopyFiles */,
				27474C1911469316009DA65B /* mask_avatar.png in CopyFiles */,
				27474C1A11469316009DA65B /* mask_reflection.png in CopyFiles */,
				27474C1B11469316009DA65B /* relativeTime.js in CopyFiles */,
				27474C1C11469316009DA65B /* spacer.png in CopyFiles */,
				27474C1D11469316009DA65B /* style.css in CopyFiles */,
				27474C1E11469316009DA65B /* template.html in CopyFiles */,
				27474C1F11469316009DA65B /* theme.html in CopyFiles */,
				27474C2011469316009DA65B /* tweet.html in CopyFiles */,
				27474C2111469316009DA65B /* twitpic_sample.jpg in CopyFiles */,
				27474C2211469316009DA65B /* urlHandler.js in CopyFiles */,
				27474C2311469316009DA65B /* youtube_sample.jpg in CopyFiles */,
			);
			runOnlyForDeploymentPostprocessing = 0;
		};
		279318DB108BC96F00C7975F /* CopyFiles */ = {
			isa = PBXCopyFilesBuildPhase;
			buildActionMask = 2147483647;
			comments = "Copy Frameworks";
			dstPath = "";
			dstSubfolderSpec = 10;
			files = (
				4DA9E814114E587800EDE9A9 /* ShortcutRecorder.framework in CopyFiles */,
				4D1910071128489100BA1A75 /* Growl.framework in CopyFiles */,
				4D190FBE1128380F00BA1A75 /* Sparkle.framework in CopyFiles */,
				279318D2108BC96900C7975F /* BWToolkitFramework.framework in CopyFiles */,
			);
			runOnlyForDeploymentPostprocessing = 0;
		};
		27F29F3B10C5B3D70056C09C /* CopyFiles */ = {
			isa = PBXCopyFilesBuildPhase;
			buildActionMask = 2147483647;
			dstPath = tuntap;
			dstSubfolderSpec = 7;
			files = (
				27F29F5110C5B3EF0056C09C /* tap.kext in CopyFiles */,
				27F29F5210C5B3EF0056C09C /* tun.kext in CopyFiles */,
			);
			runOnlyForDeploymentPostprocessing = 0;
		};
/* End PBXCopyFilesBuildPhase section */

/* Begin PBXFileReference section */
		089C165DFE840E0CC02AAC07 /* English */ = {isa = PBXFileReference; fileEncoding = 10; lastKnownFileType = text.plist.strings; name = English; path = English.lproj/InfoPlist.strings; sourceTree = "<group>"; };
		1058C7A1FEA54F0111CA2CBB /* Cocoa.framework */ = {isa = PBXFileReference; lastKnownFileType = wrapper.framework; name = Cocoa.framework; path = /System/Library/Frameworks/Cocoa.framework; sourceTree = "<absolute>"; };
		13E42FB307B3F0F600E4EEF1 /* CoreData.framework */ = {isa = PBXFileReference; lastKnownFileType = wrapper.framework; name = CoreData.framework; path = /System/Library/Frameworks/CoreData.framework; sourceTree = "<absolute>"; };
		1DDD58150DA1D0A300B32029 /* English */ = {isa = PBXFileReference; lastKnownFileType = file.xib; name = English; path = English.lproj/MainMenu.xib; sourceTree = "<group>"; };
		2708D0A50FDF14AF00E45182 /* n2n.xcodeproj */ = {isa = PBXFileReference; lastKnownFileType = "wrapper.pb-project"; name = n2n.xcodeproj; path = n2n/osx/n2n.xcodeproj; sourceTree = "<group>"; };
		2708D1010FDF18E200E45182 /* Security.framework */ = {isa = PBXFileReference; lastKnownFileType = wrapper.framework; name = Security.framework; path = System/Library/Frameworks/Security.framework; sourceTree = SDKROOT; };
		2740EE3410A38F0800E11BDD /* English */ = {isa = PBXFileReference; lastKnownFileType = file.xib; name = English; path = English.lproj/Preferences.xib; sourceTree = "<group>"; };
		2740EE4710A38FB800E11BDD /* PrefsController.h */ = {isa = PBXFileReference; fileEncoding = 4; lastKnownFileType = sourcecode.c.h; path = PrefsController.h; sourceTree = "<group>"; };
		2740EE4810A38FB800E11BDD /* PrefsController.m */ = {isa = PBXFileReference; fileEncoding = 4; lastKnownFileType = sourcecode.c.objc; path = PrefsController.m; sourceTree = "<group>"; };
		2746208C1145D22500ACC69E /* avatar.png */ = {isa = PBXFileReference; lastKnownFileType = image.png; path = avatar.png; sourceTree = "<group>"; };
		2746208D1145D22500ACC69E /* bg-white.jpg */ = {isa = PBXFileReference; lastKnownFileType = image.jpeg; path = "bg-white.jpg"; sourceTree = "<group>"; };
		2746208E1145D22500ACC69E /* bg.jpg */ = {isa = PBXFileReference; lastKnownFileType = image.jpeg; path = bg.jpg; sourceTree = "<group>"; };
		2746208F1145D22500ACC69E /* Info.plist */ = {isa = PBXFileReference; fileEncoding = 4; lastKnownFileType = text.plist.xml; path = Info.plist; sourceTree = "<group>"; };
		274620901145D22500ACC69E /* nicetitles.js */ = {isa = PBXFileReference; fileEncoding = 4; lastKnownFileType = sourcecode.javascript; path = nicetitles.js; sourceTree = "<group>"; };
		274620911145D22500ACC69E /* spacer.png */ = {isa = PBXFileReference; lastKnownFileType = image.png; path = spacer.png; sourceTree = "<group>"; };
		274620921145D22500ACC69E /* style.css */ = {isa = PBXFileReference; fileEncoding = 4; lastKnownFileType = text.css; path = style.css; sourceTree = "<group>"; };
		274620931145D22500ACC69E /* template.html */ = {isa = PBXFileReference; fileEncoding = 4; lastKnownFileType = text.html; path = template.html; sourceTree = "<group>"; };
		274620941145D22500ACC69E /* theme.html */ = {isa = PBXFileReference; fileEncoding = 4; lastKnownFileType = text.html; path = theme.html; sourceTree = "<group>"; };
		274620951145D22500ACC69E /* tweet.html */ = {isa = PBXFileReference; fileEncoding = 4; lastKnownFileType = text.html; path = tweet.html; sourceTree = "<group>"; };
		274620961145D22500ACC69E /* TweetBottom.png */ = {isa = PBXFileReference; lastKnownFileType = image.png; path = TweetBottom.png; sourceTree = "<group>"; };
		274620971145D22500ACC69E /* TweetBottomGr.png */ = {isa = PBXFileReference; lastKnownFileType = image.png; path = TweetBottomGr.png; sourceTree = "<group>"; };
		274620981145D22500ACC69E /* TweetBottomLeft.png */ = {isa = PBXFileReference; lastKnownFileType = image.png; path = TweetBottomLeft.png; sourceTree = "<group>"; };
		274620991145D22500ACC69E /* TweetBottomLeftGr.png */ = {isa = PBXFileReference; lastKnownFileType = image.png; path = TweetBottomLeftGr.png; sourceTree = "<group>"; };
		2746209A1145D22500ACC69E /* TweetBottomLeftOr.png */ = {isa = PBXFileReference; lastKnownFileType = image.png; path = TweetBottomLeftOr.png; sourceTree = "<group>"; };
		2746209B1145D22500ACC69E /* TweetBottomOr.png */ = {isa = PBXFileReference; lastKnownFileType = image.png; path = TweetBottomOr.png; sourceTree = "<group>"; };
		2746209C1145D22500ACC69E /* TweetBottomRight.png */ = {isa = PBXFileReference; lastKnownFileType = image.png; path = TweetBottomRight.png; sourceTree = "<group>"; };
		2746209D1145D22500ACC69E /* TweetBottomRightGr.png */ = {isa = PBXFileReference; lastKnownFileType = image.png; path = TweetBottomRightGr.png; sourceTree = "<group>"; };
		2746209E1145D22500ACC69E /* TweetBottomRightOr.png */ = {isa = PBXFileReference; lastKnownFileType = image.png; path = TweetBottomRightOr.png; sourceTree = "<group>"; };
		2746209F1145D22500ACC69E /* TweetMiddle.png */ = {isa = PBXFileReference; lastKnownFileType = image.png; path = TweetMiddle.png; sourceTree = "<group>"; };
		274620A01145D22500ACC69E /* TweetMiddleLeft.png */ = {isa = PBXFileReference; lastKnownFileType = image.png; path = TweetMiddleLeft.png; sourceTree = "<group>"; };
		274620A11145D22500ACC69E /* TweetMiddleLeftGr.png */ = {isa = PBXFileReference; lastKnownFileType = image.png; path = TweetMiddleLeftGr.png; sourceTree = "<group>"; };
		274620A21145D22500ACC69E /* TweetMiddleLeftOr.png */ = {isa = PBXFileReference; lastKnownFileType = image.png; path = TweetMiddleLeftOr.png; sourceTree = "<group>"; };
		274620A31145D22500ACC69E /* TweetMiddleRight.png */ = {isa = PBXFileReference; lastKnownFileType = image.png; path = TweetMiddleRight.png; sourceTree = "<group>"; };
		274620A41145D22500ACC69E /* TweetMiddleRightGr.png */ = {isa = PBXFileReference; lastKnownFileType = image.png; path = TweetMiddleRightGr.png; sourceTree = "<group>"; };
		274620A51145D22500ACC69E /* TweetMiddleRightOr.png */ = {isa = PBXFileReference; lastKnownFileType = image.png; path = TweetMiddleRightOr.png; sourceTree = "<group>"; };
		274620A61145D22500ACC69E /* TweetTop.png */ = {isa = PBXFileReference; lastKnownFileType = image.png; path = TweetTop.png; sourceTree = "<group>"; };
		274620A71145D22500ACC69E /* TweetTopGr.png */ = {isa = PBXFileReference; lastKnownFileType = image.png; path = TweetTopGr.png; sourceTree = "<group>"; };
		274620A81145D22500ACC69E /* TweetTopLeft.png */ = {isa = PBXFileReference; lastKnownFileType = image.png; path = TweetTopLeft.png; sourceTree = "<group>"; };
		274620A91145D22500ACC69E /* TweetTopLeftGr.png */ = {isa = PBXFileReference; lastKnownFileType = image.png; path = TweetTopLeftGr.png; sourceTree = "<group>"; };
		274620AA1145D22500ACC69E /* TweetTopLeftOr.png */ = {isa = PBXFileReference; lastKnownFileType = image.png; path = TweetTopLeftOr.png; sourceTree = "<group>"; };
		274620AB1145D22500ACC69E /* TweetTopOr.png */ = {isa = PBXFileReference; lastKnownFileType = image.png; path = TweetTopOr.png; sourceTree = "<group>"; };
		274620AC1145D22500ACC69E /* TweetTopRight.png */ = {isa = PBXFileReference; lastKnownFileType = image.png; path = TweetTopRight.png; sourceTree = "<group>"; };
		274620AD1145D22500ACC69E /* TweetTopRightGr.png */ = {isa = PBXFileReference; lastKnownFileType = image.png; path = TweetTopRightGr.png; sourceTree = "<group>"; };
		274620AE1145D22500ACC69E /* TweetTopRightOr.png */ = {isa = PBXFileReference; lastKnownFileType = image.png; path = TweetTopRightOr.png; sourceTree = "<group>"; };
		2746221F1145DCE900ACC69E /* WebKit.framework */ = {isa = PBXFileReference; lastKnownFileType = wrapper.framework; name = WebKit.framework; path = System/Library/Frameworks/WebKit.framework; sourceTree = SDKROOT; };
		274622F71146615D00ACC69E /* GaneshStatusView.h */ = {isa = PBXFileReference; fileEncoding = 4; lastKnownFileType = sourcecode.c.h; path = GaneshStatusView.h; sourceTree = "<group>"; };
		274622F81146615D00ACC69E /* GaneshStatusView.m */ = {isa = PBXFileReference; fileEncoding = 4; lastKnownFileType = sourcecode.c.objc; path = GaneshStatusView.m; sourceTree = "<group>"; };
		274624C911466E4500ACC69E /* Debug.h */ = {isa = PBXFileReference; fileEncoding = 4; lastKnownFileType = sourcecode.c.h; path = Debug.h; sourceTree = SOURCE_ROOT; };
		27474BF3114692EA009DA65B /* avatar.png */ = {isa = PBXFileReference; lastKnownFileType = image.png; path = avatar.png; sourceTree = "<group>"; };
		27474BF4114692EA009DA65B /* button_dm.png */ = {isa = PBXFileReference; lastKnownFileType = image.png; path = button_dm.png; sourceTree = "<group>"; };
		27474BF5114692EA009DA65B /* button_favorite.png */ = {isa = PBXFileReference; lastKnownFileType = image.png; path = button_favorite.png; sourceTree = "<group>"; };
		27474BF6114692EA009DA65B /* button_isFavorite.png */ = {isa = PBXFileReference; lastKnownFileType = image.png; path = button_isFavorite.png; sourceTree = "<group>"; };
		27474BF7114692EA009DA65B /* button_retweet.png */ = {isa = PBXFileReference; lastKnownFileType = image.png; path = button_retweet.png; sourceTree = "<group>"; };
		27474BF8114692EA009DA65B /* Info.plist */ = {isa = PBXFileReference; fileEncoding = 4; lastKnownFileType = text.plist.xml; path = Info.plist; sourceTree = "<group>"; };
		27474BF9114692EA009DA65B /* light.js */ = {isa = PBXFileReference; fileEncoding = 4; lastKnownFileType = sourcecode.javascript; path = light.js; sourceTree = "<group>"; };
		27474BFA114692EA009DA65B /* mask_avatar.png */ = {isa = PBXFileReference; lastKnownFileType = image.png; path = mask_avatar.png; sourceTree = "<group>"; };
		27474BFB114692EA009DA65B /* mask_reflection.png */ = {isa = PBXFileReference; lastKnownFileType = image.png; path = mask_reflection.png; sourceTree = "<group>"; };
		27474BFC114692EA009DA65B /* relativeTime.js */ = {isa = PBXFileReference; fileEncoding = 4; lastKnownFileType = sourcecode.javascript; path = relativeTime.js; sourceTree = "<group>"; };
		27474BFD114692EA009DA65B /* spacer.png */ = {isa = PBXFileReference; lastKnownFileType = image.png; path = spacer.png; sourceTree = "<group>"; };
		27474BFE114692EA009DA65B /* style.css */ = {isa = PBXFileReference; fileEncoding = 4; lastKnownFileType = text.css; path = style.css; sourceTree = "<group>"; };
		27474BFF114692EA009DA65B /* template.html */ = {isa = PBXFileReference; fileEncoding = 4; lastKnownFileType = text.html; path = template.html; sourceTree = "<group>"; };
		27474C00114692EA009DA65B /* theme.html */ = {isa = PBXFileReference; fileEncoding = 4; lastKnownFileType = text.html; path = theme.html; sourceTree = "<group>"; };
		27474C01114692EA009DA65B /* tweet.html */ = {isa = PBXFileReference; fileEncoding = 4; lastKnownFileType = text.html; path = tweet.html; sourceTree = "<group>"; };
		27474C02114692EA009DA65B /* twitpic_sample.jpg */ = {isa = PBXFileReference; lastKnownFileType = image.jpeg; path = twitpic_sample.jpg; sourceTree = "<group>"; };
		27474C03114692EA009DA65B /* urlHandler.js */ = {isa = PBXFileReference; fileEncoding = 4; lastKnownFileType = sourcecode.javascript; path = urlHandler.js; sourceTree = "<group>"; };
		27474C04114692EA009DA65B /* youtube_sample.jpg */ = {isa = PBXFileReference; lastKnownFileType = image.jpeg; path = youtube_sample.jpg; sourceTree = "<group>"; };
		275E41991151510A004B02D5 /* GTMNSString+HTML.h */ = {isa = PBXFileReference; fileEncoding = 4; lastKnownFileType = sourcecode.c.h; path = "GTMNSString+HTML.h"; sourceTree = "<group>"; };
		275E419A1151510A004B02D5 /* GTMNSString+HTML.m */ = {isa = PBXFileReference; fileEncoding = 4; lastKnownFileType = sourcecode.c.objc; path = "GTMNSString+HTML.m"; sourceTree = "<group>"; };
		275E419E1151523E004B02D5 /* GTMDefines.h */ = {isa = PBXFileReference; fileEncoding = 4; lastKnownFileType = sourcecode.c.h; path = GTMDefines.h; sourceTree = "<group>"; };
		278030D40FD6CAED00D57E59 /* AppController.h */ = {isa = PBXFileReference; fileEncoding = 4; lastKnownFileType = sourcecode.c.h; path = AppController.h; sourceTree = "<group>"; };
		278030D50FD6CAED00D57E59 /* AppController.m */ = {isa = PBXFileReference; fileEncoding = 4; lastKnownFileType = sourcecode.c.objc; path = AppController.m; sourceTree = "<group>"; };
		2780362D0FD71D7200D57E59 /* ptn_icon_active.png */ = {isa = PBXFileReference; lastKnownFileType = image.png; name = ptn_icon_active.png; path = images/ptn_icon_active.png; sourceTree = "<group>"; };
		2793188F108BC93E00C7975F /* BWToolkitFramework.framework */ = {isa = PBXFileReference; lastKnownFileType = wrapper.framework; name = BWToolkitFramework.framework; path = External/BWToolkitFramework.framework; sourceTree = "<group>"; };
		27B17F6D114A765200D523DD /* Defaults.plist */ = {isa = PBXFileReference; fileEncoding = 4; lastKnownFileType = text.plist.xml; path = Defaults.plist; sourceTree = "<group>"; };
		27D1DD5A1147DA8700965893 /* NSString_urlEncode.h */ = {isa = PBXFileReference; fileEncoding = 4; lastKnownFileType = sourcecode.c.h; path = NSString_urlEncode.h; sourceTree = "<group>"; };
		27D1DD5B1147DA8700965893 /* NSString_urlEncode.m */ = {isa = PBXFileReference; fileEncoding = 4; lastKnownFileType = sourcecode.c.objc; path = NSString_urlEncode.m; sourceTree = "<group>"; };
		27F29F3E10C5B3E20056C09C /* tap.kext */ = {isa = PBXFileReference; lastKnownFileType = "wrapper.kernel-extension"; name = tap.kext; path = tuntaposx/tuntap/tap.kext; sourceTree = "<group>"; };
		27F29F3F10C5B3E20056C09C /* tun.kext */ = {isa = PBXFileReference; lastKnownFileType = "wrapper.kernel-extension"; name = tun.kext; path = tuntaposx/tuntap/tun.kext; sourceTree = "<group>"; };
		29B97316FDCFA39411CA2CEA /* main.m */ = {isa = PBXFileReference; fileEncoding = 4; lastKnownFileType = sourcecode.c.objc; path = main.m; sourceTree = "<group>"; };
		29B97324FDCFA39411CA2CEA /* AppKit.framework */ = {isa = PBXFileReference; lastKnownFileType = wrapper.framework; name = AppKit.framework; path = /System/Library/Frameworks/AppKit.framework; sourceTree = "<absolute>"; };
		29B97325FDCFA39411CA2CEA /* Foundation.framework */ = {isa = PBXFileReference; lastKnownFileType = wrapper.framework; name = Foundation.framework; path = /System/Library/Frameworks/Foundation.framework; sourceTree = "<absolute>"; };
		32CA4F630368D1EE00C91783 /* ganesh_Prefix.pch */ = {isa = PBXFileReference; fileEncoding = 4; lastKnownFileType = sourcecode.c.h; path = ganesh_Prefix.pch; sourceTree = "<group>"; };
		4D190C4011264B0400BA1A75 /* Messages.h */ = {isa = PBXFileReference; fileEncoding = 4; lastKnownFileType = sourcecode.c.h; path = Messages.h; sourceTree = "<group>"; };
		4D190C4111264B0500BA1A75 /* Messages.m */ = {isa = PBXFileReference; fileEncoding = 4; lastKnownFileType = sourcecode.c.objc; path = Messages.m; sourceTree = "<group>"; };
		4D190E9A1127037500BA1A75 /* ptn_icon_inactive_message.png */ = {isa = PBXFileReference; lastKnownFileType = image.png; name = ptn_icon_inactive_message.png; path = images/ptn_icon_inactive_message.png; sourceTree = "<group>"; };
		4D190E9B1127037500BA1A75 /* ptn_icon_inactive.png */ = {isa = PBXFileReference; lastKnownFileType = image.png; name = ptn_icon_inactive.png; path = images/ptn_icon_inactive.png; sourceTree = "<group>"; };
		4D190EA41127038B00BA1A75 /* ptn_icon_active_message.png */ = {isa = PBXFileReference; lastKnownFileType = image.png; name = ptn_icon_active_message.png; path = images/ptn_icon_active_message.png; sourceTree = "<group>"; };
		4D190FBA1128380100BA1A75 /* Sparkle.framework */ = {isa = PBXFileReference; lastKnownFileType = wrapper.framework; name = Sparkle.framework; path = External/Sparkle.framework; sourceTree = "<group>"; };
		4D190FF5112845F200BA1A75 /* Growl.framework */ = {isa = PBXFileReference; lastKnownFileType = wrapper.framework; name = Growl.framework; path = External/Growl.framework; sourceTree = "<group>"; };
		4D19101B11284D0D00BA1A75 /* dsa_pub.pem */ = {isa = PBXFileReference; fileEncoding = 4; lastKnownFileType = text; path = dsa_pub.pem; sourceTree = "<group>"; };
		4D191021112852C200BA1A75 /* GrowlNotifier.h */ = {isa = PBXFileReference; fileEncoding = 4; lastKnownFileType = sourcecode.c.h; path = GrowlNotifier.h; sourceTree = "<group>"; };
		4D191022112852C200BA1A75 /* GrowlNotifier.m */ = {isa = PBXFileReference; fileEncoding = 4; lastKnownFileType = sourcecode.c.objc; path = GrowlNotifier.m; sourceTree = "<group>"; };
		4D490C64113030F50044C86E /* N2NUserDefaultsController.h */ = {isa = PBXFileReference; fileEncoding = 4; lastKnownFileType = sourcecode.c.h; path = N2NUserDefaultsController.h; sourceTree = "<group>"; };
		4D490C65113030F50044C86E /* N2NUserDefaultsController.m */ = {isa = PBXFileReference; fileEncoding = 4; lastKnownFileType = sourcecode.c.objc; path = N2NUserDefaultsController.m; sourceTree = "<group>"; };
		4D490CF511303E5B0044C86E /* N2NPreferencesDictionary.h */ = {isa = PBXFileReference; fileEncoding = 4; lastKnownFileType = sourcecode.c.h; path = N2NPreferencesDictionary.h; sourceTree = "<group>"; };
		4D490CF611303E5B0044C86E /* N2NPreferencesDictionary.m */ = {isa = PBXFileReference; fileEncoding = 4; lastKnownFileType = sourcecode.c.objc; path = N2NPreferencesDictionary.m; sourceTree = "<group>"; };
		4D65A1661145C85200F8E737 /* MGTemplateEngine.h */ = {isa = PBXFileReference; fileEncoding = 4; lastKnownFileType = sourcecode.c.h; path = MGTemplateEngine.h; sourceTree = "<group>"; };
		4D65A1671145C85200F8E737 /* MGTemplateEngine.m */ = {isa = PBXFileReference; fileEncoding = 4; lastKnownFileType = sourcecode.c.objc; path = MGTemplateEngine.m; sourceTree = "<group>"; };
		4D65A1681145C85200F8E737 /* MGTemplateMarker.h */ = {isa = PBXFileReference; fileEncoding = 4; lastKnownFileType = sourcecode.c.h; path = MGTemplateMarker.h; sourceTree = "<group>"; };
		4D65A1691145C85200F8E737 /* MGTemplateFilter.h */ = {isa = PBXFileReference; fileEncoding = 4; lastKnownFileType = sourcecode.c.h; path = MGTemplateFilter.h; sourceTree = "<group>"; };
		4D65A16A1145C85200F8E737 /* MGTemplateStandardMarkers.h */ = {isa = PBXFileReference; fileEncoding = 4; lastKnownFileType = sourcecode.c.h; path = MGTemplateStandardMarkers.h; sourceTree = "<group>"; };
		4D65A16B1145C85200F8E737 /* MGTemplateStandardMarkers.m */ = {isa = PBXFileReference; fileEncoding = 4; lastKnownFileType = sourcecode.c.objc; path = MGTemplateStandardMarkers.m; sourceTree = "<group>"; };
		4D65A16C1145C85200F8E737 /* MGTemplateStandardFilters.h */ = {isa = PBXFileReference; fileEncoding = 4; lastKnownFileType = sourcecode.c.h; path = MGTemplateStandardFilters.h; sourceTree = "<group>"; };
		4D65A16D1145C85200F8E737 /* MGTemplateStandardFilters.m */ = {isa = PBXFileReference; fileEncoding = 4; lastKnownFileType = sourcecode.c.objc; path = MGTemplateStandardFilters.m; sourceTree = "<group>"; };
		4D65A1701145C85200F8E737 /* ICUTemplateMatcher.h */ = {isa = PBXFileReference; fileEncoding = 4; lastKnownFileType = sourcecode.c.h; path = ICUTemplateMatcher.h; sourceTree = "<group>"; };
		4D65A1711145C85200F8E737 /* ICUTemplateMatcher.m */ = {isa = PBXFileReference; fileEncoding = 4; lastKnownFileType = sourcecode.c.objc; path = ICUTemplateMatcher.m; sourceTree = "<group>"; };
		4D65A1721145C85200F8E737 /* RegexKitLite.h */ = {isa = PBXFileReference; fileEncoding = 4; lastKnownFileType = sourcecode.c.h; path = RegexKitLite.h; sourceTree = "<group>"; };
		4D65A1731145C85200F8E737 /* RegexKitLite.m */ = {isa = PBXFileReference; fileEncoding = 4; lastKnownFileType = sourcecode.c.objc; path = RegexKitLite.m; sourceTree = "<group>"; };
		4D65A1751145C85200F8E737 /* RegexKitTemplateMatcher.h */ = {isa = PBXFileReference; fileEncoding = 4; lastKnownFileType = sourcecode.c.h; path = RegexKitTemplateMatcher.h; sourceTree = "<group>"; };
		4D65A1761145C85200F8E737 /* RegexKitTemplateMatcher.m */ = {isa = PBXFileReference; fileEncoding = 4; lastKnownFileType = sourcecode.c.objc; path = RegexKitTemplateMatcher.m; sourceTree = "<group>"; };
		4D65A1781145C85200F8E737 /* DeepMutableCopy.h */ = {isa = PBXFileReference; fileEncoding = 4; lastKnownFileType = sourcecode.c.h; path = DeepMutableCopy.h; sourceTree = "<group>"; };
		4D65A1791145C85200F8E737 /* NSArray_DeepMutableCopy.h */ = {isa = PBXFileReference; fileEncoding = 4; lastKnownFileType = sourcecode.c.h; path = NSArray_DeepMutableCopy.h; sourceTree = "<group>"; };
		4D65A17A1145C85200F8E737 /* NSArray_DeepMutableCopy.m */ = {isa = PBXFileReference; fileEncoding = 4; lastKnownFileType = sourcecode.c.objc; path = NSArray_DeepMutableCopy.m; sourceTree = "<group>"; };
		4D65A17B1145C85200F8E737 /* NSDictionary_DeepMutableCopy.h */ = {isa = PBXFileReference; fileEncoding = 4; lastKnownFileType = sourcecode.c.h; path = NSDictionary_DeepMutableCopy.h; sourceTree = "<group>"; };
		4D65A17C1145C85200F8E737 /* NSDictionary_DeepMutableCopy.m */ = {isa = PBXFileReference; fileEncoding = 4; lastKnownFileType = sourcecode.c.objc; path = NSDictionary_DeepMutableCopy.m; sourceTree = "<group>"; };
		4D65A1951145C8FF00F8E737 /* libicucore.dylib */ = {isa = PBXFileReference; lastKnownFileType = "compiled.mach-o.dylib"; name = libicucore.dylib; path = usr/lib/libicucore.dylib; sourceTree = SDKROOT; };
		4D65A2CD1146F75F00F8E737 /* scrollbar.png */ = {isa = PBXFileReference; lastKnownFileType = image.png; path = scrollbar.png; sourceTree = "<group>"; };
		4D65A3CF11474C3D00F8E737 /* NSScroller_Tweetie.h */ = {isa = PBXFileReference; fileEncoding = 4; lastKnownFileType = sourcecode.c.h; path = NSScroller_Tweetie.h; sourceTree = "<group>"; };
		4D65A3D011474C3D00F8E737 /* NSScroller_Tweetie.m */ = {isa = PBXFileReference; fileEncoding = 4; lastKnownFileType = sourcecode.c.objc; path = NSScroller_Tweetie.m; sourceTree = "<group>"; };
		4D6650C6112D984A0011DA0E /* IPFormatter.h */ = {isa = PBXFileReference; fileEncoding = 4; lastKnownFileType = sourcecode.c.h; path = IPFormatter.h; sourceTree = "<group>"; };
		4D6650C7112D984A0011DA0E /* IPFormatter.m */ = {isa = PBXFileReference; fileEncoding = 4; lastKnownFileType = sourcecode.c.objc; path = IPFormatter.m; sourceTree = "<group>"; };
		4D7105DC10EECB050066AC0C /* JSON.h */ = {isa = PBXFileReference; fileEncoding = 4; lastKnownFileType = sourcecode.c.h; path = JSON.h; sourceTree = "<group>"; };
		4D7105DD10EECB050066AC0C /* NSObject+SBJSON.h */ = {isa = PBXFileReference; fileEncoding = 4; lastKnownFileType = sourcecode.c.h; path = "NSObject+SBJSON.h"; sourceTree = "<group>"; };
		4D7105DE10EECB050066AC0C /* NSObject+SBJSON.m */ = {isa = PBXFileReference; fileEncoding = 4; lastKnownFileType = sourcecode.c.objc; path = "NSObject+SBJSON.m"; sourceTree = "<group>"; };
		4D7105DF10EECB050066AC0C /* NSString+SBJSON.h */ = {isa = PBXFileReference; fileEncoding = 4; lastKnownFileType = sourcecode.c.h; path = "NSString+SBJSON.h"; sourceTree = "<group>"; };
		4D7105E010EECB050066AC0C /* NSString+SBJSON.m */ = {isa = PBXFileReference; fileEncoding = 4; lastKnownFileType = sourcecode.c.objc; path = "NSString+SBJSON.m"; sourceTree = "<group>"; };
		4D7105E110EECB050066AC0C /* SBJSON.h */ = {isa = PBXFileReference; fileEncoding = 4; lastKnownFileType = sourcecode.c.h; path = SBJSON.h; sourceTree = "<group>"; };
		4D7105E210EECB050066AC0C /* SBJSON.m */ = {isa = PBXFileReference; fileEncoding = 4; lastKnownFileType = sourcecode.c.objc; path = SBJSON.m; sourceTree = "<group>"; };
		4D7105E310EECB050066AC0C /* SBJsonBase.h */ = {isa = PBXFileReference; fileEncoding = 4; lastKnownFileType = sourcecode.c.h; path = SBJsonBase.h; sourceTree = "<group>"; };
		4D7105E410EECB050066AC0C /* SBJsonBase.m */ = {isa = PBXFileReference; fileEncoding = 4; lastKnownFileType = sourcecode.c.objc; path = SBJsonBase.m; sourceTree = "<group>"; };
		4D7105E510EECB050066AC0C /* SBJsonParser.h */ = {isa = PBXFileReference; fileEncoding = 4; lastKnownFileType = sourcecode.c.h; path = SBJsonParser.h; sourceTree = "<group>"; };
		4D7105E610EECB050066AC0C /* SBJsonParser.m */ = {isa = PBXFileReference; fileEncoding = 4; lastKnownFileType = sourcecode.c.objc; path = SBJsonParser.m; sourceTree = "<group>"; };
		4D7105E710EECB050066AC0C /* SBJsonWriter.h */ = {isa = PBXFileReference; fileEncoding = 4; lastKnownFileType = sourcecode.c.h; path = SBJsonWriter.h; sourceTree = "<group>"; };
		4D7105E810EECB050066AC0C /* SBJsonWriter.m */ = {isa = PBXFileReference; fileEncoding = 4; lastKnownFileType = sourcecode.c.objc; path = SBJsonWriter.m; sourceTree = "<group>"; };
		4D7105EC10EECB050066AC0C /* Tweet.h */ = {isa = PBXFileReference; fileEncoding = 4; lastKnownFileType = sourcecode.c.h; path = Tweet.h; sourceTree = SOURCE_ROOT; };
		4D7105ED10EECB050066AC0C /* Tweet.m */ = {isa = PBXFileReference; fileEncoding = 4; lastKnownFileType = sourcecode.c.objc; path = Tweet.m; sourceTree = SOURCE_ROOT; };
		4D7105F110EECB050066AC0C /* Socket.h */ = {isa = PBXFileReference; fileEncoding = 4; lastKnownFileType = sourcecode.c.h; path = Socket.h; sourceTree = SOURCE_ROOT; };
		4D7105F210EECB050066AC0C /* Socket.m */ = {isa = PBXFileReference; fileEncoding = 4; lastKnownFileType = sourcecode.c.objc; path = Socket.m; sourceTree = SOURCE_ROOT; };
		4D906D50114E6C0100A6B353 /* Carbon.framework */ = {isa = PBXFileReference; lastKnownFileType = wrapper.framework; name = Carbon.framework; path = System/Library/Frameworks/Carbon.framework; sourceTree = SDKROOT; };
		4DA5887C114813C1005DAEB4 /* TimelineWindow.h */ = {isa = PBXFileReference; fileEncoding = 4; lastKnownFileType = sourcecode.c.h; path = TimelineWindow.h; sourceTree = "<group>"; };
		4DA5887D114813C1005DAEB4 /* TimelineWindow.m */ = {isa = PBXFileReference; fileEncoding = 4; lastKnownFileType = sourcecode.c.objc; path = TimelineWindow.m; sourceTree = "<group>"; };
		4DA5897D1148FC7C005DAEB4 /* EMKeychainItem.h */ = {isa = PBXFileReference; fileEncoding = 4; lastKnownFileType = sourcecode.c.h; path = EMKeychainItem.h; sourceTree = "<group>"; };
		4DA5897E1148FC7C005DAEB4 /* EMKeychainItem.m */ = {isa = PBXFileReference; fileEncoding = 4; lastKnownFileType = sourcecode.c.objc; path = EMKeychainItem.m; sourceTree = "<group>"; };
		4DA58AC711495816005DAEB4 /* bullet_key.png */ = {isa = PBXFileReference; lastKnownFileType = image.png; name = bullet_key.png; path = images/bullet_key.png; sourceTree = "<group>"; };
		4DA9E7D9114E57F800EDE9A9 /* ShortcutRecorder.xcodeproj */ = {isa = PBXFileReference; lastKnownFileType = "wrapper.pb-project"; name = ShortcutRecorder.xcodeproj; path = External/shortcutrecorder/ShortcutRecorder.xcodeproj; sourceTree = "<group>"; };
		4DE5EE471142816600277CE6 /* PreferenceWindow.h */ = {isa = PBXFileReference; fileEncoding = 4; lastKnownFileType = sourcecode.c.h; path = PreferenceWindow.h; sourceTree = "<group>"; };
		4DE5EE481142816600277CE6 /* PreferenceWindow.m */ = {isa = PBXFileReference; fileEncoding = 4; lastKnownFileType = sourcecode.c.objc; path = PreferenceWindow.m; sourceTree = "<group>"; };
		8D1107310486CEB800E47090 /* Info.plist */ = {isa = PBXFileReference; fileEncoding = 4; lastKnownFileType = text.plist.xml; path = Info.plist; sourceTree = "<group>"; };
		8D1107320486CEB800E47090 /* ganesh.app */ = {isa = PBXFileReference; explicitFileType = wrapper.application; includeInIndex = 0; path = ganesh.app; sourceTree = BUILT_PRODUCTS_DIR; };
/* End PBXFileReference section */

/* Begin PBXFrameworksBuildPhase section */
		8D11072E0486CEB800E47090 /* Frameworks */ = {
			isa = PBXFrameworksBuildPhase;
			buildActionMask = 2147483647;
			files = (
				4DA9E834114E595000EDE9A9 /* ShortcutRecorder.framework in Frameworks */,
				8D11072F0486CEB800E47090 /* Cocoa.framework in Frameworks */,
				2708D2CD0FDF1F9900E45182 /* Security.framework in Frameworks */,
				27931890108BC93E00C7975F /* BWToolkitFramework.framework in Frameworks */,
				4D190FBB1128380100BA1A75 /* Sparkle.framework in Frameworks */,
				4D190FF6112845F200BA1A75 /* Growl.framework in Frameworks */,
				4D65A1961145C8FF00F8E737 /* libicucore.dylib in Frameworks */,
				274622201145DCE900ACC69E /* WebKit.framework in Frameworks */,
				4D906D51114E6C0100A6B353 /* Carbon.framework in Frameworks */,
			);
			runOnlyForDeploymentPostprocessing = 0;
		};
/* End PBXFrameworksBuildPhase section */

/* Begin PBXGroup section */
		080E96DDFE201D6D7F000001 /* Classes */ = {
			isa = PBXGroup;
			children = (
				275E4193115150F3004B02D5 /* GoogleToolbox */,
				4DA5897C1148FC7C005DAEB4 /* Keychain */,
				274624C911466E4500ACC69E /* Debug.h */,
				274622C111465F7100ACC69E /* Menu */,
				4D65A1651145C85200F8E737 /* MGTemplateEngine */,
				4D191021112852C200BA1A75 /* GrowlNotifier.h */,
				4D191022112852C200BA1A75 /* GrowlNotifier.m */,
				4D190C4011264B0400BA1A75 /* Messages.h */,
				4D190C4111264B0500BA1A75 /* Messages.m */,
				4D7105F310EECB050066AC0C /* Preferences */,
				4D7105F010EECB050066AC0C /* Socket */,
				4D7105E910EECB050066AC0C /* Tweet */,
				4D7105DB10EECB050066AC0C /* JSON */,
				278030D40FD6CAED00D57E59 /* AppController.h */,
				278030D50FD6CAED00D57E59 /* AppController.m */,
				4D6650C6112D984A0011DA0E /* IPFormatter.h */,
				4D6650C7112D984A0011DA0E /* IPFormatter.m */,
				4D65A3CF11474C3D00F8E737 /* NSScroller_Tweetie.h */,
				4D65A3D011474C3D00F8E737 /* NSScroller_Tweetie.m */,
				27D1DD5A1147DA8700965893 /* NSString_urlEncode.h */,
				27D1DD5B1147DA8700965893 /* NSString_urlEncode.m */,
				4DA5887C114813C1005DAEB4 /* TimelineWindow.h */,
				4DA5887D114813C1005DAEB4 /* TimelineWindow.m */,
			);
			path = Classes;
			sourceTree = "<group>";
		};
		1058C7A0FEA54F0111CA2CBB /* Linked Frameworks */ = {
			isa = PBXGroup;
			children = (
				4D190FF5112845F200BA1A75 /* Growl.framework */,
				2793188F108BC93E00C7975F /* BWToolkitFramework.framework */,
				1058C7A1FEA54F0111CA2CBB /* Cocoa.framework */,
				4D190FBA1128380100BA1A75 /* Sparkle.framework */,
			);
			name = "Linked Frameworks";
			sourceTree = "<group>";
		};
		1058C7A2FEA54F0111CA2CBB /* Other Frameworks */ = {
			isa = PBXGroup;
			children = (
				29B97324FDCFA39411CA2CEA /* AppKit.framework */,
				13E42FB307B3F0F600E4EEF1 /* CoreData.framework */,
				29B97325FDCFA39411CA2CEA /* Foundation.framework */,
			);
			name = "Other Frameworks";
			sourceTree = "<group>";
		};
		19C28FACFE9D520D11CA2CBB /* Products */ = {
			isa = PBXGroup;
			children = (
				4DA9E7D9114E57F800EDE9A9 /* ShortcutRecorder.xcodeproj */,
				2708D0A50FDF14AF00E45182 /* n2n.xcodeproj */,
				8D1107320486CEB800E47090 /* ganesh.app */,
			);
			name = Products;
			sourceTree = "<group>";
		};
		2708D0A60FDF14AF00E45182 /* Products */ = {
			isa = PBXGroup;
			children = (
				274DEE1810849039009F29D4 /* TunHelper */,
				2708D0B20FDF14AF00E45182 /* n2n.app */,
			);
			name = Products;
			sourceTree = "<group>";
		};
		2746208B1145D22500ACC69E /* Bubbling Citrus.bbtheme */ = {
			isa = PBXGroup;
			children = (
				2746208C1145D22500ACC69E /* avatar.png */,
				2746208D1145D22500ACC69E /* bg-white.jpg */,
				2746208E1145D22500ACC69E /* bg.jpg */,
				2746208F1145D22500ACC69E /* Info.plist */,
				274620901145D22500ACC69E /* nicetitles.js */,
				274620911145D22500ACC69E /* spacer.png */,
				274620921145D22500ACC69E /* style.css */,
				274620931145D22500ACC69E /* template.html */,
				274620941145D22500ACC69E /* theme.html */,
				274620951145D22500ACC69E /* tweet.html */,
				274620961145D22500ACC69E /* TweetBottom.png */,
				274620971145D22500ACC69E /* TweetBottomGr.png */,
				274620981145D22500ACC69E /* TweetBottomLeft.png */,
				274620991145D22500ACC69E /* TweetBottomLeftGr.png */,
				2746209A1145D22500ACC69E /* TweetBottomLeftOr.png */,
				2746209B1145D22500ACC69E /* TweetBottomOr.png */,
				2746209C1145D22500ACC69E /* TweetBottomRight.png */,
				2746209D1145D22500ACC69E /* TweetBottomRightGr.png */,
				2746209E1145D22500ACC69E /* TweetBottomRightOr.png */,
				2746209F1145D22500ACC69E /* TweetMiddle.png */,
				274620A01145D22500ACC69E /* TweetMiddleLeft.png */,
				274620A11145D22500ACC69E /* TweetMiddleLeftGr.png */,
				274620A21145D22500ACC69E /* TweetMiddleLeftOr.png */,
				274620A31145D22500ACC69E /* TweetMiddleRight.png */,
				274620A41145D22500ACC69E /* TweetMiddleRightGr.png */,
				274620A51145D22500ACC69E /* TweetMiddleRightOr.png */,
				274620A61145D22500ACC69E /* TweetTop.png */,
				274620A71145D22500ACC69E /* TweetTopGr.png */,
				274620A81145D22500ACC69E /* TweetTopLeft.png */,
				274620A91145D22500ACC69E /* TweetTopLeftGr.png */,
				274620AA1145D22500ACC69E /* TweetTopLeftOr.png */,
				274620AB1145D22500ACC69E /* TweetTopOr.png */,
				274620AC1145D22500ACC69E /* TweetTopRight.png */,
				274620AD1145D22500ACC69E /* TweetTopRightGr.png */,
				274620AE1145D22500ACC69E /* TweetTopRightOr.png */,
			);
			name = "Bubbling Citrus.bbtheme";
			path = "Themes/Bubbling Citrus.bbtheme";
			sourceTree = "<group>";
		};
		274622C111465F7100ACC69E /* Menu */ = {
			isa = PBXGroup;
			children = (
				274622F71146615D00ACC69E /* GaneshStatusView.h */,
				274622F81146615D00ACC69E /* GaneshStatusView.m */,
			);
			name = Menu;
			sourceTree = "<group>";
		};
		27474BF2114692EA009DA65B /* Light.bbtheme */ = {
			isa = PBXGroup;
			children = (
				4D65A2CD1146F75F00F8E737 /* scrollbar.png */,
				27474BF3114692EA009DA65B /* avatar.png */,
				27474BF4114692EA009DA65B /* button_dm.png */,
				27474BF5114692EA009DA65B /* button_favorite.png */,
				27474BF6114692EA009DA65B /* button_isFavorite.png */,
				27474BF7114692EA009DA65B /* button_retweet.png */,
				27474BF8114692EA009DA65B /* Info.plist */,
				27474BF9114692EA009DA65B /* light.js */,
				27474BFA114692EA009DA65B /* mask_avatar.png */,
				27474BFB114692EA009DA65B /* mask_reflection.png */,
				27474BFC114692EA009DA65B /* relativeTime.js */,
				27474BFD114692EA009DA65B /* spacer.png */,
				27474BFE114692EA009DA65B /* style.css */,
				27474BFF114692EA009DA65B /* template.html */,
				27474C00114692EA009DA65B /* theme.html */,
				27474C01114692EA009DA65B /* tweet.html */,
				27474C02114692EA009DA65B /* twitpic_sample.jpg */,
				27474C03114692EA009DA65B /* urlHandler.js */,
				27474C04114692EA009DA65B /* youtube_sample.jpg */,
			);
			name = Light.bbtheme;
			path = Themes/Light.bbtheme;
			sourceTree = "<group>";
		};
		275E4193115150F3004B02D5 /* GoogleToolbox */ = {
			isa = PBXGroup;
			children = (
				275E419E1151523E004B02D5 /* GTMDefines.h */,
				275E41991151510A004B02D5 /* GTMNSString+HTML.h */,
				275E419A1151510A004B02D5 /* GTMNSString+HTML.m */,
			);
			path = GoogleToolbox;
			sourceTree = "<group>";
		};
		27F29F5010C5B3E40056C09C /* Tuntap */ = {
			isa = PBXGroup;
			children = (
				27F29F3E10C5B3E20056C09C /* tap.kext */,
				27F29F3F10C5B3E20056C09C /* tun.kext */,
			);
			name = Tuntap;
			sourceTree = "<group>";
		};
		29B97314FDCFA39411CA2CEA /* ganesh */ = {
			isa = PBXGroup;
			children = (
				080E96DDFE201D6D7F000001 /* Classes */,
				29B97315FDCFA39411CA2CEA /* Other Sources */,
				29B97317FDCFA39411CA2CEA /* Resources */,
				29B97323FDCFA39411CA2CEA /* Frameworks */,
				19C28FACFE9D520D11CA2CBB /* Products */,
			);
			name = ganesh;
			sourceTree = "<group>";
		};
		29B97315FDCFA39411CA2CEA /* Other Sources */ = {
			isa = PBXGroup;
			children = (
				32CA4F630368D1EE00C91783 /* ganesh_Prefix.pch */,
				29B97316FDCFA39411CA2CEA /* main.m */,
			);
			name = "Other Sources";
			sourceTree = "<group>";
		};
		29B97317FDCFA39411CA2CEA /* Resources */ = {
			isa = PBXGroup;
			children = (
				27474BF2114692EA009DA65B /* Light.bbtheme */,
				2746208B1145D22500ACC69E /* Bubbling Citrus.bbtheme */,
				4D19101B11284D0D00BA1A75 /* dsa_pub.pem */,
				4DA58AC711495816005DAEB4 /* bullet_key.png */,
				4D190E9A1127037500BA1A75 /* ptn_icon_inactive_message.png */,
				4D190E9B1127037500BA1A75 /* ptn_icon_inactive.png */,
				4D190EA41127038B00BA1A75 /* ptn_icon_active_message.png */,
				2780362D0FD71D7200D57E59 /* ptn_icon_active.png */,
				27F29F5010C5B3E40056C09C /* Tuntap */,
				8D1107310486CEB800E47090 /* Info.plist */,
				27B17F6D114A765200D523DD /* Defaults.plist */,
				2740EE3310A38F0800E11BDD /* Preferences.xib */,
				089C165CFE840E0CC02AAC07 /* InfoPlist.strings */,
				1DDD58140DA1D0A300B32029 /* MainMenu.xib */,
			);
			name = Resources;
			sourceTree = "<group>";
		};
		29B97323FDCFA39411CA2CEA /* Frameworks */ = {
			isa = PBXGroup;
			children = (
				2708D1010FDF18E200E45182 /* Security.framework */,
				1058C7A0FEA54F0111CA2CBB /* Linked Frameworks */,
				1058C7A2FEA54F0111CA2CBB /* Other Frameworks */,
				4D65A1951145C8FF00F8E737 /* libicucore.dylib */,
				2746221F1145DCE900ACC69E /* WebKit.framework */,
				4D906D50114E6C0100A6B353 /* Carbon.framework */,
			);
			name = Frameworks;
			sourceTree = "<group>";
		};
		4D65A1651145C85200F8E737 /* MGTemplateEngine */ = {
			isa = PBXGroup;
			children = (
				4D65A1771145C85200F8E737 /* DeepMutableCopy */,
				4D65A16E1145C85200F8E737 /* Matchers */,
				4D65A1661145C85200F8E737 /* MGTemplateEngine.h */,
				4D65A1671145C85200F8E737 /* MGTemplateEngine.m */,
				4D65A1681145C85200F8E737 /* MGTemplateMarker.h */,
				4D65A1691145C85200F8E737 /* MGTemplateFilter.h */,
				4D65A16A1145C85200F8E737 /* MGTemplateStandardMarkers.h */,
				4D65A16B1145C85200F8E737 /* MGTemplateStandardMarkers.m */,
				4D65A16C1145C85200F8E737 /* MGTemplateStandardFilters.h */,
				4D65A16D1145C85200F8E737 /* MGTemplateStandardFilters.m */,
			);
			path = MGTemplateEngine;
			sourceTree = "<group>";
		};
		4D65A16E1145C85200F8E737 /* Matchers */ = {
			isa = PBXGroup;
			children = (
				4D65A1741145C85200F8E737 /* RegexKit */,
				4D65A16F1145C85200F8E737 /* RegexKitLite */,
			);
			name = Matchers;
			sourceTree = "<group>";
		};
		4D65A16F1145C85200F8E737 /* RegexKitLite */ = {
			isa = PBXGroup;
			children = (
				4D65A1701145C85200F8E737 /* ICUTemplateMatcher.h */,
				4D65A1711145C85200F8E737 /* ICUTemplateMatcher.m */,
				4D65A1721145C85200F8E737 /* RegexKitLite.h */,
				4D65A1731145C85200F8E737 /* RegexKitLite.m */,
			);
			name = RegexKitLite;
			sourceTree = "<group>";
		};
		4D65A1741145C85200F8E737 /* RegexKit */ = {
			isa = PBXGroup;
			children = (
				4D65A1751145C85200F8E737 /* RegexKitTemplateMatcher.h */,
				4D65A1761145C85200F8E737 /* RegexKitTemplateMatcher.m */,
			);
			name = RegexKit;
			sourceTree = "<group>";
		};
		4D65A1771145C85200F8E737 /* DeepMutableCopy */ = {
			isa = PBXGroup;
			children = (
				4D65A1781145C85200F8E737 /* DeepMutableCopy.h */,
				4D65A1791145C85200F8E737 /* NSArray_DeepMutableCopy.h */,
				4D65A17A1145C85200F8E737 /* NSArray_DeepMutableCopy.m */,
				4D65A17B1145C85200F8E737 /* NSDictionary_DeepMutableCopy.h */,
				4D65A17C1145C85200F8E737 /* NSDictionary_DeepMutableCopy.m */,
			);
			name = DeepMutableCopy;
			sourceTree = "<group>";
		};
		4D7105DB10EECB050066AC0C /* JSON */ = {
			isa = PBXGroup;
			children = (
				4D7105DC10EECB050066AC0C /* JSON.h */,
				4D7105DD10EECB050066AC0C /* NSObject+SBJSON.h */,
				4D7105DE10EECB050066AC0C /* NSObject+SBJSON.m */,
				4D7105DF10EECB050066AC0C /* NSString+SBJSON.h */,
				4D7105E010EECB050066AC0C /* NSString+SBJSON.m */,
				4D7105E110EECB050066AC0C /* SBJSON.h */,
				4D7105E210EECB050066AC0C /* SBJSON.m */,
				4D7105E310EECB050066AC0C /* SBJsonBase.h */,
				4D7105E410EECB050066AC0C /* SBJsonBase.m */,
				4D7105E510EECB050066AC0C /* SBJsonParser.h */,
				4D7105E610EECB050066AC0C /* SBJsonParser.m */,
				4D7105E710EECB050066AC0C /* SBJsonWriter.h */,
				4D7105E810EECB050066AC0C /* SBJsonWriter.m */,
			);
			path = JSON;
			sourceTree = SOURCE_ROOT;
		};
		4D7105E910EECB050066AC0C /* Tweet */ = {
			isa = PBXGroup;
			children = (
				4D7105EC10EECB050066AC0C /* Tweet.h */,
				4D7105ED10EECB050066AC0C /* Tweet.m */,
			);
			name = Tweet;
			sourceTree = "<group>";
		};
		4D7105F010EECB050066AC0C /* Socket */ = {
			isa = PBXGroup;
			children = (
				4D7105F110EECB050066AC0C /* Socket.h */,
				4D7105F210EECB050066AC0C /* Socket.m */,
			);
			name = Socket;
			sourceTree = "<group>";
		};
		4D7105F310EECB050066AC0C /* Preferences */ = {
			isa = PBXGroup;
			children = (
				4D490CF511303E5B0044C86E /* N2NPreferencesDictionary.h */,
				4D490CF611303E5B0044C86E /* N2NPreferencesDictionary.m */,
				4D490C64113030F50044C86E /* N2NUserDefaultsController.h */,
				4D490C65113030F50044C86E /* N2NUserDefaultsController.m */,
				2740EE4710A38FB800E11BDD /* PrefsController.h */,
				2740EE4810A38FB800E11BDD /* PrefsController.m */,
				4DE5EE471142816600277CE6 /* PreferenceWindow.h */,
				4DE5EE481142816600277CE6 /* PreferenceWindow.m */,
			);
			path = Preferences;
			sourceTree = "<group>";
		};
		4DA5897C1148FC7C005DAEB4 /* Keychain */ = {
			isa = PBXGroup;
			children = (
				4DA5897D1148FC7C005DAEB4 /* EMKeychainItem.h */,
				4DA5897E1148FC7C005DAEB4 /* EMKeychainItem.m */,
			);
			path = Keychain;
			sourceTree = "<group>";
		};
		4DA9E7DA114E57F800EDE9A9 /* Products */ = {
			isa = PBXGroup;
			children = (
				4DA9E7E6114E57F900EDE9A9 /* ShortcutRecorder.framework */,
				4DA9E7E8114E57F900EDE9A9 /* ShortcutRecorder.ibplugin */,
				4DA9E7EA114E57F900EDE9A9 /* ShortcutRecorder.app */,
				4DA9E7EC114E57F900EDE9A9 /* ShortcutRecorder.ibplugin */,
				4DA9E7EE114E57F900EDE9A9 /* ShortcutRecorder.framework */,
			);
			name = Products;
			sourceTree = "<group>";
		};
/* End PBXGroup section */

/* Begin PBXNativeTarget section */
		8D1107260486CEB800E47090 /* ganesh */ = {
			isa = PBXNativeTarget;
			buildConfigurationList = C01FCF4A08A954540054247B /* Build configuration list for PBXNativeTarget "ganesh" */;
			buildPhases = (
				27F29EE010C5B2BA0056C09C /* ShellScript */,
				8D1107290486CEB800E47090 /* Resources */,
				274621331145D4BA00ACC69E /* CopyFiles */,
				8D11072C0486CEB800E47090 /* Sources */,
				8D11072E0486CEB800E47090 /* Frameworks */,
				279318DB108BC96F00C7975F /* CopyFiles */,
				27F29F3B10C5B3D70056C09C /* CopyFiles */,
				4D190F6111282AA000BA1A75 /* ShellScript */,
			);
			buildRules = (
			);
			dependencies = (
				27FE863E108499C9007D8121 /* PBXTargetDependency */,
				27FE866C10849C26007D8121 /* PBXTargetDependency */,
				4DA9E816114E588400EDE9A9 /* PBXTargetDependency */,
			);
			name = ganesh;
			productInstallPath = "$(HOME)/Applications";
			productName = ganesh;
			productReference = 8D1107320486CEB800E47090 /* ganesh.app */;
			productType = "com.apple.product-type.application";
		};
/* End PBXNativeTarget section */

/* Begin PBXProject section */
		29B97313FDCFA39411CA2CEA /* Project object */ = {
			isa = PBXProject;
			attributes = {
				ORGANIZATIONNAME = Protonet;
			};
			buildConfigurationList = C01FCF4E08A954540054247B /* Build configuration list for PBXProject "ganesh" */;
			compatibilityVersion = "Xcode 3.1";
			hasScannedForEncodings = 1;
			mainGroup = 29B97314FDCFA39411CA2CEA /* ganesh */;
			projectDirPath = "";
			projectReferences = (
				{
					ProductGroup = 2708D0A60FDF14AF00E45182 /* Products */;
					ProjectRef = 2708D0A50FDF14AF00E45182 /* n2n.xcodeproj */;
				},
				{
					ProductGroup = 4DA9E7DA114E57F800EDE9A9 /* Products */;
					ProjectRef = 4DA9E7D9114E57F800EDE9A9 /* ShortcutRecorder.xcodeproj */;
				},
			);
			projectRoot = "";
			targets = (
				8D1107260486CEB800E47090 /* ganesh */,
				4DC5B9D5112964D900871FCE /* Distribution */,
			);
		};
/* End PBXProject section */

/* Begin PBXReferenceProxy section */
		2708D0B20FDF14AF00E45182 /* n2n.app */ = {
			isa = PBXReferenceProxy;
			fileType = wrapper.application;
			path = n2n.app;
			remoteRef = 2708D0B10FDF14AF00E45182 /* PBXContainerItemProxy */;
			sourceTree = BUILT_PRODUCTS_DIR;
		};
		274DEE1810849039009F29D4 /* TunHelper */ = {
			isa = PBXReferenceProxy;
			fileType = "compiled.mach-o.executable";
			path = TunHelper;
			remoteRef = 274DEE1710849039009F29D4 /* PBXContainerItemProxy */;
			sourceTree = BUILT_PRODUCTS_DIR;
		};
		4DA9E7E6114E57F900EDE9A9 /* ShortcutRecorder.framework */ = {
			isa = PBXReferenceProxy;
			fileType = wrapper.framework;
			path = ShortcutRecorder.framework;
			remoteRef = 4DA9E7E5114E57F900EDE9A9 /* PBXContainerItemProxy */;
			sourceTree = BUILT_PRODUCTS_DIR;
		};
		4DA9E7E8114E57F900EDE9A9 /* ShortcutRecorder.ibplugin */ = {
			isa = PBXReferenceProxy;
			fileType = wrapper.cfbundle;
			path = ShortcutRecorder.ibplugin;
			remoteRef = 4DA9E7E7114E57F900EDE9A9 /* PBXContainerItemProxy */;
			sourceTree = BUILT_PRODUCTS_DIR;
		};
		4DA9E7EA114E57F900EDE9A9 /* ShortcutRecorder.app */ = {
			isa = PBXReferenceProxy;
			fileType = wrapper.application;
			path = ShortcutRecorder.app;
			remoteRef = 4DA9E7E9114E57F900EDE9A9 /* PBXContainerItemProxy */;
			sourceTree = BUILT_PRODUCTS_DIR;
		};
		4DA9E7EC114E57F900EDE9A9 /* ShortcutRecorder.ibplugin */ = {
			isa = PBXReferenceProxy;
			fileType = wrapper.cfbundle;
			path = ShortcutRecorder.ibplugin;
			remoteRef = 4DA9E7EB114E57F900EDE9A9 /* PBXContainerItemProxy */;
			sourceTree = BUILT_PRODUCTS_DIR;
		};
		4DA9E7EE114E57F900EDE9A9 /* ShortcutRecorder.framework */ = {
			isa = PBXReferenceProxy;
			comments = "for embedding in ibplugin\n";
			fileType = wrapper.framework;
			path = ShortcutRecorder.framework;
			remoteRef = 4DA9E7ED114E57F900EDE9A9 /* PBXContainerItemProxy */;
			sourceTree = BUILT_PRODUCTS_DIR;
		};
/* End PBXReferenceProxy section */

/* Begin PBXResourcesBuildPhase section */
		8D1107290486CEB800E47090 /* Resources */ = {
			isa = PBXResourcesBuildPhase;
			buildActionMask = 2147483647;
			files = (
				2708D0B30FDF14BE00E45182 /* n2n.app in Resources */,
				8D11072B0486CEB800E47090 /* InfoPlist.strings in Resources */,
				1DDD58160DA1D0A300B32029 /* MainMenu.xib in Resources */,
				2780362F0FD71D7200D57E59 /* ptn_icon_active.png in Resources */,
				2740EE3510A38F0800E11BDD /* Preferences.xib in Resources */,
				4D190E9C1127037500BA1A75 /* ptn_icon_inactive_message.png in Resources */,
				4D190E9D1127037500BA1A75 /* ptn_icon_inactive.png in Resources */,
				4D190EA51127038B00BA1A75 /* ptn_icon_active_message.png in Resources */,
				4D19101C11284D0D00BA1A75 /* dsa_pub.pem in Resources */,
				4DA58AC811495816005DAEB4 /* bullet_key.png in Resources */,
				27B17F6E114A765200D523DD /* Defaults.plist in Resources */,
			);
			runOnlyForDeploymentPostprocessing = 0;
		};
/* End PBXResourcesBuildPhase section */

/* Begin PBXShellScriptBuildPhase section */
		27F29EE010C5B2BA0056C09C /* ShellScript */ = {
			isa = PBXShellScriptBuildPhase;
			buildActionMask = 2147483647;
			files = (
			);
			inputPaths = (
			);
			outputPaths = (
			);
			runOnlyForDeploymentPostprocessing = 0;
			shellPath = /bin/sh;
			shellScript = "BUILDDIR=tuntaposx/tuntap\ncd $BUILDDIR\n\nif [ -e built ]; then\n\texit 0\nfi\n\n# check if osx version below 5, if so\n# checkout the right version of tuntap\nif [[ `sw_vers -productVersion | cut -f 2 -d '.'` <= 5 ]]; then\n\tgit checkout 5dbbf79a57a4eb938e745322e76c442ab9fd440d\nelse\n\tgit checkout 7859e07c569b29c8e559911a7955973969ebac56\nfi\n\nmake clean\nmake\n\ntouch built";
		};
		4D190F6111282AA000BA1A75 /* ShellScript */ = {
			isa = PBXShellScriptBuildPhase;
			buildActionMask = 2147483647;
			comments = "Remove Headers";
			files = (
			);
			inputPaths = (
			);
			outputPaths = (
			);
			runOnlyForDeploymentPostprocessing = 0;
			shellPath = /bin/sh;
			shellScript = "# delete headers from frameworks\necho \"build path ${TARGET_BUILD_DIR}\"\ncd ${TARGET_BUILD_DIR}/${FULL_PRODUCT_NAME}/Contents/Frameworks \nrm -rf */Headers \nrm -rf */Versions/*/Headers \nrm -rf */Versions/*/PrivateHeaders \nrm -rf */Versions/*/Resources/*/Contents/Headers\n";
		};
		4DC5B9D4112964D900871FCE /* ShellScript */ = {
			isa = PBXShellScriptBuildPhase;
			buildActionMask = 2147483647;
			files = (
			);
			inputPaths = (
			);
			outputPaths = (
			);
			runOnlyForDeploymentPostprocessing = 0;
			shellPath = /bin/bash;
			shellScript = "set -o errexit\n\n[ $BUILD_STYLE = Release ] || { echo Distribution target requires \"'Release'\" build style; false; }\n\nVERSION=$(defaults read \"$BUILT_PRODUCTS_DIR/$PROJECT_NAME.app/Contents/Info\" CFBundleVersion)\nDOWNLOAD_BASE_URL=\"http://www.flyingseagull.de/ganesh\"\nRELEASENOTES_URL=\"http://www.flyingseagull.de/ganesh/release-notes.html#version-$VERSION\"\n\nARCHIVE_FILENAME=\"$PROJECT_NAME $VERSION.zip\"\nDOWNLOAD_URL=\"$DOWNLOAD_BASE_URL/$ARCHIVE_FILENAME\"\nKEYCHAIN_PRIVKEY_NAME=\"Sparkle protonet key\"\n\nWD=$PWD\ncd \"$BUILT_PRODUCTS_DIR\"\nrm -f \"$PROJECT_NAME\"*.zip\nditto -ck --keepParent \"$PROJECT_NAME.app\" \"$ARCHIVE_FILENAME\"\n\nSIZE=$(stat -f %z \"$ARCHIVE_FILENAME\")\nPUBDATE=$(date +\"%a, %d %b %G %T %z\")\nSIGNATURE=$(\n\topenssl dgst -sha1 -binary < \"$ARCHIVE_FILENAME\" \\\n\t| openssl dgst -dss1 -sign <(security find-generic-password -g -s \"$KEYCHAIN_PRIVKEY_NAME\" 2>&1 1>/dev/null | /usr/bin/perl -pe '($_) = /\"(.+)\"/; s/\\\\012/\\n/g' | /usr/bin/perl -MXML::LibXML -e 'print XML::LibXML->new()->parse_file(\"-\")->findvalue(q(//string[preceding-sibling::key[1] = \"NOTE\"]))') \\\n\t| openssl enc -base64\n)\n\n[ $SIGNATURE ] || { echo Unable to load signing private key with name \"'$KEYCHAIN_PRIVKEY_NAME'\" from keychain; false; }\n\ncat <<EOF\n\t\t<item>\n\t\t\t<title>Version $VERSION</title>\n\t\t\t<sparkle:releaseNotesLink>$RELEASENOTES_URL</sparkle:releaseNotesLink>\n\t\t\t<pubDate>$PUBDATE</pubDate>\n\t\t\t<enclosure\n\t\t\t\turl=\"$DOWNLOAD_URL\"\n\t\t\t\tsparkle:version=\"$VERSION\"\n\t\t\t\ttype=\"application/octet-stream\"\n\t\t\t\tlength=\"$SIZE\"\n\t\t\t\tsparkle:dsaSignature=\"$SIGNATURE\"\n\t\t\t/>\n\t\t</item>\nEOF\n\necho \"scp '$WD/build/Release/$ARCHIVE_FILENAME' www.flyingseagull.de:ganesh_release/\"\necho \"scp '$WD/ganesh_appcast.xml' www.flyingseagull.de:ganesh_release/2FMSZ3e82k1KA.xml\"\necho \"scp '$WD/release-notes.html' www.flyingseagull.de:ganesh_release/\"";
		};
/* End PBXShellScriptBuildPhase section */

/* Begin PBXSourcesBuildPhase section */
		8D11072C0486CEB800E47090 /* Sources */ = {
			isa = PBXSourcesBuildPhase;
			buildActionMask = 2147483647;
			files = (
				8D11072D0486CEB800E47090 /* main.m in Sources */,
				278030D60FD6CAED00D57E59 /* AppController.m in Sources */,
				2740EE4910A38FB800E11BDD /* PrefsController.m in Sources */,
				4D7105F610EECB050066AC0C /* NSObject+SBJSON.m in Sources */,
				4D7105F710EECB050066AC0C /* NSString+SBJSON.m in Sources */,
				4D7105F810EECB050066AC0C /* SBJSON.m in Sources */,
				4D7105F910EECB050066AC0C /* SBJsonBase.m in Sources */,
				4D7105FA10EECB050066AC0C /* SBJsonParser.m in Sources */,
				4D7105FB10EECB050066AC0C /* SBJsonWriter.m in Sources */,
				4D7105FD10EECB050066AC0C /* Tweet.m in Sources */,
				4D7105FF10EECB050066AC0C /* Socket.m in Sources */,
				4D190C4211264B0500BA1A75 /* Messages.m in Sources */,
				4D191023112852C300BA1A75 /* GrowlNotifier.m in Sources */,
				4D6650C8112D984A0011DA0E /* IPFormatter.m in Sources */,
				4D490C66113030F50044C86E /* N2NUserDefaultsController.m in Sources */,
				4D490CF711303E5B0044C86E /* N2NPreferencesDictionary.m in Sources */,
				4DE5EE491142816600277CE6 /* PreferenceWindow.m in Sources */,
				4D65A17D1145C85200F8E737 /* MGTemplateEngine.m in Sources */,
				4D65A17E1145C85200F8E737 /* MGTemplateStandardMarkers.m in Sources */,
				4D65A17F1145C85200F8E737 /* MGTemplateStandardFilters.m in Sources */,
				4D65A1801145C85200F8E737 /* ICUTemplateMatcher.m in Sources */,
				4D65A1811145C85200F8E737 /* RegexKitLite.m in Sources */,
				4D65A1831145C85200F8E737 /* NSArray_DeepMutableCopy.m in Sources */,
				4D65A1841145C85200F8E737 /* NSDictionary_DeepMutableCopy.m in Sources */,
				274622F91146615D00ACC69E /* GaneshStatusView.m in Sources */,
				27D1DD5C1147DA8700965893 /* NSString_urlEncode.m in Sources */,
				4DA5887E114813C1005DAEB4 /* TimelineWindow.m in Sources */,
				4DA5897F1148FC7C005DAEB4 /* EMKeychainItem.m in Sources */,
				275E419B1151510A004B02D5 /* GTMNSString+HTML.m in Sources */,
			);
			runOnlyForDeploymentPostprocessing = 0;
		};
/* End PBXSourcesBuildPhase section */

/* Begin PBXTargetDependency section */
		27FE863E108499C9007D8121 /* PBXTargetDependency */ = {
			isa = PBXTargetDependency;
			name = n2n;
			targetProxy = 27FE863D108499C9007D8121 /* PBXContainerItemProxy */;
		};
		27FE866C10849C26007D8121 /* PBXTargetDependency */ = {
			isa = PBXTargetDependency;
			name = TunHelper;
			targetProxy = 27FE866B10849C26007D8121 /* PBXContainerItemProxy */;
		};
		4DA9E816114E588400EDE9A9 /* PBXTargetDependency */ = {
			isa = PBXTargetDependency;
			name = "ShortcutRecorder.framework - for embedding in ibplugin";
			targetProxy = 4DA9E815114E588400EDE9A9 /* PBXContainerItemProxy */;
		};
		4DE5EF5E1142F52F00277CE6 /* PBXTargetDependency */ = {
			isa = PBXTargetDependency;
			target = 8D1107260486CEB800E47090 /* ganesh */;
			targetProxy = 4DE5EF5D1142F52F00277CE6 /* PBXContainerItemProxy */;
		};
/* End PBXTargetDependency section */

/* Begin PBXVariantGroup section */
		089C165CFE840E0CC02AAC07 /* InfoPlist.strings */ = {
			isa = PBXVariantGroup;
			children = (
				089C165DFE840E0CC02AAC07 /* English */,
			);
			name = InfoPlist.strings;
			sourceTree = "<group>";
		};
		1DDD58140DA1D0A300B32029 /* MainMenu.xib */ = {
			isa = PBXVariantGroup;
			children = (
				1DDD58150DA1D0A300B32029 /* English */,
			);
			name = MainMenu.xib;
			sourceTree = "<group>";
		};
		2740EE3310A38F0800E11BDD /* Preferences.xib */ = {
			isa = PBXVariantGroup;
			children = (
				2740EE3410A38F0800E11BDD /* English */,
			);
			name = Preferences.xib;
			sourceTree = "<group>";
		};
/* End PBXVariantGroup section */

/* Begin XCBuildConfiguration section */
		4DC5B9D6112964DA00871FCE /* Debug */ = {
			isa = XCBuildConfiguration;
			buildSettings = {
				COPY_PHASE_STRIP = NO;
				GCC_DYNAMIC_NO_PIC = NO;
				GCC_OPTIMIZATION_LEVEL = 0;
				PRODUCT_NAME = Distribution;
			};
			name = Debug;
		};
		4DC5B9D7112964DA00871FCE /* Release */ = {
			isa = XCBuildConfiguration;
			buildSettings = {
				COPY_PHASE_STRIP = YES;
				DEBUG_INFORMATION_FORMAT = "dwarf-with-dsym";
				GCC_ENABLE_FIX_AND_CONTINUE = NO;
				PRODUCT_NAME = Distribution;
				ZERO_LINK = NO;
			};
			name = Release;
		};
		C01FCF4B08A954540054247B /* Debug */ = {
			isa = XCBuildConfiguration;
			buildSettings = {
				ALWAYS_SEARCH_USER_PATHS = NO;
				COPY_PHASE_STRIP = NO;
				FRAMEWORK_SEARCH_PATHS = (
					"$(inherited)",
					"\"$(SRCROOT)/External\"",
				);
				GCC_DYNAMIC_NO_PIC = NO;
				GCC_ENABLE_FIX_AND_CONTINUE = YES;
				GCC_MODEL_TUNING = G5;
				GCC_OPTIMIZATION_LEVEL = 0;
				GCC_PRECOMPILE_PREFIX_HEADER = YES;
				GCC_PREFIX_HEADER = ganesh_Prefix.pch;
				INFOPLIST_FILE = Info.plist;
				INSTALL_PATH = "$(HOME)/Applications";
				PRODUCT_NAME = ganesh;
			};
			name = Debug;
		};
		C01FCF4C08A954540054247B /* Release */ = {
			isa = XCBuildConfiguration;
			buildSettings = {
				ALWAYS_SEARCH_USER_PATHS = NO;
				DEBUG_INFORMATION_FORMAT = "dwarf-with-dsym";
				FRAMEWORK_SEARCH_PATHS = (
					"$(inherited)",
					"\"$(SRCROOT)/External\"",
				);
				GCC_MODEL_TUNING = G5;
				GCC_PRECOMPILE_PREFIX_HEADER = YES;
				GCC_PREFIX_HEADER = ganesh_Prefix.pch;
				INFOPLIST_FILE = Info.plist;
				INSTALL_PATH = "$(HOME)/Applications";
				PRODUCT_NAME = ganesh;
			};
			name = Release;
		};
		C01FCF4F08A954540054247B /* Debug */ = {
			isa = XCBuildConfiguration;
			buildSettings = {
				ARCHS = "$(ARCHS_STANDARD_32_64_BIT)";
				GCC_C_LANGUAGE_STANDARD = c99;
				GCC_OPTIMIZATION_LEVEL = 0;
				GCC_WARN_ABOUT_RETURN_TYPE = YES;
				GCC_WARN_UNUSED_VARIABLE = YES;
				HEADER_SEARCH_PATHS = (
					"External/shortcutrecorder/**",
					n2n,
				);
				ONLY_ACTIVE_ARCH = YES;
				OTHER_CFLAGS = (
					"-DDEBUG=1",
					"-DBUILD_FRONTEND=1",
				);
				PREBINDING = NO;
				SDKROOT = macosx10.5;
			};
			name = Debug;
		};
		C01FCF5008A954540054247B /* Release */ = {
			isa = XCBuildConfiguration;
			buildSettings = {
				ARCHS = "$(ARCHS_STANDARD_32_64_BIT)";
				GCC_C_LANGUAGE_STANDARD = c99;
				GCC_WARN_ABOUT_RETURN_TYPE = YES;
				GCC_WARN_UNUSED_VARIABLE = YES;
				HEADER_SEARCH_PATHS = (
					"External/shortcutrecorder/**",
					n2n,
				);
				PREBINDING = NO;
				SDKROOT = macosx10.5;
			};
			name = Release;
		};
/* End XCBuildConfiguration section */

/* Begin XCConfigurationList section */
		4DC5B9D8112964F800871FCE /* Build configuration list for PBXAggregateTarget "Distribution" */ = {
			isa = XCConfigurationList;
			buildConfigurations = (
				4DC5B9D6112964DA00871FCE /* Debug */,
				4DC5B9D7112964DA00871FCE /* Release */,
			);
			defaultConfigurationIsVisible = 0;
			defaultConfigurationName = Release;
		};
		C01FCF4A08A954540054247B /* Build configuration list for PBXNativeTarget "ganesh" */ = {
			isa = XCConfigurationList;
			buildConfigurations = (
				C01FCF4B08A954540054247B /* Debug */,
				C01FCF4C08A954540054247B /* Release */,
			);
			defaultConfigurationIsVisible = 0;
			defaultConfigurationName = Release;
		};
		C01FCF4E08A954540054247B /* Build configuration list for PBXProject "ganesh" */ = {
			isa = XCConfigurationList;
			buildConfigurations = (
				C01FCF4F08A954540054247B /* Debug */,
				C01FCF5008A954540054247B /* Release */,
			);
			defaultConfigurationIsVisible = 0;
			defaultConfigurationName = Release;
		};
/* End XCConfigurationList section */
	};
	rootObject = 29B97313FDCFA39411CA2CEA /* Project object */;
}
