// !$*UTF8*$!
{
	archiveVersion = 1;
	classes = {
	};
	objectVersion = 45;
	objects = {

/* Begin PBXBuildFile section */
		1DDD58160DA1D0A300B32029 /* MainMenu.xib in Resources */ = {isa = PBXBuildFile; fileRef = 1DDD58140DA1D0A300B32029 /* MainMenu.xib */; };
		2708D0B30FDF14BE00E45182 /* n2n.app in Resources */ = {isa = PBXBuildFile; fileRef = 2708D0B20FDF14AF00E45182 /* n2n.app */; };
		2708D2CD0FDF1F9900E45182 /* Security.framework in Frameworks */ = {isa = PBXBuildFile; fileRef = 2708D1010FDF18E200E45182 /* Security.framework */; };
		270D92EF0FF0E34B00E6DB56 /* edge.c in Sources */ = {isa = PBXBuildFile; fileRef = 270D92E10FF0E34B00E6DB56 /* edge.c */; };
		270D92F00FF0E34B00E6DB56 /* minilzo.c in Sources */ = {isa = PBXBuildFile; fileRef = 270D92E20FF0E34B00E6DB56 /* minilzo.c */; };
		270D92F10FF0E34B00E6DB56 /* n2n.c in Sources */ = {isa = PBXBuildFile; fileRef = 270D92E30FF0E34B00E6DB56 /* n2n.c */; };
		270D92F30FF0E34B00E6DB56 /* tuntap_osx.c in Sources */ = {isa = PBXBuildFile; fileRef = 270D92E50FF0E34B00E6DB56 /* tuntap_osx.c */; };
		270D92F40FF0E34B00E6DB56 /* twofish.c in Sources */ = {isa = PBXBuildFile; fileRef = 270D92E60FF0E34B00E6DB56 /* twofish.c */; };
		270D92F50FF0E34B00E6DB56 /* version.c in Sources */ = {isa = PBXBuildFile; fileRef = 270D92E70FF0E34B00E6DB56 /* version.c */; };
		270D93070FF0E3A800E6DB56 /* edge in Resources */ = {isa = PBXBuildFile; fileRef = 270D92D90FF0E2DF00E6DB56 /* edge */; };
		270D932D0FF0E40700E6DB56 /* minilzo.c in Sources */ = {isa = PBXBuildFile; fileRef = 270D92E20FF0E34B00E6DB56 /* minilzo.c */; };
		270D932E0FF0E40700E6DB56 /* n2n.c in Sources */ = {isa = PBXBuildFile; fileRef = 270D92E30FF0E34B00E6DB56 /* n2n.c */; };
		270D932F0FF0E40700E6DB56 /* tuntap_osx.c in Sources */ = {isa = PBXBuildFile; fileRef = 270D92E50FF0E34B00E6DB56 /* tuntap_osx.c */; };
		270D93300FF0E40700E6DB56 /* twofish.c in Sources */ = {isa = PBXBuildFile; fileRef = 270D92E60FF0E34B00E6DB56 /* twofish.c */; };
		270D93310FF0E40700E6DB56 /* version.c in Sources */ = {isa = PBXBuildFile; fileRef = 270D92E70FF0E34B00E6DB56 /* version.c */; };
		270D93330FF0E40700E6DB56 /* supernode.c in Sources */ = {isa = PBXBuildFile; fileRef = 270D92E90FF0E34B00E6DB56 /* supernode.c */; };
		270D93360FF0E42700E6DB56 /* supernode in Resources */ = {isa = PBXBuildFile; fileRef = 270D93270FF0E3EA00E6DB56 /* supernode */; };
		278030D60FD6CAED00D57E59 /* AppController.m in Sources */ = {isa = PBXBuildFile; fileRef = 278030D50FD6CAED00D57E59 /* AppController.m */; };
		2780362F0FD71D7200D57E59 /* ptn_icon_active.png in Resources */ = {isa = PBXBuildFile; fileRef = 2780362D0FD71D7200D57E59 /* ptn_icon_active.png */; };
		278036300FD71D7200D57E59 /* ptn_icon_inactive.png in Resources */ = {isa = PBXBuildFile; fileRef = 2780362E0FD71D7200D57E59 /* ptn_icon_inactive.png */; };
		8D11072B0486CEB800E47090 /* InfoPlist.strings in Resources */ = {isa = PBXBuildFile; fileRef = 089C165CFE840E0CC02AAC07 /* InfoPlist.strings */; };
		8D11072D0486CEB800E47090 /* main.m in Sources */ = {isa = PBXBuildFile; fileRef = 29B97316FDCFA39411CA2CEA /* main.m */; settings = {ATTRIBUTES = (); }; };
		8D11072F0486CEB800E47090 /* Cocoa.framework in Frameworks */ = {isa = PBXBuildFile; fileRef = 1058C7A1FEA54F0111CA2CBB /* Cocoa.framework */; };
/* End PBXBuildFile section */

/* Begin PBXContainerItemProxy section */
		2708D0B10FDF14AF00E45182 /* PBXContainerItemProxy */ = {
			isa = PBXContainerItemProxy;
			containerPortal = 2708D0A50FDF14AF00E45182 /* n2n.xcodeproj */;
			proxyType = 2;
			remoteGlobalIDString = 8D1107320486CEB800E47090;
			remoteInfo = n2n;
		};
		270D93390FF0E44600E6DB56 /* PBXContainerItemProxy */ = {
			isa = PBXContainerItemProxy;
			containerPortal = 29B97313FDCFA39411CA2CEA /* Project object */;
			proxyType = 1;
			remoteGlobalIDString = 270D92D80FF0E2DF00E6DB56 /* edge */;
			remoteInfo = edge;
		};
		270D933B0FF0E44600E6DB56 /* PBXContainerItemProxy */ = {
			isa = PBXContainerItemProxy;
			containerPortal = 29B97313FDCFA39411CA2CEA /* Project object */;
			proxyType = 1;
			remoteGlobalIDString = 270D93260FF0E3EA00E6DB56 /* supernode */;
			remoteInfo = supernode;
		};
/* End PBXContainerItemProxy section */

/* Begin PBXFileReference section */
		089C165DFE840E0CC02AAC07 /* English */ = {isa = PBXFileReference; fileEncoding = 10; lastKnownFileType = text.plist.strings; name = English; path = English.lproj/InfoPlist.strings; sourceTree = "<group>"; };
		1058C7A1FEA54F0111CA2CBB /* Cocoa.framework */ = {isa = PBXFileReference; lastKnownFileType = wrapper.framework; name = Cocoa.framework; path = /System/Library/Frameworks/Cocoa.framework; sourceTree = "<absolute>"; };
		13E42FB307B3F0F600E4EEF1 /* CoreData.framework */ = {isa = PBXFileReference; lastKnownFileType = wrapper.framework; name = CoreData.framework; path = /System/Library/Frameworks/CoreData.framework; sourceTree = "<absolute>"; };
		1DDD58150DA1D0A300B32029 /* English */ = {isa = PBXFileReference; lastKnownFileType = file.xib; name = English; path = English.lproj/MainMenu.xib; sourceTree = "<group>"; };
		2708D0A50FDF14AF00E45182 /* n2n.xcodeproj */ = {isa = PBXFileReference; lastKnownFileType = "wrapper.pb-project"; name = n2n.xcodeproj; path = n2n/osx/n2n.xcodeproj; sourceTree = "<group>"; };
		2708D1010FDF18E200E45182 /* Security.framework */ = {isa = PBXFileReference; lastKnownFileType = wrapper.framework; name = Security.framework; path = System/Library/Frameworks/Security.framework; sourceTree = SDKROOT; };
		270D92D90FF0E2DF00E6DB56 /* edge */ = {isa = PBXFileReference; explicitFileType = "compiled.mach-o.executable"; includeInIndex = 0; path = edge; sourceTree = BUILT_PRODUCTS_DIR; };
		270D92E10FF0E34B00E6DB56 /* edge.c */ = {isa = PBXFileReference; fileEncoding = 4; lastKnownFileType = sourcecode.c.c; path = edge.c; sourceTree = "<group>"; };
		270D92E20FF0E34B00E6DB56 /* minilzo.c */ = {isa = PBXFileReference; fileEncoding = 4; lastKnownFileType = sourcecode.c.c; path = minilzo.c; sourceTree = "<group>"; };
		270D92E30FF0E34B00E6DB56 /* n2n.c */ = {isa = PBXFileReference; fileEncoding = 4; lastKnownFileType = sourcecode.c.c; path = n2n.c; sourceTree = "<group>"; };
		270D92E50FF0E34B00E6DB56 /* tuntap_osx.c */ = {isa = PBXFileReference; fileEncoding = 4; lastKnownFileType = sourcecode.c.c; path = tuntap_osx.c; sourceTree = "<group>"; };
		270D92E60FF0E34B00E6DB56 /* twofish.c */ = {isa = PBXFileReference; fileEncoding = 4; lastKnownFileType = sourcecode.c.c; path = twofish.c; sourceTree = "<group>"; };
		270D92E70FF0E34B00E6DB56 /* version.c */ = {isa = PBXFileReference; fileEncoding = 4; lastKnownFileType = sourcecode.c.c; path = version.c; sourceTree = "<group>"; };
		270D92E80FF0E34B00E6DB56 /* twofish.h */ = {isa = PBXFileReference; fileEncoding = 4; lastKnownFileType = sourcecode.c.h; path = twofish.h; sourceTree = "<group>"; };
		270D92E90FF0E34B00E6DB56 /* supernode.c */ = {isa = PBXFileReference; fileEncoding = 4; lastKnownFileType = sourcecode.c.c; path = supernode.c; sourceTree = "<group>"; };
		270D92EA0FF0E34B00E6DB56 /* tuntap_freebsd.c */ = {isa = PBXFileReference; fileEncoding = 4; lastKnownFileType = sourcecode.c.c; path = tuntap_freebsd.c; sourceTree = "<group>"; };
		270D92EB0FF0E34B00E6DB56 /* tuntap_linux.c */ = {isa = PBXFileReference; fileEncoding = 4; lastKnownFileType = sourcecode.c.c; path = tuntap_linux.c; sourceTree = "<group>"; };
		270D92EC0FF0E34B00E6DB56 /* lzoconf.h */ = {isa = PBXFileReference; fileEncoding = 4; lastKnownFileType = sourcecode.c.h; path = lzoconf.h; sourceTree = "<group>"; };
		270D92ED0FF0E34B00E6DB56 /* lzodefs.h */ = {isa = PBXFileReference; fileEncoding = 4; lastKnownFileType = sourcecode.c.h; path = lzodefs.h; sourceTree = "<group>"; };
		270D92EE0FF0E34B00E6DB56 /* edge.h */ = {isa = PBXFileReference; fileEncoding = 4; lastKnownFileType = sourcecode.c.h; path = edge.h; sourceTree = "<group>"; };
		270D93270FF0E3EA00E6DB56 /* supernode */ = {isa = PBXFileReference; explicitFileType = "compiled.mach-o.executable"; includeInIndex = 0; path = supernode; sourceTree = BUILT_PRODUCTS_DIR; };
		278030D40FD6CAED00D57E59 /* AppController.h */ = {isa = PBXFileReference; fileEncoding = 4; lastKnownFileType = sourcecode.c.h; path = AppController.h; sourceTree = "<group>"; };
		278030D50FD6CAED00D57E59 /* AppController.m */ = {isa = PBXFileReference; fileEncoding = 4; lastKnownFileType = sourcecode.c.objc; path = AppController.m; sourceTree = "<group>"; };
		2780362D0FD71D7200D57E59 /* ptn_icon_active.png */ = {isa = PBXFileReference; lastKnownFileType = image.png; name = ptn_icon_active.png; path = images/ptn_icon_active.png; sourceTree = "<group>"; };
		2780362E0FD71D7200D57E59 /* ptn_icon_inactive.png */ = {isa = PBXFileReference; lastKnownFileType = image.png; name = ptn_icon_inactive.png; path = images/ptn_icon_inactive.png; sourceTree = "<group>"; };
		29B97316FDCFA39411CA2CEA /* main.m */ = {isa = PBXFileReference; fileEncoding = 4; lastKnownFileType = sourcecode.c.objc; path = main.m; sourceTree = "<group>"; };
		29B97324FDCFA39411CA2CEA /* AppKit.framework */ = {isa = PBXFileReference; lastKnownFileType = wrapper.framework; name = AppKit.framework; path = /System/Library/Frameworks/AppKit.framework; sourceTree = "<absolute>"; };
		29B97325FDCFA39411CA2CEA /* Foundation.framework */ = {isa = PBXFileReference; lastKnownFileType = wrapper.framework; name = Foundation.framework; path = /System/Library/Frameworks/Foundation.framework; sourceTree = "<absolute>"; };
		32CA4F630368D1EE00C91783 /* ganesh_Prefix.pch */ = {isa = PBXFileReference; fileEncoding = 4; lastKnownFileType = sourcecode.c.h; path = ganesh_Prefix.pch; sourceTree = "<group>"; };
		8D1107310486CEB800E47090 /* Info.plist */ = {isa = PBXFileReference; fileEncoding = 4; lastKnownFileType = text.plist.xml; path = Info.plist; sourceTree = "<group>"; };
		8D1107320486CEB800E47090 /* ganesh.app */ = {isa = PBXFileReference; explicitFileType = wrapper.application; includeInIndex = 0; path = ganesh.app; sourceTree = BUILT_PRODUCTS_DIR; };
/* End PBXFileReference section */

/* Begin PBXFrameworksBuildPhase section */
		270D92D70FF0E2DF00E6DB56 /* Frameworks */ = {
			isa = PBXFrameworksBuildPhase;
			buildActionMask = 2147483647;
			files = (
			);
			runOnlyForDeploymentPostprocessing = 0;
		};
		270D93250FF0E3EA00E6DB56 /* Frameworks */ = {
			isa = PBXFrameworksBuildPhase;
			buildActionMask = 2147483647;
			files = (
			);
			runOnlyForDeploymentPostprocessing = 0;
		};
		8D11072E0486CEB800E47090 /* Frameworks */ = {
			isa = PBXFrameworksBuildPhase;
			buildActionMask = 2147483647;
			files = (
				8D11072F0486CEB800E47090 /* Cocoa.framework in Frameworks */,
				2708D2CD0FDF1F9900E45182 /* Security.framework in Frameworks */,
			);
			runOnlyForDeploymentPostprocessing = 0;
		};
/* End PBXFrameworksBuildPhase section */

/* Begin PBXGroup section */
		080E96DDFE201D6D7F000001 /* Classes */ = {
			isa = PBXGroup;
			children = (
				270D92DE0FF0E2F200E6DB56 /* n2n */,
				278030D40FD6CAED00D57E59 /* AppController.h */,
				278030D50FD6CAED00D57E59 /* AppController.m */,
			);
			path = Classes;
			sourceTree = "<group>";
		};
		1058C7A0FEA54F0111CA2CBB /* Linked Frameworks */ = {
			isa = PBXGroup;
			children = (
				1058C7A1FEA54F0111CA2CBB /* Cocoa.framework */,
			);
			name = "Linked Frameworks";
			sourceTree = "<group>";
		};
		1058C7A2FEA54F0111CA2CBB /* Other Frameworks */ = {
			isa = PBXGroup;
			children = (
				29B97324FDCFA39411CA2CEA /* AppKit.framework */,
				13E42FB307B3F0F600E4EEF1 /* CoreData.framework */,
				29B97325FDCFA39411CA2CEA /* Foundation.framework */,
			);
			name = "Other Frameworks";
			sourceTree = "<group>";
		};
		19C28FACFE9D520D11CA2CBB /* Products */ = {
			isa = PBXGroup;
			children = (
				2708D0A50FDF14AF00E45182 /* n2n.xcodeproj */,
				8D1107320486CEB800E47090 /* ganesh.app */,
				270D92D90FF0E2DF00E6DB56 /* edge */,
				270D93270FF0E3EA00E6DB56 /* supernode */,
			);
			name = Products;
			sourceTree = "<group>";
		};
		2708D0A60FDF14AF00E45182 /* Products */ = {
			isa = PBXGroup;
			children = (
				2708D0B20FDF14AF00E45182 /* n2n.app */,
			);
			name = Products;
			sourceTree = "<group>";
		};
		270D92DE0FF0E2F200E6DB56 /* n2n */ = {
			isa = PBXGroup;
			children = (
				270D92E10FF0E34B00E6DB56 /* edge.c */,
				270D92E20FF0E34B00E6DB56 /* minilzo.c */,
				270D92E30FF0E34B00E6DB56 /* n2n.c */,
				270D92E50FF0E34B00E6DB56 /* tuntap_osx.c */,
				270D92E60FF0E34B00E6DB56 /* twofish.c */,
				270D92E70FF0E34B00E6DB56 /* version.c */,
				270D92E80FF0E34B00E6DB56 /* twofish.h */,
				270D92E90FF0E34B00E6DB56 /* supernode.c */,
				270D92EA0FF0E34B00E6DB56 /* tuntap_freebsd.c */,
				270D92EB0FF0E34B00E6DB56 /* tuntap_linux.c */,
				270D92EC0FF0E34B00E6DB56 /* lzoconf.h */,
				270D92ED0FF0E34B00E6DB56 /* lzodefs.h */,
				270D92EE0FF0E34B00E6DB56 /* edge.h */,
			);
			name = n2n;
			path = ../n2n;
			sourceTree = "<group>";
		};
		29B97314FDCFA39411CA2CEA /* ganesh */ = {
			isa = PBXGroup;
			children = (
				080E96DDFE201D6D7F000001 /* Classes */,
				29B97315FDCFA39411CA2CEA /* Other Sources */,
				29B97317FDCFA39411CA2CEA /* Resources */,
				29B97323FDCFA39411CA2CEA /* Frameworks */,
				19C28FACFE9D520D11CA2CBB /* Products */,
				2708D1010FDF18E200E45182 /* Security.framework */,
			);
			name = ganesh;
			sourceTree = "<group>";
		};
		29B97315FDCFA39411CA2CEA /* Other Sources */ = {
			isa = PBXGroup;
			children = (
				32CA4F630368D1EE00C91783 /* ganesh_Prefix.pch */,
				29B97316FDCFA39411CA2CEA /* main.m */,
			);
			name = "Other Sources";
			sourceTree = "<group>";
		};
		29B97317FDCFA39411CA2CEA /* Resources */ = {
			isa = PBXGroup;
			children = (
				2780362D0FD71D7200D57E59 /* ptn_icon_active.png */,
				2780362E0FD71D7200D57E59 /* ptn_icon_inactive.png */,
				8D1107310486CEB800E47090 /* Info.plist */,
				089C165CFE840E0CC02AAC07 /* InfoPlist.strings */,
				1DDD58140DA1D0A300B32029 /* MainMenu.xib */,
			);
			name = Resources;
			sourceTree = "<group>";
		};
		29B97323FDCFA39411CA2CEA /* Frameworks */ = {
			isa = PBXGroup;
			children = (
				1058C7A0FEA54F0111CA2CBB /* Linked Frameworks */,
				1058C7A2FEA54F0111CA2CBB /* Other Frameworks */,
			);
			name = Frameworks;
			sourceTree = "<group>";
		};
/* End PBXGroup section */

/* Begin PBXNativeTarget section */
		270D92D80FF0E2DF00E6DB56 /* edge */ = {
			isa = PBXNativeTarget;
			buildConfigurationList = 270D92DF0FF0E2F200E6DB56 /* Build configuration list for PBXNativeTarget "edge" */;
			buildPhases = (
				270D92D60FF0E2DF00E6DB56 /* Sources */,
				270D92D70FF0E2DF00E6DB56 /* Frameworks */,
			);
			buildRules = (
			);
			dependencies = (
			);
			name = edge;
			productName = edge;
			productReference = 270D92D90FF0E2DF00E6DB56 /* edge */;
			productType = "com.apple.product-type.tool";
		};
		270D93260FF0E3EA00E6DB56 /* supernode */ = {
			isa = PBXNativeTarget;
			buildConfigurationList = 270D93410FF0E47C00E6DB56 /* Build configuration list for PBXNativeTarget "supernode" */;
			buildPhases = (
				270D93240FF0E3EA00E6DB56 /* Sources */,
				270D93250FF0E3EA00E6DB56 /* Frameworks */,
			);
			buildRules = (
			);
			dependencies = (
			);
			name = supernode;
			productName = supernode;
			productReference = 270D93270FF0E3EA00E6DB56 /* supernode */;
			productType = "com.apple.product-type.tool";
		};
		8D1107260486CEB800E47090 /* ganesh */ = {
			isa = PBXNativeTarget;
			buildConfigurationList = C01FCF4A08A954540054247B /* Build configuration list for PBXNativeTarget "ganesh" */;
			buildPhases = (
				8D1107290486CEB800E47090 /* Resources */,
				8D11072C0486CEB800E47090 /* Sources */,
				8D11072E0486CEB800E47090 /* Frameworks */,
			);
			buildRules = (
			);
			dependencies = (
				270D933A0FF0E44600E6DB56 /* PBXTargetDependency */,
				270D933C0FF0E44600E6DB56 /* PBXTargetDependency */,
			);
			name = ganesh;
			productInstallPath = "$(HOME)/Applications";
			productName = ganesh;
			productReference = 8D1107320486CEB800E47090 /* ganesh.app */;
			productType = "com.apple.product-type.application";
		};
/* End PBXNativeTarget section */

/* Begin PBXProject section */
		29B97313FDCFA39411CA2CEA /* Project object */ = {
			isa = PBXProject;
			buildConfigurationList = C01FCF4E08A954540054247B /* Build configuration list for PBXProject "ganesh" */;
			compatibilityVersion = "Xcode 3.1";
			hasScannedForEncodings = 1;
			mainGroup = 29B97314FDCFA39411CA2CEA /* ganesh */;
			projectDirPath = "";
			projectReferences = (
				{
					ProductGroup = 2708D0A60FDF14AF00E45182 /* Products */;
					ProjectRef = 2708D0A50FDF14AF00E45182 /* n2n.xcodeproj */;
				},
			);
			projectRoot = "";
			targets = (
				270D92D80FF0E2DF00E6DB56 /* edge */,
				270D93260FF0E3EA00E6DB56 /* supernode */,
				8D1107260486CEB800E47090 /* ganesh */,
			);
		};
/* End PBXProject section */

/* Begin PBXReferenceProxy section */
		2708D0B20FDF14AF00E45182 /* n2n.app */ = {
			isa = PBXReferenceProxy;
			fileType = wrapper.application;
			path = n2n.app;
			remoteRef = 2708D0B10FDF14AF00E45182 /* PBXContainerItemProxy */;
			sourceTree = BUILT_PRODUCTS_DIR;
		};
/* End PBXReferenceProxy section */

/* Begin PBXResourcesBuildPhase section */
		8D1107290486CEB800E47090 /* Resources */ = {
			isa = PBXResourcesBuildPhase;
			buildActionMask = 2147483647;
			files = (
				270D93360FF0E42700E6DB56 /* supernode in Resources */,
				270D93070FF0E3A800E6DB56 /* edge in Resources */,
				2708D0B30FDF14BE00E45182 /* n2n.app in Resources */,
				8D11072B0486CEB800E47090 /* InfoPlist.strings in Resources */,
				1DDD58160DA1D0A300B32029 /* MainMenu.xib in Resources */,
				2780362F0FD71D7200D57E59 /* ptn_icon_active.png in Resources */,
				278036300FD71D7200D57E59 /* ptn_icon_inactive.png in Resources */,
			);
			runOnlyForDeploymentPostprocessing = 0;
		};
/* End PBXResourcesBuildPhase section */

/* Begin PBXSourcesBuildPhase section */
		270D92D60FF0E2DF00E6DB56 /* Sources */ = {
			isa = PBXSourcesBuildPhase;
			buildActionMask = 2147483647;
			files = (
				270D92EF0FF0E34B00E6DB56 /* edge.c in Sources */,
				270D92F00FF0E34B00E6DB56 /* minilzo.c in Sources */,
				270D92F10FF0E34B00E6DB56 /* n2n.c in Sources */,
				270D92F30FF0E34B00E6DB56 /* tuntap_osx.c in Sources */,
				270D92F40FF0E34B00E6DB56 /* twofish.c in Sources */,
				270D92F50FF0E34B00E6DB56 /* version.c in Sources */,
			);
			runOnlyForDeploymentPostprocessing = 0;
		};
		270D93240FF0E3EA00E6DB56 /* Sources */ = {
			isa = PBXSourcesBuildPhase;
			buildActionMask = 2147483647;
			files = (
				270D932D0FF0E40700E6DB56 /* minilzo.c in Sources */,
				270D932E0FF0E40700E6DB56 /* n2n.c in Sources */,
				270D932F0FF0E40700E6DB56 /* tuntap_osx.c in Sources */,
				270D93300FF0E40700E6DB56 /* twofish.c in Sources */,
				270D93310FF0E40700E6DB56 /* version.c in Sources */,
				270D93330FF0E40700E6DB56 /* supernode.c in Sources */,
			);
			runOnlyForDeploymentPostprocessing = 0;
		};
		8D11072C0486CEB800E47090 /* Sources */ = {
			isa = PBXSourcesBuildPhase;
			buildActionMask = 2147483647;
			files = (
				8D11072D0486CEB800E47090 /* main.m in Sources */,
				278030D60FD6CAED00D57E59 /* AppController.m in Sources */,
			);
			runOnlyForDeploymentPostprocessing = 0;
		};
/* End PBXSourcesBuildPhase section */

/* Begin PBXTargetDependency section */
		270D933A0FF0E44600E6DB56 /* PBXTargetDependency */ = {
			isa = PBXTargetDependency;
			target = 270D92D80FF0E2DF00E6DB56 /* edge */;
			targetProxy = 270D93390FF0E44600E6DB56 /* PBXContainerItemProxy */;
		};
		270D933C0FF0E44600E6DB56 /* PBXTargetDependency */ = {
			isa = PBXTargetDependency;
			target = 270D93260FF0E3EA00E6DB56 /* supernode */;
			targetProxy = 270D933B0FF0E44600E6DB56 /* PBXContainerItemProxy */;
		};
/* End PBXTargetDependency section */

/* Begin PBXVariantGroup section */
		089C165CFE840E0CC02AAC07 /* InfoPlist.strings */ = {
			isa = PBXVariantGroup;
			children = (
				089C165DFE840E0CC02AAC07 /* English */,
			);
			name = InfoPlist.strings;
			sourceTree = "<group>";
		};
		1DDD58140DA1D0A300B32029 /* MainMenu.xib */ = {
			isa = PBXVariantGroup;
			children = (
				1DDD58150DA1D0A300B32029 /* English */,
			);
			name = MainMenu.xib;
			sourceTree = "<group>";
		};
/* End PBXVariantGroup section */

/* Begin XCBuildConfiguration section */
		270D92DB0FF0E2E100E6DB56 /* Debug */ = {
			isa = XCBuildConfiguration;
			buildSettings = {
				ALWAYS_SEARCH_USER_PATHS = NO;
				COPY_PHASE_STRIP = NO;
				GCC_DYNAMIC_NO_PIC = NO;
				GCC_ENABLE_FIX_AND_CONTINUE = YES;
				GCC_MODEL_TUNING = G5;
				GCC_OPTIMIZATION_LEVEL = 0;
				INSTALL_PATH = /usr/local/bin;
				PREBINDING = NO;
				PRODUCT_NAME = edge;
			};
			name = Debug;
		};
		270D92DC0FF0E2E100E6DB56 /* Release */ = {
			isa = XCBuildConfiguration;
			buildSettings = {
				ALWAYS_SEARCH_USER_PATHS = NO;
				COPY_PHASE_STRIP = YES;
				DEBUG_INFORMATION_FORMAT = "dwarf-with-dsym";
				GCC_ENABLE_FIX_AND_CONTINUE = NO;
				GCC_MODEL_TUNING = G5;
				INSTALL_PATH = /usr/local/bin;
				PREBINDING = NO;
				PRODUCT_NAME = edge;
				ZERO_LINK = NO;
			};
			name = Release;
		};
		270D93290FF0E3EC00E6DB56 /* Debug */ = {
			isa = XCBuildConfiguration;
			buildSettings = {
				ALWAYS_SEARCH_USER_PATHS = NO;
				COPY_PHASE_STRIP = NO;
				GCC_DYNAMIC_NO_PIC = NO;
				GCC_ENABLE_FIX_AND_CONTINUE = YES;
				GCC_MODEL_TUNING = G5;
				GCC_OPTIMIZATION_LEVEL = 0;
				INSTALL_PATH = /usr/local/bin;
				PREBINDING = NO;
				PRODUCT_NAME = supernode;
			};
			name = Debug;
		};
		270D932A0FF0E3EC00E6DB56 /* Release */ = {
			isa = XCBuildConfiguration;
			buildSettings = {
				ALWAYS_SEARCH_USER_PATHS = NO;
				COPY_PHASE_STRIP = YES;
				DEBUG_INFORMATION_FORMAT = "dwarf-with-dsym";
				GCC_ENABLE_FIX_AND_CONTINUE = NO;
				GCC_MODEL_TUNING = G5;
				INSTALL_PATH = /usr/local/bin;
				PREBINDING = NO;
				PRODUCT_NAME = supernode;
				ZERO_LINK = NO;
			};
			name = Release;
		};
		C01FCF4B08A954540054247B /* Debug */ = {
			isa = XCBuildConfiguration;
			buildSettings = {
				ALWAYS_SEARCH_USER_PATHS = NO;
				COPY_PHASE_STRIP = NO;
				GCC_DYNAMIC_NO_PIC = NO;
				GCC_ENABLE_FIX_AND_CONTINUE = YES;
				GCC_MODEL_TUNING = G5;
				GCC_OPTIMIZATION_LEVEL = 0;
				GCC_PRECOMPILE_PREFIX_HEADER = YES;
				GCC_PREFIX_HEADER = ganesh_Prefix.pch;
				INFOPLIST_FILE = Info.plist;
				INSTALL_PATH = "$(HOME)/Applications";
				PRODUCT_NAME = ganesh;
			};
			name = Debug;
		};
		C01FCF4C08A954540054247B /* Release */ = {
			isa = XCBuildConfiguration;
			buildSettings = {
				ALWAYS_SEARCH_USER_PATHS = NO;
				DEBUG_INFORMATION_FORMAT = "dwarf-with-dsym";
				GCC_MODEL_TUNING = G5;
				GCC_PRECOMPILE_PREFIX_HEADER = YES;
				GCC_PREFIX_HEADER = ganesh_Prefix.pch;
				INFOPLIST_FILE = Info.plist;
				INSTALL_PATH = "$(HOME)/Applications";
				PRODUCT_NAME = ganesh;
			};
			name = Release;
		};
		C01FCF4F08A954540054247B /* Debug */ = {
			isa = XCBuildConfiguration;
			buildSettings = {
				ARCHS = "$(ARCHS_STANDARD_32_BIT)";
				GCC_C_LANGUAGE_STANDARD = c99;
				GCC_OPTIMIZATION_LEVEL = 0;
				GCC_WARN_ABOUT_RETURN_TYPE = YES;
				GCC_WARN_UNUSED_VARIABLE = YES;
				HEADER_SEARCH_PATHS = n2n;
				ONLY_ACTIVE_ARCH = YES;
				PREBINDING = NO;
				SDKROOT = macosx10.5;
			};
			name = Debug;
		};
		C01FCF5008A954540054247B /* Release */ = {
			isa = XCBuildConfiguration;
			buildSettings = {
				ARCHS = "$(ARCHS_STANDARD_32_BIT)";
				GCC_C_LANGUAGE_STANDARD = c99;
				GCC_WARN_ABOUT_RETURN_TYPE = YES;
				GCC_WARN_UNUSED_VARIABLE = YES;
				PREBINDING = NO;
				SDKROOT = macosx10.5;
			};
			name = Release;
		};
/* End XCBuildConfiguration section */

/* Begin XCConfigurationList section */
		270D92DF0FF0E2F200E6DB56 /* Build configuration list for PBXNativeTarget "edge" */ = {
			isa = XCConfigurationList;
			buildConfigurations = (
				270D92DB0FF0E2E100E6DB56 /* Debug */,
				270D92DC0FF0E2E100E6DB56 /* Release */,
			);
			defaultConfigurationIsVisible = 0;
			defaultConfigurationName = Release;
		};
		270D93410FF0E47C00E6DB56 /* Build configuration list for PBXNativeTarget "supernode" */ = {
			isa = XCConfigurationList;
			buildConfigurations = (
				270D93290FF0E3EC00E6DB56 /* Debug */,
				270D932A0FF0E3EC00E6DB56 /* Release */,
			);
			defaultConfigurationIsVisible = 0;
			defaultConfigurationName = Release;
		};
		C01FCF4A08A954540054247B /* Build configuration list for PBXNativeTarget "ganesh" */ = {
			isa = XCConfigurationList;
			buildConfigurations = (
				C01FCF4B08A954540054247B /* Debug */,
				C01FCF4C08A954540054247B /* Release */,
			);
			defaultConfigurationIsVisible = 0;
			defaultConfigurationName = Release;
		};
		C01FCF4E08A954540054247B /* Build configuration list for PBXProject "ganesh" */ = {
			isa = XCConfigurationList;
			buildConfigurations = (
				C01FCF4F08A954540054247B /* Debug */,
				C01FCF5008A954540054247B /* Release */,
			);
			defaultConfigurationIsVisible = 0;
			defaultConfigurationName = Release;
		};
/* End XCConfigurationList section */
	};
	rootObject = 29B97313FDCFA39411CA2CEA /* Project object */;
}
