// !$*UTF8*$!
{
	archiveVersion = 1;
	classes = {
	};
	objectVersion = 45;
	objects = {

/* Begin PBXBuildFile section */
		1DDD58160DA1D0A300B32029 /* MainMenu.xib in Resources */ = {isa = PBXBuildFile; fileRef = 1DDD58140DA1D0A300B32029 /* MainMenu.xib */; };
		2708D0B30FDF14BE00E45182 /* n2n.app in Resources */ = {isa = PBXBuildFile; fileRef = 2708D0B20FDF14AF00E45182 /* n2n.app */; };
		2708D2CD0FDF1F9900E45182 /* Security.framework in Frameworks */ = {isa = PBXBuildFile; fileRef = 2708D1010FDF18E200E45182 /* Security.framework */; };
		2740EE3510A38F0800E11BDD /* Preferences.xib in Resources */ = {isa = PBXBuildFile; fileRef = 2740EE3310A38F0800E11BDD /* Preferences.xib */; };
		2740EE4910A38FB800E11BDD /* PrefsController.m in Sources */ = {isa = PBXBuildFile; fileRef = 2740EE4810A38FB800E11BDD /* PrefsController.m */; };
		278030D60FD6CAED00D57E59 /* AppController.m in Sources */ = {isa = PBXBuildFile; fileRef = 278030D50FD6CAED00D57E59 /* AppController.m */; };
		2780362F0FD71D7200D57E59 /* ptn_icon_active.png in Resources */ = {isa = PBXBuildFile; fileRef = 2780362D0FD71D7200D57E59 /* ptn_icon_active.png */; };
		278036300FD71D7200D57E59 /* ptn_icon_inactive.png in Resources */ = {isa = PBXBuildFile; fileRef = 2780362E0FD71D7200D57E59 /* ptn_icon_inactive.png */; };
		27931890108BC93E00C7975F /* BWToolkitFramework.framework in Frameworks */ = {isa = PBXBuildFile; fileRef = 2793188F108BC93E00C7975F /* BWToolkitFramework.framework */; };
		279318D2108BC96900C7975F /* BWToolkitFramework.framework in CopyFiles */ = {isa = PBXBuildFile; fileRef = 2793188F108BC93E00C7975F /* BWToolkitFramework.framework */; };
		27F29F5110C5B3EF0056C09C /* tap.kext in CopyFiles */ = {isa = PBXBuildFile; fileRef = 27F29F3E10C5B3E20056C09C /* tap.kext */; };
		27F29F5210C5B3EF0056C09C /* tun.kext in CopyFiles */ = {isa = PBXBuildFile; fileRef = 27F29F3F10C5B3E20056C09C /* tun.kext */; };
		4D7105F610EECB050066AC0C /* NSObject+SBJSON.m in Sources */ = {isa = PBXBuildFile; fileRef = 4D7105DE10EECB050066AC0C /* NSObject+SBJSON.m */; };
		4D7105F710EECB050066AC0C /* NSString+SBJSON.m in Sources */ = {isa = PBXBuildFile; fileRef = 4D7105E010EECB050066AC0C /* NSString+SBJSON.m */; };
		4D7105F810EECB050066AC0C /* SBJSON.m in Sources */ = {isa = PBXBuildFile; fileRef = 4D7105E210EECB050066AC0C /* SBJSON.m */; };
		4D7105F910EECB050066AC0C /* SBJsonBase.m in Sources */ = {isa = PBXBuildFile; fileRef = 4D7105E410EECB050066AC0C /* SBJsonBase.m */; };
		4D7105FA10EECB050066AC0C /* SBJsonParser.m in Sources */ = {isa = PBXBuildFile; fileRef = 4D7105E610EECB050066AC0C /* SBJsonParser.m */; };
		4D7105FB10EECB050066AC0C /* SBJsonWriter.m in Sources */ = {isa = PBXBuildFile; fileRef = 4D7105E810EECB050066AC0C /* SBJsonWriter.m */; };
		4D7105FC10EECB050066AC0C /* TweetController.m in Sources */ = {isa = PBXBuildFile; fileRef = 4D7105EB10EECB050066AC0C /* TweetController.m */; };
		4D7105FD10EECB050066AC0C /* Tweet.m in Sources */ = {isa = PBXBuildFile; fileRef = 4D7105ED10EECB050066AC0C /* Tweet.m */; };
		4D7105FF10EECB050066AC0C /* Socket.m in Sources */ = {isa = PBXBuildFile; fileRef = 4D7105F210EECB050066AC0C /* Socket.m */; };
		4D71060010EECB050066AC0C /* PreferenceController.m in Sources */ = {isa = PBXBuildFile; fileRef = 4D7105F510EECB050066AC0C /* PreferenceController.m */; };
		8D11072B0486CEB800E47090 /* InfoPlist.strings in Resources */ = {isa = PBXBuildFile; fileRef = 089C165CFE840E0CC02AAC07 /* InfoPlist.strings */; };
		8D11072D0486CEB800E47090 /* main.m in Sources */ = {isa = PBXBuildFile; fileRef = 29B97316FDCFA39411CA2CEA /* main.m */; settings = {ATTRIBUTES = (); }; };
		8D11072F0486CEB800E47090 /* Cocoa.framework in Frameworks */ = {isa = PBXBuildFile; fileRef = 1058C7A1FEA54F0111CA2CBB /* Cocoa.framework */; };
/* End PBXBuildFile section */

/* Begin PBXContainerItemProxy section */
		2708D0B10FDF14AF00E45182 /* PBXContainerItemProxy */ = {
			isa = PBXContainerItemProxy;
			containerPortal = 2708D0A50FDF14AF00E45182 /* n2n.xcodeproj */;
			proxyType = 2;
			remoteGlobalIDString = 8D1107320486CEB800E47090;
			remoteInfo = n2n;
		};
		274DEE1710849039009F29D4 /* PBXContainerItemProxy */ = {
			isa = PBXContainerItemProxy;
			containerPortal = 2708D0A50FDF14AF00E45182 /* n2n.xcodeproj */;
			proxyType = 2;
			remoteGlobalIDString = 27D1886D107C9870001F2B3F;
			remoteInfo = TunHelper;
		};
		27FE863D108499C9007D8121 /* PBXContainerItemProxy */ = {
			isa = PBXContainerItemProxy;
			containerPortal = 2708D0A50FDF14AF00E45182 /* n2n.xcodeproj */;
			proxyType = 1;
			remoteGlobalIDString = 8D1107260486CEB800E47090;
			remoteInfo = n2n;
		};
		27FE866B10849C26007D8121 /* PBXContainerItemProxy */ = {
			isa = PBXContainerItemProxy;
			containerPortal = 2708D0A50FDF14AF00E45182 /* n2n.xcodeproj */;
			proxyType = 1;
			remoteGlobalIDString = 27D1886C107C9870001F2B3F;
			remoteInfo = TunHelper;
		};
/* End PBXContainerItemProxy section */

/* Begin PBXCopyFilesBuildPhase section */
		279318DB108BC96F00C7975F /* CopyFiles */ = {
			isa = PBXCopyFilesBuildPhase;
			buildActionMask = 2147483647;
			dstPath = "";
			dstSubfolderSpec = 10;
			files = (
				279318D2108BC96900C7975F /* BWToolkitFramework.framework in CopyFiles */,
			);
			runOnlyForDeploymentPostprocessing = 0;
		};
		27F29F3B10C5B3D70056C09C /* CopyFiles */ = {
			isa = PBXCopyFilesBuildPhase;
			buildActionMask = 2147483647;
			dstPath = tuntap;
			dstSubfolderSpec = 7;
			files = (
				27F29F5110C5B3EF0056C09C /* tap.kext in CopyFiles */,
				27F29F5210C5B3EF0056C09C /* tun.kext in CopyFiles */,
			);
			runOnlyForDeploymentPostprocessing = 0;
		};
/* End PBXCopyFilesBuildPhase section */

/* Begin PBXFileReference section */
		089C165DFE840E0CC02AAC07 /* English */ = {isa = PBXFileReference; fileEncoding = 10; lastKnownFileType = text.plist.strings; name = English; path = English.lproj/InfoPlist.strings; sourceTree = "<group>"; };
		1058C7A1FEA54F0111CA2CBB /* Cocoa.framework */ = {isa = PBXFileReference; lastKnownFileType = wrapper.framework; name = Cocoa.framework; path = /System/Library/Frameworks/Cocoa.framework; sourceTree = "<absolute>"; };
		13E42FB307B3F0F600E4EEF1 /* CoreData.framework */ = {isa = PBXFileReference; lastKnownFileType = wrapper.framework; name = CoreData.framework; path = /System/Library/Frameworks/CoreData.framework; sourceTree = "<absolute>"; };
		1DDD58150DA1D0A300B32029 /* English */ = {isa = PBXFileReference; lastKnownFileType = file.xib; name = English; path = English.lproj/MainMenu.xib; sourceTree = "<group>"; };
		2708D0A50FDF14AF00E45182 /* n2n.xcodeproj */ = {isa = PBXFileReference; lastKnownFileType = "wrapper.pb-project"; name = n2n.xcodeproj; path = n2n/osx/n2n.xcodeproj; sourceTree = "<group>"; };
		2708D1010FDF18E200E45182 /* Security.framework */ = {isa = PBXFileReference; lastKnownFileType = wrapper.framework; name = Security.framework; path = System/Library/Frameworks/Security.framework; sourceTree = SDKROOT; };
		2740EE3410A38F0800E11BDD /* English */ = {isa = PBXFileReference; lastKnownFileType = file.xib; name = English; path = English.lproj/Preferences.xib; sourceTree = "<group>"; };
		2740EE4710A38FB800E11BDD /* PrefsController.h */ = {isa = PBXFileReference; fileEncoding = 4; lastKnownFileType = sourcecode.c.h; path = PrefsController.h; sourceTree = "<group>"; };
		2740EE4810A38FB800E11BDD /* PrefsController.m */ = {isa = PBXFileReference; fileEncoding = 4; lastKnownFileType = sourcecode.c.objc; path = PrefsController.m; sourceTree = "<group>"; };
		278030D40FD6CAED00D57E59 /* AppController.h */ = {isa = PBXFileReference; fileEncoding = 4; lastKnownFileType = sourcecode.c.h; path = AppController.h; sourceTree = "<group>"; };
		278030D50FD6CAED00D57E59 /* AppController.m */ = {isa = PBXFileReference; fileEncoding = 4; lastKnownFileType = sourcecode.c.objc; path = AppController.m; sourceTree = "<group>"; };
		2780362D0FD71D7200D57E59 /* ptn_icon_active.png */ = {isa = PBXFileReference; lastKnownFileType = image.png; name = ptn_icon_active.png; path = images/ptn_icon_active.png; sourceTree = "<group>"; };
		2780362E0FD71D7200D57E59 /* ptn_icon_inactive.png */ = {isa = PBXFileReference; lastKnownFileType = image.png; name = ptn_icon_inactive.png; path = images/ptn_icon_inactive.png; sourceTree = "<group>"; };
		2793188F108BC93E00C7975F /* BWToolkitFramework.framework */ = {isa = PBXFileReference; lastKnownFileType = wrapper.framework; name = BWToolkitFramework.framework; path = External/BWToolkitFramework.framework; sourceTree = "<group>"; };
		27F29F3E10C5B3E20056C09C /* tap.kext */ = {isa = PBXFileReference; lastKnownFileType = "wrapper.kernel-extension"; name = tap.kext; path = tuntaposx/tuntap/tap.kext; sourceTree = "<group>"; };
		27F29F3F10C5B3E20056C09C /* tun.kext */ = {isa = PBXFileReference; lastKnownFileType = "wrapper.kernel-extension"; name = tun.kext; path = tuntaposx/tuntap/tun.kext; sourceTree = "<group>"; };
		29B97316FDCFA39411CA2CEA /* main.m */ = {isa = PBXFileReference; fileEncoding = 4; lastKnownFileType = sourcecode.c.objc; path = main.m; sourceTree = "<group>"; };
		29B97324FDCFA39411CA2CEA /* AppKit.framework */ = {isa = PBXFileReference; lastKnownFileType = wrapper.framework; name = AppKit.framework; path = /System/Library/Frameworks/AppKit.framework; sourceTree = "<absolute>"; };
		29B97325FDCFA39411CA2CEA /* Foundation.framework */ = {isa = PBXFileReference; lastKnownFileType = wrapper.framework; name = Foundation.framework; path = /System/Library/Frameworks/Foundation.framework; sourceTree = "<absolute>"; };
		32CA4F630368D1EE00C91783 /* ganesh_Prefix.pch */ = {isa = PBXFileReference; fileEncoding = 4; lastKnownFileType = sourcecode.c.h; path = ganesh_Prefix.pch; sourceTree = "<group>"; };
		4D7105DC10EECB050066AC0C /* JSON.h */ = {isa = PBXFileReference; fileEncoding = 4; lastKnownFileType = sourcecode.c.h; path = JSON.h; sourceTree = "<group>"; };
		4D7105DD10EECB050066AC0C /* NSObject+SBJSON.h */ = {isa = PBXFileReference; fileEncoding = 4; lastKnownFileType = sourcecode.c.h; path = "NSObject+SBJSON.h"; sourceTree = "<group>"; };
		4D7105DE10EECB050066AC0C /* NSObject+SBJSON.m */ = {isa = PBXFileReference; fileEncoding = 4; lastKnownFileType = sourcecode.c.objc; path = "NSObject+SBJSON.m"; sourceTree = "<group>"; };
		4D7105DF10EECB050066AC0C /* NSString+SBJSON.h */ = {isa = PBXFileReference; fileEncoding = 4; lastKnownFileType = sourcecode.c.h; path = "NSString+SBJSON.h"; sourceTree = "<group>"; };
		4D7105E010EECB050066AC0C /* NSString+SBJSON.m */ = {isa = PBXFileReference; fileEncoding = 4; lastKnownFileType = sourcecode.c.objc; path = "NSString+SBJSON.m"; sourceTree = "<group>"; };
		4D7105E110EECB050066AC0C /* SBJSON.h */ = {isa = PBXFileReference; fileEncoding = 4; lastKnownFileType = sourcecode.c.h; path = SBJSON.h; sourceTree = "<group>"; };
		4D7105E210EECB050066AC0C /* SBJSON.m */ = {isa = PBXFileReference; fileEncoding = 4; lastKnownFileType = sourcecode.c.objc; path = SBJSON.m; sourceTree = "<group>"; };
		4D7105E310EECB050066AC0C /* SBJsonBase.h */ = {isa = PBXFileReference; fileEncoding = 4; lastKnownFileType = sourcecode.c.h; path = SBJsonBase.h; sourceTree = "<group>"; };
		4D7105E410EECB050066AC0C /* SBJsonBase.m */ = {isa = PBXFileReference; fileEncoding = 4; lastKnownFileType = sourcecode.c.objc; path = SBJsonBase.m; sourceTree = "<group>"; };
		4D7105E510EECB050066AC0C /* SBJsonParser.h */ = {isa = PBXFileReference; fileEncoding = 4; lastKnownFileType = sourcecode.c.h; path = SBJsonParser.h; sourceTree = "<group>"; };
		4D7105E610EECB050066AC0C /* SBJsonParser.m */ = {isa = PBXFileReference; fileEncoding = 4; lastKnownFileType = sourcecode.c.objc; path = SBJsonParser.m; sourceTree = "<group>"; };
		4D7105E710EECB050066AC0C /* SBJsonWriter.h */ = {isa = PBXFileReference; fileEncoding = 4; lastKnownFileType = sourcecode.c.h; path = SBJsonWriter.h; sourceTree = "<group>"; };
		4D7105E810EECB050066AC0C /* SBJsonWriter.m */ = {isa = PBXFileReference; fileEncoding = 4; lastKnownFileType = sourcecode.c.objc; path = SBJsonWriter.m; sourceTree = "<group>"; };
		4D7105EA10EECB050066AC0C /* TweetController.h */ = {isa = PBXFileReference; fileEncoding = 4; lastKnownFileType = sourcecode.c.h; path = TweetController.h; sourceTree = SOURCE_ROOT; };
		4D7105EB10EECB050066AC0C /* TweetController.m */ = {isa = PBXFileReference; fileEncoding = 4; lastKnownFileType = sourcecode.c.objc; path = TweetController.m; sourceTree = SOURCE_ROOT; };
		4D7105EC10EECB050066AC0C /* Tweet.h */ = {isa = PBXFileReference; fileEncoding = 4; lastKnownFileType = sourcecode.c.h; path = Tweet.h; sourceTree = SOURCE_ROOT; };
		4D7105ED10EECB050066AC0C /* Tweet.m */ = {isa = PBXFileReference; fileEncoding = 4; lastKnownFileType = sourcecode.c.objc; path = Tweet.m; sourceTree = SOURCE_ROOT; };
		4D7105F110EECB050066AC0C /* Socket.h */ = {isa = PBXFileReference; fileEncoding = 4; lastKnownFileType = sourcecode.c.h; path = Socket.h; sourceTree = SOURCE_ROOT; };
		4D7105F210EECB050066AC0C /* Socket.m */ = {isa = PBXFileReference; fileEncoding = 4; lastKnownFileType = sourcecode.c.objc; path = Socket.m; sourceTree = SOURCE_ROOT; };
		4D7105F410EECB050066AC0C /* PreferenceController.h */ = {isa = PBXFileReference; fileEncoding = 4; lastKnownFileType = sourcecode.c.h; path = PreferenceController.h; sourceTree = SOURCE_ROOT; };
		4D7105F510EECB050066AC0C /* PreferenceController.m */ = {isa = PBXFileReference; fileEncoding = 4; lastKnownFileType = sourcecode.c.objc; path = PreferenceController.m; sourceTree = SOURCE_ROOT; };
		8D1107310486CEB800E47090 /* Info.plist */ = {isa = PBXFileReference; fileEncoding = 4; lastKnownFileType = text.plist.xml; path = Info.plist; sourceTree = "<group>"; };
		8D1107320486CEB800E47090 /* ganesh.app */ = {isa = PBXFileReference; explicitFileType = wrapper.application; includeInIndex = 0; path = ganesh.app; sourceTree = BUILT_PRODUCTS_DIR; };
/* End PBXFileReference section */

/* Begin PBXFrameworksBuildPhase section */
		8D11072E0486CEB800E47090 /* Frameworks */ = {
			isa = PBXFrameworksBuildPhase;
			buildActionMask = 2147483647;
			files = (
				8D11072F0486CEB800E47090 /* Cocoa.framework in Frameworks */,
				2708D2CD0FDF1F9900E45182 /* Security.framework in Frameworks */,
				27931890108BC93E00C7975F /* BWToolkitFramework.framework in Frameworks */,
			);
			runOnlyForDeploymentPostprocessing = 0;
		};
/* End PBXFrameworksBuildPhase section */

/* Begin PBXGroup section */
		080E96DDFE201D6D7F000001 /* Classes */ = {
			isa = PBXGroup;
			children = (
				4D7105F310EECB050066AC0C /* Prefences */,
				4D7105F010EECB050066AC0C /* Socket */,
				4D7105E910EECB050066AC0C /* Tweet */,
				4D7105DB10EECB050066AC0C /* JSON */,
				2740EE4710A38FB800E11BDD /* PrefsController.h */,
				2740EE4810A38FB800E11BDD /* PrefsController.m */,
				278030D40FD6CAED00D57E59 /* AppController.h */,
				278030D50FD6CAED00D57E59 /* AppController.m */,
			);
			path = Classes;
			sourceTree = "<group>";
		};
		1058C7A0FEA54F0111CA2CBB /* Linked Frameworks */ = {
			isa = PBXGroup;
			children = (
				1058C7A1FEA54F0111CA2CBB /* Cocoa.framework */,
			);
			name = "Linked Frameworks";
			sourceTree = "<group>";
		};
		1058C7A2FEA54F0111CA2CBB /* Other Frameworks */ = {
			isa = PBXGroup;
			children = (
				29B97324FDCFA39411CA2CEA /* AppKit.framework */,
				13E42FB307B3F0F600E4EEF1 /* CoreData.framework */,
				29B97325FDCFA39411CA2CEA /* Foundation.framework */,
			);
			name = "Other Frameworks";
			sourceTree = "<group>";
		};
		19C28FACFE9D520D11CA2CBB /* Products */ = {
			isa = PBXGroup;
			children = (
				2708D0A50FDF14AF00E45182 /* n2n.xcodeproj */,
				8D1107320486CEB800E47090 /* ganesh.app */,
			);
			name = Products;
			sourceTree = "<group>";
		};
		2708D0A60FDF14AF00E45182 /* Products */ = {
			isa = PBXGroup;
			children = (
				274DEE1810849039009F29D4 /* TunHelper */,
				2708D0B20FDF14AF00E45182 /* n2n.app */,
			);
			name = Products;
			sourceTree = "<group>";
		};
		27F29F5010C5B3E40056C09C /* Tuntap */ = {
			isa = PBXGroup;
			children = (
				27F29F3E10C5B3E20056C09C /* tap.kext */,
				27F29F3F10C5B3E20056C09C /* tun.kext */,
			);
			name = Tuntap;
			sourceTree = "<group>";
		};
		29B97314FDCFA39411CA2CEA /* ganesh */ = {
			isa = PBXGroup;
			children = (
				080E96DDFE201D6D7F000001 /* Classes */,
				29B97315FDCFA39411CA2CEA /* Other Sources */,
				29B97317FDCFA39411CA2CEA /* Resources */,
				29B97323FDCFA39411CA2CEA /* Frameworks */,
				19C28FACFE9D520D11CA2CBB /* Products */,
				2708D1010FDF18E200E45182 /* Security.framework */,
				2793188F108BC93E00C7975F /* BWToolkitFramework.framework */,
			);
			name = ganesh;
			sourceTree = "<group>";
		};
		29B97315FDCFA39411CA2CEA /* Other Sources */ = {
			isa = PBXGroup;
			children = (
				32CA4F630368D1EE00C91783 /* ganesh_Prefix.pch */,
				29B97316FDCFA39411CA2CEA /* main.m */,
			);
			name = "Other Sources";
			sourceTree = "<group>";
		};
		29B97317FDCFA39411CA2CEA /* Resources */ = {
			isa = PBXGroup;
			children = (
				27F29F5010C5B3E40056C09C /* Tuntap */,
				2780362D0FD71D7200D57E59 /* ptn_icon_active.png */,
				2780362E0FD71D7200D57E59 /* ptn_icon_inactive.png */,
				8D1107310486CEB800E47090 /* Info.plist */,
				2740EE3310A38F0800E11BDD /* Preferences.xib */,
				089C165CFE840E0CC02AAC07 /* InfoPlist.strings */,
				1DDD58140DA1D0A300B32029 /* MainMenu.xib */,
			);
			name = Resources;
			sourceTree = "<group>";
		};
		29B97323FDCFA39411CA2CEA /* Frameworks */ = {
			isa = PBXGroup;
			children = (
				1058C7A0FEA54F0111CA2CBB /* Linked Frameworks */,
				1058C7A2FEA54F0111CA2CBB /* Other Frameworks */,
			);
			name = Frameworks;
			sourceTree = "<group>";
		};
		4D7105DB10EECB050066AC0C /* JSON */ = {
			isa = PBXGroup;
			children = (
				4D7105DC10EECB050066AC0C /* JSON.h */,
				4D7105DD10EECB050066AC0C /* NSObject+SBJSON.h */,
				4D7105DE10EECB050066AC0C /* NSObject+SBJSON.m */,
				4D7105DF10EECB050066AC0C /* NSString+SBJSON.h */,
				4D7105E010EECB050066AC0C /* NSString+SBJSON.m */,
				4D7105E110EECB050066AC0C /* SBJSON.h */,
				4D7105E210EECB050066AC0C /* SBJSON.m */,
				4D7105E310EECB050066AC0C /* SBJsonBase.h */,
				4D7105E410EECB050066AC0C /* SBJsonBase.m */,
				4D7105E510EECB050066AC0C /* SBJsonParser.h */,
				4D7105E610EECB050066AC0C /* SBJsonParser.m */,
				4D7105E710EECB050066AC0C /* SBJsonWriter.h */,
				4D7105E810EECB050066AC0C /* SBJsonWriter.m */,
			);
			path = JSON;
			sourceTree = SOURCE_ROOT;
		};
		4D7105E910EECB050066AC0C /* Tweet */ = {
			isa = PBXGroup;
			children = (
				4D7105EA10EECB050066AC0C /* TweetController.h */,
				4D7105EB10EECB050066AC0C /* TweetController.m */,
				4D7105EC10EECB050066AC0C /* Tweet.h */,
				4D7105ED10EECB050066AC0C /* Tweet.m */,
			);
			name = Tweet;
			sourceTree = "<group>";
		};
		4D7105F010EECB050066AC0C /* Socket */ = {
			isa = PBXGroup;
			children = (
				4D7105F110EECB050066AC0C /* Socket.h */,
				4D7105F210EECB050066AC0C /* Socket.m */,
			);
			name = Socket;
			sourceTree = "<group>";
		};
		4D7105F310EECB050066AC0C /* Prefences */ = {
			isa = PBXGroup;
			children = (
				4D7105F410EECB050066AC0C /* PreferenceController.h */,
				4D7105F510EECB050066AC0C /* PreferenceController.m */,
			);
			name = Prefences;
			sourceTree = "<group>";
		};
/* End PBXGroup section */

/* Begin PBXNativeTarget section */
		8D1107260486CEB800E47090 /* ganesh */ = {
			isa = PBXNativeTarget;
			buildConfigurationList = C01FCF4A08A954540054247B /* Build configuration list for PBXNativeTarget "ganesh" */;
			buildPhases = (
				27F29EE010C5B2BA0056C09C /* ShellScript */,
				8D1107290486CEB800E47090 /* Resources */,
				8D11072C0486CEB800E47090 /* Sources */,
				8D11072E0486CEB800E47090 /* Frameworks */,
				279318DB108BC96F00C7975F /* CopyFiles */,
				27F29F3B10C5B3D70056C09C /* CopyFiles */,
			);
			buildRules = (
			);
			dependencies = (
				27FE863E108499C9007D8121 /* PBXTargetDependency */,
				27FE866C10849C26007D8121 /* PBXTargetDependency */,
			);
			name = ganesh;
			productInstallPath = "$(HOME)/Applications";
			productName = ganesh;
			productReference = 8D1107320486CEB800E47090 /* ganesh.app */;
			productType = "com.apple.product-type.application";
		};
/* End PBXNativeTarget section */

/* Begin PBXProject section */
		29B97313FDCFA39411CA2CEA /* Project object */ = {
			isa = PBXProject;
			buildConfigurationList = C01FCF4E08A954540054247B /* Build configuration list for PBXProject "ganesh" */;
			compatibilityVersion = "Xcode 3.1";
			hasScannedForEncodings = 1;
			mainGroup = 29B97314FDCFA39411CA2CEA /* ganesh */;
			projectDirPath = "";
			projectReferences = (
				{
					ProductGroup = 2708D0A60FDF14AF00E45182 /* Products */;
					ProjectRef = 2708D0A50FDF14AF00E45182 /* n2n.xcodeproj */;
				},
			);
			projectRoot = "";
			targets = (
				8D1107260486CEB800E47090 /* ganesh */,
			);
		};
/* End PBXProject section */

/* Begin PBXReferenceProxy section */
		2708D0B20FDF14AF00E45182 /* n2n.app */ = {
			isa = PBXReferenceProxy;
			fileType = wrapper.application;
			path = n2n.app;
			remoteRef = 2708D0B10FDF14AF00E45182 /* PBXContainerItemProxy */;
			sourceTree = BUILT_PRODUCTS_DIR;
		};
		274DEE1810849039009F29D4 /* TunHelper */ = {
			isa = PBXReferenceProxy;
			fileType = "compiled.mach-o.executable";
			path = TunHelper;
			remoteRef = 274DEE1710849039009F29D4 /* PBXContainerItemProxy */;
			sourceTree = BUILT_PRODUCTS_DIR;
		};
/* End PBXReferenceProxy section */

/* Begin PBXResourcesBuildPhase section */
		8D1107290486CEB800E47090 /* Resources */ = {
			isa = PBXResourcesBuildPhase;
			buildActionMask = 2147483647;
			files = (
				2708D0B30FDF14BE00E45182 /* n2n.app in Resources */,
				8D11072B0486CEB800E47090 /* InfoPlist.strings in Resources */,
				1DDD58160DA1D0A300B32029 /* MainMenu.xib in Resources */,
				2780362F0FD71D7200D57E59 /* ptn_icon_active.png in Resources */,
				278036300FD71D7200D57E59 /* ptn_icon_inactive.png in Resources */,
				2740EE3510A38F0800E11BDD /* Preferences.xib in Resources */,
			);
			runOnlyForDeploymentPostprocessing = 0;
		};
/* End PBXResourcesBuildPhase section */

/* Begin PBXShellScriptBuildPhase section */
		27F29EE010C5B2BA0056C09C /* ShellScript */ = {
			isa = PBXShellScriptBuildPhase;
			buildActionMask = 2147483647;
			files = (
			);
			inputPaths = (
			);
			outputPaths = (
			);
			runOnlyForDeploymentPostprocessing = 0;
			shellPath = /bin/sh;
			shellScript = "BUILDDIR=tuntaposx/tuntap\ncd $BUILDDIR\n\nif [ -e built ]; then\n\texit 0\nfi\n\nmake clean\nmake\n\ntouch built";
		};
/* End PBXShellScriptBuildPhase section */

/* Begin PBXSourcesBuildPhase section */
		8D11072C0486CEB800E47090 /* Sources */ = {
			isa = PBXSourcesBuildPhase;
			buildActionMask = 2147483647;
			files = (
				8D11072D0486CEB800E47090 /* main.m in Sources */,
				278030D60FD6CAED00D57E59 /* AppController.m in Sources */,
				2740EE4910A38FB800E11BDD /* PrefsController.m in Sources */,
				4D7105F610EECB050066AC0C /* NSObject+SBJSON.m in Sources */,
				4D7105F710EECB050066AC0C /* NSString+SBJSON.m in Sources */,
				4D7105F810EECB050066AC0C /* SBJSON.m in Sources */,
				4D7105F910EECB050066AC0C /* SBJsonBase.m in Sources */,
				4D7105FA10EECB050066AC0C /* SBJsonParser.m in Sources */,
				4D7105FB10EECB050066AC0C /* SBJsonWriter.m in Sources */,
				4D7105FC10EECB050066AC0C /* TweetController.m in Sources */,
				4D7105FD10EECB050066AC0C /* Tweet.m in Sources */,
				4D7105FF10EECB050066AC0C /* Socket.m in Sources */,
				4D71060010EECB050066AC0C /* PreferenceController.m in Sources */,
			);
			runOnlyForDeploymentPostprocessing = 0;
		};
/* End PBXSourcesBuildPhase section */

/* Begin PBXTargetDependency section */
		27FE863E108499C9007D8121 /* PBXTargetDependency */ = {
			isa = PBXTargetDependency;
			name = n2n;
			targetProxy = 27FE863D108499C9007D8121 /* PBXContainerItemProxy */;
		};
		27FE866C10849C26007D8121 /* PBXTargetDependency */ = {
			isa = PBXTargetDependency;
			name = TunHelper;
			targetProxy = 27FE866B10849C26007D8121 /* PBXContainerItemProxy */;
		};
/* End PBXTargetDependency section */

/* Begin PBXVariantGroup section */
		089C165CFE840E0CC02AAC07 /* InfoPlist.strings */ = {
			isa = PBXVariantGroup;
			children = (
				089C165DFE840E0CC02AAC07 /* English */,
			);
			name = InfoPlist.strings;
			sourceTree = "<group>";
		};
		1DDD58140DA1D0A300B32029 /* MainMenu.xib */ = {
			isa = PBXVariantGroup;
			children = (
				1DDD58150DA1D0A300B32029 /* English */,
			);
			name = MainMenu.xib;
			sourceTree = "<group>";
		};
		2740EE3310A38F0800E11BDD /* Preferences.xib */ = {
			isa = PBXVariantGroup;
			children = (
				2740EE3410A38F0800E11BDD /* English */,
			);
			name = Preferences.xib;
			sourceTree = "<group>";
		};
/* End PBXVariantGroup section */

/* Begin XCBuildConfiguration section */
		C01FCF4B08A954540054247B /* Debug */ = {
			isa = XCBuildConfiguration;
			buildSettings = {
				ALWAYS_SEARCH_USER_PATHS = NO;
				COPY_PHASE_STRIP = NO;
				FRAMEWORK_SEARCH_PATHS = (
					"$(inherited)",
					"\"$(SRCROOT)/External\"",
				);
				GCC_DYNAMIC_NO_PIC = NO;
				GCC_ENABLE_FIX_AND_CONTINUE = YES;
				GCC_MODEL_TUNING = G5;
				GCC_OPTIMIZATION_LEVEL = 0;
				GCC_PRECOMPILE_PREFIX_HEADER = YES;
				GCC_PREFIX_HEADER = ganesh_Prefix.pch;
				INFOPLIST_FILE = Info.plist;
				INSTALL_PATH = "$(HOME)/Applications";
				PRODUCT_NAME = ganesh;
			};
			name = Debug;
		};
		C01FCF4C08A954540054247B /* Release */ = {
			isa = XCBuildConfiguration;
			buildSettings = {
				ALWAYS_SEARCH_USER_PATHS = NO;
				DEBUG_INFORMATION_FORMAT = "dwarf-with-dsym";
				FRAMEWORK_SEARCH_PATHS = (
					"$(inherited)",
					"\"$(SRCROOT)/External\"",
				);
				GCC_MODEL_TUNING = G5;
				GCC_PRECOMPILE_PREFIX_HEADER = YES;
				GCC_PREFIX_HEADER = ganesh_Prefix.pch;
				INFOPLIST_FILE = Info.plist;
				INSTALL_PATH = "$(HOME)/Applications";
				PRODUCT_NAME = ganesh;
			};
			name = Release;
		};
		C01FCF4F08A954540054247B /* Debug */ = {
			isa = XCBuildConfiguration;
			buildSettings = {
				ARCHS = "$(ARCHS_STANDARD_32_64_BIT)";
				GCC_C_LANGUAGE_STANDARD = c99;
				GCC_OPTIMIZATION_LEVEL = 0;
				GCC_WARN_ABOUT_RETURN_TYPE = YES;
				GCC_WARN_UNUSED_VARIABLE = YES;
				HEADER_SEARCH_PATHS = n2n;
				ONLY_ACTIVE_ARCH = YES;
				OTHER_CFLAGS = "-DBUILD_FRONTEND=1";
				PREBINDING = NO;
				SDKROOT = macosx10.5;
			};
			name = Debug;
		};
		C01FCF5008A954540054247B /* Release */ = {
			isa = XCBuildConfiguration;
			buildSettings = {
				ARCHS = "$(ARCHS_STANDARD_32_64_BIT)";
				GCC_C_LANGUAGE_STANDARD = c99;
				GCC_WARN_ABOUT_RETURN_TYPE = YES;
				GCC_WARN_UNUSED_VARIABLE = YES;
				HEADER_SEARCH_PATHS = n2n;
				PREBINDING = NO;
				SDKROOT = macosx10.5;
			};
			name = Release;
		};
/* End XCBuildConfiguration section */

/* Begin XCConfigurationList section */
		C01FCF4A08A954540054247B /* Build configuration list for PBXNativeTarget "ganesh" */ = {
			isa = XCConfigurationList;
			buildConfigurations = (
				C01FCF4B08A954540054247B /* Debug */,
				C01FCF4C08A954540054247B /* Release */,
			);
			defaultConfigurationIsVisible = 0;
			defaultConfigurationName = Release;
		};
		C01FCF4E08A954540054247B /* Build configuration list for PBXProject "ganesh" */ = {
			isa = XCConfigurationList;
			buildConfigurations = (
				C01FCF4F08A954540054247B /* Debug */,
				C01FCF5008A954540054247B /* Release */,
			);
			defaultConfigurationIsVisible = 0;
			defaultConfigurationName = Release;
		};
/* End XCConfigurationList section */
	};
	rootObject = 29B97313FDCFA39411CA2CEA /* Project object */;
}
